{
  "version": 4,
  "terraform_version": "1.12.1",
  "serial": 406,
  "lineage": "f4835ede-e422-da6f-b0e3-66cdc5da23c3",
  "outputs": {
    "alb_dns_name": {
      "value": "pet-store-dev-alb-2001751252.eu-west-1.elb.amazonaws.com",
      "type": "string"
    },
    "api_gateway_invoke_url": {
      "value": "https://j3kdz7d2m2.execute-api.eu-west-1.amazonaws.com/dev",
      "type": "string"
    },
    "cognito_issuer_url": {
      "value": "https://cognito-idp.eu-west-1.amazonaws.com/eu-west-1_TDhFk8TQ8",
      "type": "string"
    },
    "cognito_user_pool_client_id": {
      "value": "2n2t2mfa8tn6o6m8e474o6tq3j",
      "type": "string"
    },
    "cognito_user_pool_id": {
      "value": "eu-west-1_TDhFk8TQ8",
      "type": "string"
    },
    "database_connection_string": {
      "value": "postgresql://petstore_admin:$b218Hh*p6-dNg0\u0026@pet-store-dev-db.cpiswguqknsa.eu-west-1.rds.amazonaws.com:5432/petstore",
      "type": "string",
      "sensitive": true
    },
    "database_endpoint": {
      "value": "pet-store-dev-db.cpiswguqknsa.eu-west-1.rds.amazonaws.com:5432",
      "type": "string"
    },
    "database_name": {
      "value": "petstore",
      "type": "string"
    },
    "database_password": {
      "value": "$b218Hh*p6-dNg0\u0026",
      "type": "string",
      "sensitive": true
    },
    "database_port": {
      "value": 5432,
      "type": "number"
    },
    "database_username": {
      "value": "petstore_admin",
      "type": "string",
      "sensitive": true
    },
    "docker_build_status": {
      "value": {
        "food_service_build": "Docker build skipped",
        "pet_service_build": "Docker build skipped"
      },
      "type": [
        "object",
        {
          "food_service_build": "string",
          "pet_service_build": "string"
        }
      ]
    },
    "docker_commands": {
      "value": {
        "food_service_build_command": "docker build -t 869935088019.dkr.ecr.eu-west-1.amazonaws.com/pet-store-dev-food-service:latest ./food-service",
        "food_service_push_command": "docker push 869935088019.dkr.ecr.eu-west-1.amazonaws.com/pet-store-dev-food-service:latest",
        "login_command": "aws ecr get-login-password --region eu-west-1 | docker login --username AWS --password-stdin 869935088019.dkr.ecr.eu-west-1.amazonaws.com",
        "pet_service_build_command": "docker build -t 869935088019.dkr.ecr.eu-west-1.amazonaws.com/pet-store-dev-pet-service:latest ./pet-service",
        "pet_service_push_command": "docker push 869935088019.dkr.ecr.eu-west-1.amazonaws.com/pet-store-dev-pet-service:latest"
      },
      "type": [
        "object",
        {
          "food_service_build_command": "string",
          "food_service_push_command": "string",
          "login_command": "string",
          "pet_service_build_command": "string",
          "pet_service_push_command": "string"
        }
      ]
    },
    "docker_image_uris": {
      "value": {
        "food_service": "869935088019.dkr.ecr.eu-west-1.amazonaws.com/pet-store-dev-food-service:latest",
        "pet_service": "869935088019.dkr.ecr.eu-west-1.amazonaws.com/pet-store-dev-pet-service:latest"
      },
      "type": [
        "object",
        {
          "food_service": "string",
          "pet_service": "string"
        }
      ]
    },
    "ecr_repository_urls": {
      "value": {
        "food-service": "869935088019.dkr.ecr.eu-west-1.amazonaws.com/pet-store-dev-food-service",
        "pet-service": "869935088019.dkr.ecr.eu-west-1.amazonaws.com/pet-store-dev-pet-service"
      },
      "type": [
        "object",
        {
          "food-service": "string",
          "pet-service": "string"
        }
      ]
    },
    "ecs_cluster_name": {
      "value": "pet-store-dev-cluster",
      "type": "string"
    },
    "food_service_api_endpoint": {
      "value": "https://j3kdz7d2m2.execute-api.eu-west-1.amazonaws.com/dev/petstore/foods",
      "type": "string"
    },
    "food_service_endpoint": {
      "value": "http://pet-store-dev-alb-2001751252.eu-west-1.elb.amazonaws.com/petstore/foods",
      "type": "string"
    },
    "food_service_repository_url": {
      "value": "869935088019.dkr.ecr.eu-west-1.amazonaws.com/pet-store-dev-food-service",
      "type": "string"
    },
    "pet_service_api_endpoint": {
      "value": "https://j3kdz7d2m2.execute-api.eu-west-1.amazonaws.com/dev/petstore/pets",
      "type": "string"
    },
    "pet_service_endpoint": {
      "value": "http://pet-store-dev-alb-2001751252.eu-west-1.elb.amazonaws.com/petstore/pets",
      "type": "string"
    },
    "pet_service_repository_url": {
      "value": "869935088019.dkr.ecr.eu-west-1.amazonaws.com/pet-store-dev-pet-service",
      "type": "string"
    },
    "private_subnet_ids": {
      "value": [
        "subnet-0de34507be39a45a2",
        "subnet-03b183a6612919320"
      ],
      "type": [
        "tuple",
        [
          "string",
          "string"
        ]
      ]
    },
    "public_subnet_ids": {
      "value": [
        "subnet-06ffa05d8f2feebab",
        "subnet-03d10389e9cb898d2"
      ],
      "type": [
        "tuple",
        [
          "string",
          "string"
        ]
      ]
    },
    "testing_commands": {
      "value": {
        "get_jwt_token": "aws cognito-idp admin-initiate-auth --user-pool-id eu-west-1_TDhFk8TQ8 --client-id 2n2t2mfa8tn6o6m8e474o6tq3j --auth-flow ADMIN_NO_SRP_AUTH --auth-parameters USERNAME=testuser,PASSWORD=\u003cpassword\u003e",
        "test_food_service": "curl -H \"Authorization: Bearer \u003cJWT_TOKEN\u003e\" https://j3kdz7d2m2.execute-api.eu-west-1.amazonaws.com/dev/petstore/foods",
        "test_pet_service": "curl -H \"Authorization: Bearer \u003cJWT_TOKEN\u003e\" https://j3kdz7d2m2.execute-api.eu-west-1.amazonaws.com/dev/petstore/pets"
      },
      "type": [
        "object",
        {
          "get_jwt_token": "string",
          "test_food_service": "string",
          "test_pet_service": "string"
        }
      ]
    },
    "testing_information": {
      "value": {
        "api_gateway_url": "https://j3kdz7d2m2.execute-api.eu-west-1.amazonaws.com/dev",
        "cognito_client_id": "2n2t2mfa8tn6o6m8e474o6tq3j",
        "cognito_domain": "N/A (domain disabled)",
        "cognito_user_pool_id": "eu-west-1_TDhFk8TQ8",
        "food_service_api_endpoint": "https://j3kdz7d2m2.execute-api.eu-west-1.amazonaws.com/dev/petstore/foods",
        "pet_service_api_endpoint": "https://j3kdz7d2m2.execute-api.eu-west-1.amazonaws.com/dev/petstore/pets",
        "test_user_email": "test@example.com",
        "test_user_username": "testuser"
      },
      "type": [
        "object",
        {
          "api_gateway_url": "string",
          "cognito_client_id": "string",
          "cognito_domain": "string",
          "cognito_user_pool_id": "string",
          "food_service_api_endpoint": "string",
          "pet_service_api_endpoint": "string",
          "test_user_email": "string",
          "test_user_username": "string"
        }
      ]
    },
    "vpc_id": {
      "value": "vpc-0182f952f34107fa3",
      "type": "string"
    }
  },
  "resources": [
    {
      "mode": "managed",
      "type": "random_password",
      "name": "db_password",
      "provider": "provider[\"registry.terraform.io/hashicorp/random\"]",
      "instances": [
        {
          "schema_version": 3,
          "attributes": {
            "bcrypt_hash": "$2a$10$9Rh/GBErx5iPzfde4DseY.n44QEVL7SWpwbMpa4gUd1NAUDIdeWHm",
            "id": "none",
            "keepers": null,
            "length": 16,
            "lower": true,
            "min_lower": 0,
            "min_numeric": 0,
            "min_special": 0,
            "min_upper": 0,
            "number": true,
            "numeric": true,
            "override_special": null,
            "result": "$b218Hh*p6-dNg0\u0026",
            "special": true,
            "upper": true
          },
          "sensitive_attributes": [
            [
              {
                "type": "get_attr",
                "value": "bcrypt_hash"
              }
            ],
            [
              {
                "type": "get_attr",
                "value": "result"
              }
            ]
          ],
          "identity_schema_version": 0,
          "create_before_destroy": true
        }
      ]
    },
    {
      "module": "module.api_gateway",
      "mode": "managed",
      "type": "aws_api_gateway_account",
      "name": "main",
      "provider": "provider[\"registry.terraform.io/hashicorp/aws\"]",
      "instances": [
        {
          "index_key": 0,
          "schema_version": 0,
          "attributes": {
            "api_key_version": "4",
            "cloudwatch_role_arn": "arn:aws:iam::869935088019:role/pet-store-dev-api-gateway-logs-role",
            "features": [
              "UsagePlans"
            ],
            "id": "api-gateway-account",
            "reset_on_delete": null,
            "throttle_settings": [
              {
                "burst_limit": 5000,
                "rate_limit": 10000
              }
            ]
          },
          "sensitive_attributes": [],
          "identity_schema_version": 0,
          "dependencies": [
            "module.api_gateway.aws_iam_role.api_gateway_logs",
            "module.cognito.aws_cognito_user_pool.main",
            "module.cognito.aws_cognito_user_pool_client.main",
            "module.ecr.aws_ecr_repository.repositories",
            "module.ecs.aws_appautoscaling_policy.food_service_cpu",
            "module.ecs.aws_appautoscaling_policy.pet_service_cpu",
            "module.ecs.aws_appautoscaling_target.food_service",
            "module.ecs.aws_appautoscaling_target.pet_service",
            "module.ecs.aws_cloudwatch_log_group.food_service",
            "module.ecs.aws_cloudwatch_log_group.pet_service",
            "module.ecs.aws_ecs_cluster.main",
            "module.ecs.aws_ecs_cluster_capacity_providers.main",
            "module.ecs.aws_ecs_service.food_service",
            "module.ecs.aws_ecs_service.pet_service",
            "module.ecs.aws_ecs_task_definition.food_service",
            "module.ecs.aws_ecs_task_definition.pet_service",
            "module.ecs.aws_iam_role.ecs_task_execution_role",
            "module.ecs.aws_iam_role.ecs_task_role",
            "module.ecs.aws_iam_role_policy_attachment.ecs_task_execution_role_policy",
            "module.ecs.aws_lb.main",
            "module.ecs.aws_lb_listener.main",
            "module.ecs.aws_lb_listener_rule.food_service",
            "module.ecs.aws_lb_listener_rule.pet_service",
            "module.ecs.aws_lb_target_group.food_service",
            "module.ecs.aws_lb_target_group.pet_service",
            "module.ecs.aws_security_group.alb",
            "module.ecs.aws_security_group.ecs_service",
            "module.ecs.data.aws_region.current",
            "module.rds.aws_db_instance.main",
            "module.rds.aws_security_group.rds",
            "module.rds.random_password.master_password",
            "module.vpc.aws_db_subnet_group.main",
            "module.vpc.aws_subnet.database",
            "module.vpc.aws_subnet.private",
            "module.vpc.aws_subnet.public",
            "module.vpc.aws_vpc.main",
            "random_password.db_password"
          ]
        }
      ]
    },
    {
      "module": "module.api_gateway",
      "mode": "managed",
      "type": "aws_api_gateway_authorizer",
      "name": "cognito",
      "provider": "provider[\"registry.terraform.io/hashicorp/aws\"]",
      "instances": [
        {
          "schema_version": 0,
          "attributes": {
            "arn": "arn:aws:apigateway:eu-west-1::/restapis/j3kdz7d2m2/authorizers/hh4o9q",
            "authorizer_credentials": "arn:aws:iam::869935088019:role/pet-store-dev-api-gateway-authorizer-role",
            "authorizer_result_ttl_in_seconds": 300,
            "authorizer_uri": "",
            "id": "hh4o9q",
            "identity_source": "method.request.header.Authorization",
            "identity_validation_expression": "",
            "name": "pet-store-dev-cognito-authorizer",
            "provider_arns": [
              "arn:aws:cognito-idp:eu-west-1:869935088019:userpool/eu-west-1_TDhFk8TQ8"
            ],
            "rest_api_id": "j3kdz7d2m2",
            "type": "COGNITO_USER_POOLS"
          },
          "sensitive_attributes": [],
          "identity_schema_version": 0,
          "private": "bnVsbA==",
          "dependencies": [
            "module.api_gateway.aws_api_gateway_rest_api.main",
            "module.api_gateway.aws_iam_role.api_gateway_authorizer",
            "module.cognito.aws_cognito_user_pool.main",
            "module.cognito.aws_cognito_user_pool_client.main",
            "module.ecr.aws_ecr_repository.repositories",
            "module.ecs.aws_appautoscaling_policy.food_service_cpu",
            "module.ecs.aws_appautoscaling_policy.pet_service_cpu",
            "module.ecs.aws_appautoscaling_target.food_service",
            "module.ecs.aws_appautoscaling_target.pet_service",
            "module.ecs.aws_cloudwatch_log_group.food_service",
            "module.ecs.aws_cloudwatch_log_group.pet_service",
            "module.ecs.aws_ecs_cluster.main",
            "module.ecs.aws_ecs_cluster_capacity_providers.main",
            "module.ecs.aws_ecs_service.food_service",
            "module.ecs.aws_ecs_service.pet_service",
            "module.ecs.aws_ecs_task_definition.food_service",
            "module.ecs.aws_ecs_task_definition.pet_service",
            "module.ecs.aws_iam_role.ecs_task_execution_role",
            "module.ecs.aws_iam_role.ecs_task_role",
            "module.ecs.aws_iam_role_policy_attachment.ecs_task_execution_role_policy",
            "module.ecs.aws_lb.main",
            "module.ecs.aws_lb_listener.main",
            "module.ecs.aws_lb_listener_rule.food_service",
            "module.ecs.aws_lb_listener_rule.pet_service",
            "module.ecs.aws_lb_target_group.food_service",
            "module.ecs.aws_lb_target_group.pet_service",
            "module.ecs.aws_security_group.alb",
            "module.ecs.aws_security_group.ecs_service",
            "module.ecs.data.aws_region.current",
            "module.rds.aws_db_instance.main",
            "module.rds.aws_security_group.rds",
            "module.rds.random_password.master_password",
            "module.vpc.aws_db_subnet_group.main",
            "module.vpc.aws_subnet.database",
            "module.vpc.aws_subnet.private",
            "module.vpc.aws_subnet.public",
            "module.vpc.aws_vpc.main",
            "random_password.db_password"
          ]
        }
      ]
    },
    {
      "module": "module.api_gateway",
      "mode": "managed",
      "type": "aws_api_gateway_deployment",
      "name": "main",
      "provider": "provider[\"registry.terraform.io/hashicorp/aws\"]",
      "instances": [
        {
          "schema_version": 0,
          "attributes": {
            "canary_settings": [],
            "created_date": "2025-07-18T08:04:44Z",
            "description": "",
            "execution_arn": "arn:aws:execute-api:eu-west-1:869935088019:j3kdz7d2m2/",
            "id": "qx9qd1",
            "invoke_url": "https://j3kdz7d2m2.execute-api.eu-west-1.amazonaws.com/",
            "rest_api_id": "j3kdz7d2m2",
            "stage_description": null,
            "stage_name": null,
            "triggers": {
              "redeployment": "767f29f738f30c30880ce4de873685bf69d007d2"
            },
            "variables": null
          },
          "sensitive_attributes": [],
          "identity_schema_version": 0,
          "private": "bnVsbA==",
          "dependencies": [
            "module.api_gateway.aws_api_gateway_integration.foods_integration",
            "module.api_gateway.aws_api_gateway_integration.foods_proxy_integration",
            "module.api_gateway.aws_api_gateway_integration.pets_integration",
            "module.api_gateway.aws_api_gateway_integration.pets_proxy_integration",
            "module.api_gateway.aws_api_gateway_method.foods_any",
            "module.api_gateway.aws_api_gateway_method.foods_proxy_any",
            "module.api_gateway.aws_api_gateway_method.pets_any",
            "module.api_gateway.aws_api_gateway_method.pets_proxy_any",
            "module.api_gateway.aws_api_gateway_resource.foods",
            "module.api_gateway.aws_api_gateway_resource.foods_proxy",
            "module.api_gateway.aws_api_gateway_resource.pets",
            "module.api_gateway.aws_api_gateway_resource.pets_proxy",
            "module.api_gateway.aws_api_gateway_resource.petstore",
            "module.api_gateway.aws_api_gateway_rest_api.main",
            "module.cognito.aws_cognito_user_pool.main",
            "module.cognito.aws_cognito_user_pool_client.main",
            "module.ecr.aws_ecr_repository.repositories",
            "module.ecs.aws_appautoscaling_policy.food_service_cpu",
            "module.ecs.aws_appautoscaling_policy.pet_service_cpu",
            "module.ecs.aws_appautoscaling_target.food_service",
            "module.ecs.aws_appautoscaling_target.pet_service",
            "module.ecs.aws_cloudwatch_log_group.food_service",
            "module.ecs.aws_cloudwatch_log_group.pet_service",
            "module.ecs.aws_ecs_cluster.main",
            "module.ecs.aws_ecs_cluster_capacity_providers.main",
            "module.ecs.aws_ecs_service.food_service",
            "module.ecs.aws_ecs_service.pet_service",
            "module.ecs.aws_ecs_task_definition.food_service",
            "module.ecs.aws_ecs_task_definition.pet_service",
            "module.ecs.aws_iam_role.ecs_task_execution_role",
            "module.ecs.aws_iam_role.ecs_task_role",
            "module.ecs.aws_iam_role_policy_attachment.ecs_task_execution_role_policy",
            "module.ecs.aws_lb.main",
            "module.ecs.aws_lb_listener.main",
            "module.ecs.aws_lb_listener_rule.food_service",
            "module.ecs.aws_lb_listener_rule.pet_service",
            "module.ecs.aws_lb_target_group.food_service",
            "module.ecs.aws_lb_target_group.pet_service",
            "module.ecs.aws_security_group.alb",
            "module.ecs.aws_security_group.ecs_service",
            "module.ecs.data.aws_region.current",
            "module.rds.aws_db_instance.main",
            "module.rds.aws_security_group.rds",
            "module.rds.random_password.master_password",
            "module.vpc.aws_db_subnet_group.main",
            "module.vpc.aws_subnet.database",
            "module.vpc.aws_subnet.private",
            "module.vpc.aws_subnet.public",
            "module.vpc.aws_vpc.main",
            "random_password.db_password"
          ],
          "create_before_destroy": true
        }
      ]
    },
    {
      "module": "module.api_gateway",
      "mode": "managed",
      "type": "aws_api_gateway_integration",
      "name": "foods_integration",
      "provider": "provider[\"registry.terraform.io/hashicorp/aws\"]",
      "instances": [
        {
          "schema_version": 0,
          "attributes": {
            "cache_key_parameters": null,
            "cache_namespace": "6ovy4o",
            "connection_id": "",
            "connection_type": "INTERNET",
            "content_handling": "",
            "credentials": "",
            "http_method": "ANY",
            "id": "agi-j3kdz7d2m2-6ovy4o-ANY",
            "integration_http_method": "ANY",
            "passthrough_behavior": "WHEN_NO_MATCH",
            "request_parameters": null,
            "request_templates": null,
            "resource_id": "6ovy4o",
            "rest_api_id": "j3kdz7d2m2",
            "timeout_milliseconds": 29000,
            "tls_config": [],
            "type": "HTTP_PROXY",
            "uri": "http://pet-store-dev-alb-2001751252.eu-west-1.elb.amazonaws.com/petstore/foods"
          },
          "sensitive_attributes": [],
          "identity_schema_version": 0,
          "private": "bnVsbA==",
          "dependencies": [
            "module.api_gateway.aws_api_gateway_method.foods_any",
            "module.api_gateway.aws_api_gateway_resource.foods",
            "module.api_gateway.aws_api_gateway_resource.petstore",
            "module.api_gateway.aws_api_gateway_rest_api.main",
            "module.cognito.aws_cognito_user_pool.main",
            "module.cognito.aws_cognito_user_pool_client.main",
            "module.ecr.aws_ecr_repository.repositories",
            "module.ecs.aws_appautoscaling_policy.food_service_cpu",
            "module.ecs.aws_appautoscaling_policy.pet_service_cpu",
            "module.ecs.aws_appautoscaling_target.food_service",
            "module.ecs.aws_appautoscaling_target.pet_service",
            "module.ecs.aws_cloudwatch_log_group.food_service",
            "module.ecs.aws_cloudwatch_log_group.pet_service",
            "module.ecs.aws_ecs_cluster.main",
            "module.ecs.aws_ecs_cluster_capacity_providers.main",
            "module.ecs.aws_ecs_service.food_service",
            "module.ecs.aws_ecs_service.pet_service",
            "module.ecs.aws_ecs_task_definition.food_service",
            "module.ecs.aws_ecs_task_definition.pet_service",
            "module.ecs.aws_iam_role.ecs_task_execution_role",
            "module.ecs.aws_iam_role.ecs_task_role",
            "module.ecs.aws_iam_role_policy_attachment.ecs_task_execution_role_policy",
            "module.ecs.aws_lb.main",
            "module.ecs.aws_lb_listener.main",
            "module.ecs.aws_lb_listener_rule.food_service",
            "module.ecs.aws_lb_listener_rule.pet_service",
            "module.ecs.aws_lb_target_group.food_service",
            "module.ecs.aws_lb_target_group.pet_service",
            "module.ecs.aws_security_group.alb",
            "module.ecs.aws_security_group.ecs_service",
            "module.ecs.data.aws_region.current",
            "module.rds.aws_db_instance.main",
            "module.rds.aws_security_group.rds",
            "module.rds.random_password.master_password",
            "module.vpc.aws_db_subnet_group.main",
            "module.vpc.aws_subnet.database",
            "module.vpc.aws_subnet.private",
            "module.vpc.aws_subnet.public",
            "module.vpc.aws_vpc.main",
            "random_password.db_password"
          ],
          "create_before_destroy": true
        }
      ]
    },
    {
      "module": "module.api_gateway",
      "mode": "managed",
      "type": "aws_api_gateway_integration",
      "name": "foods_options_integration",
      "provider": "provider[\"registry.terraform.io/hashicorp/aws\"]",
      "instances": [
        {
          "index_key": 0,
          "schema_version": 0,
          "attributes": {
            "cache_key_parameters": null,
            "cache_namespace": "6ovy4o",
            "connection_id": "",
            "connection_type": "INTERNET",
            "content_handling": "",
            "credentials": "",
            "http_method": "OPTIONS",
            "id": "agi-j3kdz7d2m2-6ovy4o-OPTIONS",
            "integration_http_method": "",
            "passthrough_behavior": "WHEN_NO_MATCH",
            "request_parameters": null,
            "request_templates": {
              "application/json": "{\"statusCode\": 200}"
            },
            "resource_id": "6ovy4o",
            "rest_api_id": "j3kdz7d2m2",
            "timeout_milliseconds": 29000,
            "tls_config": [],
            "type": "MOCK",
            "uri": ""
          },
          "sensitive_attributes": [],
          "identity_schema_version": 0,
          "private": "bnVsbA==",
          "dependencies": [
            "module.api_gateway.aws_api_gateway_method.foods_options",
            "module.api_gateway.aws_api_gateway_resource.foods",
            "module.api_gateway.aws_api_gateway_resource.petstore",
            "module.api_gateway.aws_api_gateway_rest_api.main",
            "module.cognito.aws_cognito_user_pool.main",
            "module.cognito.aws_cognito_user_pool_client.main",
            "module.ecr.aws_ecr_repository.repositories",
            "module.ecs.aws_appautoscaling_policy.food_service_cpu",
            "module.ecs.aws_appautoscaling_policy.pet_service_cpu",
            "module.ecs.aws_appautoscaling_target.food_service",
            "module.ecs.aws_appautoscaling_target.pet_service",
            "module.ecs.aws_cloudwatch_log_group.food_service",
            "module.ecs.aws_cloudwatch_log_group.pet_service",
            "module.ecs.aws_ecs_cluster.main",
            "module.ecs.aws_ecs_cluster_capacity_providers.main",
            "module.ecs.aws_ecs_service.food_service",
            "module.ecs.aws_ecs_service.pet_service",
            "module.ecs.aws_ecs_task_definition.food_service",
            "module.ecs.aws_ecs_task_definition.pet_service",
            "module.ecs.aws_iam_role.ecs_task_execution_role",
            "module.ecs.aws_iam_role.ecs_task_role",
            "module.ecs.aws_iam_role_policy_attachment.ecs_task_execution_role_policy",
            "module.ecs.aws_lb.main",
            "module.ecs.aws_lb_listener.main",
            "module.ecs.aws_lb_listener_rule.food_service",
            "module.ecs.aws_lb_listener_rule.pet_service",
            "module.ecs.aws_lb_target_group.food_service",
            "module.ecs.aws_lb_target_group.pet_service",
            "module.ecs.aws_security_group.alb",
            "module.ecs.aws_security_group.ecs_service",
            "module.ecs.data.aws_region.current",
            "module.rds.aws_db_instance.main",
            "module.rds.aws_security_group.rds",
            "module.rds.random_password.master_password",
            "module.vpc.aws_db_subnet_group.main",
            "module.vpc.aws_subnet.database",
            "module.vpc.aws_subnet.private",
            "module.vpc.aws_subnet.public",
            "module.vpc.aws_vpc.main",
            "random_password.db_password"
          ]
        }
      ]
    },
    {
      "module": "module.api_gateway",
      "mode": "managed",
      "type": "aws_api_gateway_integration",
      "name": "foods_proxy_integration",
      "provider": "provider[\"registry.terraform.io/hashicorp/aws\"]",
      "instances": [
        {
          "schema_version": 0,
          "attributes": {
            "cache_key_parameters": null,
            "cache_namespace": "myxrc0",
            "connection_id": "",
            "connection_type": "INTERNET",
            "content_handling": "",
            "credentials": "",
            "http_method": "ANY",
            "id": "agi-j3kdz7d2m2-myxrc0-ANY",
            "integration_http_method": "ANY",
            "passthrough_behavior": "WHEN_NO_MATCH",
            "request_parameters": {
              "integration.request.path.proxy": "method.request.path.proxy"
            },
            "request_templates": null,
            "resource_id": "myxrc0",
            "rest_api_id": "j3kdz7d2m2",
            "timeout_milliseconds": 29000,
            "tls_config": [],
            "type": "HTTP_PROXY",
            "uri": "http://pet-store-dev-alb-2001751252.eu-west-1.elb.amazonaws.com/petstore/foods/{proxy}"
          },
          "sensitive_attributes": [],
          "identity_schema_version": 0,
          "private": "bnVsbA==",
          "dependencies": [
            "module.api_gateway.aws_api_gateway_method.foods_proxy_any",
            "module.api_gateway.aws_api_gateway_resource.foods",
            "module.api_gateway.aws_api_gateway_resource.foods_proxy",
            "module.api_gateway.aws_api_gateway_resource.petstore",
            "module.api_gateway.aws_api_gateway_rest_api.main",
            "module.cognito.aws_cognito_user_pool.main",
            "module.cognito.aws_cognito_user_pool_client.main",
            "module.ecr.aws_ecr_repository.repositories",
            "module.ecs.aws_appautoscaling_policy.food_service_cpu",
            "module.ecs.aws_appautoscaling_policy.pet_service_cpu",
            "module.ecs.aws_appautoscaling_target.food_service",
            "module.ecs.aws_appautoscaling_target.pet_service",
            "module.ecs.aws_cloudwatch_log_group.food_service",
            "module.ecs.aws_cloudwatch_log_group.pet_service",
            "module.ecs.aws_ecs_cluster.main",
            "module.ecs.aws_ecs_cluster_capacity_providers.main",
            "module.ecs.aws_ecs_service.food_service",
            "module.ecs.aws_ecs_service.pet_service",
            "module.ecs.aws_ecs_task_definition.food_service",
            "module.ecs.aws_ecs_task_definition.pet_service",
            "module.ecs.aws_iam_role.ecs_task_execution_role",
            "module.ecs.aws_iam_role.ecs_task_role",
            "module.ecs.aws_iam_role_policy_attachment.ecs_task_execution_role_policy",
            "module.ecs.aws_lb.main",
            "module.ecs.aws_lb_listener.main",
            "module.ecs.aws_lb_listener_rule.food_service",
            "module.ecs.aws_lb_listener_rule.pet_service",
            "module.ecs.aws_lb_target_group.food_service",
            "module.ecs.aws_lb_target_group.pet_service",
            "module.ecs.aws_security_group.alb",
            "module.ecs.aws_security_group.ecs_service",
            "module.ecs.data.aws_region.current",
            "module.rds.aws_db_instance.main",
            "module.rds.aws_security_group.rds",
            "module.rds.random_password.master_password",
            "module.vpc.aws_db_subnet_group.main",
            "module.vpc.aws_subnet.database",
            "module.vpc.aws_subnet.private",
            "module.vpc.aws_subnet.public",
            "module.vpc.aws_vpc.main",
            "random_password.db_password"
          ],
          "create_before_destroy": true
        }
      ]
    },
    {
      "module": "module.api_gateway",
      "mode": "managed",
      "type": "aws_api_gateway_integration",
      "name": "pets_integration",
      "provider": "provider[\"registry.terraform.io/hashicorp/aws\"]",
      "instances": [
        {
          "schema_version": 0,
          "attributes": {
            "cache_key_parameters": null,
            "cache_namespace": "9yf8oa",
            "connection_id": "",
            "connection_type": "INTERNET",
            "content_handling": "",
            "credentials": "",
            "http_method": "ANY",
            "id": "agi-j3kdz7d2m2-9yf8oa-ANY",
            "integration_http_method": "ANY",
            "passthrough_behavior": "WHEN_NO_MATCH",
            "request_parameters": null,
            "request_templates": null,
            "resource_id": "9yf8oa",
            "rest_api_id": "j3kdz7d2m2",
            "timeout_milliseconds": 29000,
            "tls_config": [],
            "type": "HTTP_PROXY",
            "uri": "http://pet-store-dev-alb-2001751252.eu-west-1.elb.amazonaws.com/petstore/pets"
          },
          "sensitive_attributes": [],
          "identity_schema_version": 0,
          "private": "bnVsbA==",
          "dependencies": [
            "module.api_gateway.aws_api_gateway_method.pets_any",
            "module.api_gateway.aws_api_gateway_resource.pets",
            "module.api_gateway.aws_api_gateway_resource.petstore",
            "module.api_gateway.aws_api_gateway_rest_api.main",
            "module.cognito.aws_cognito_user_pool.main",
            "module.cognito.aws_cognito_user_pool_client.main",
            "module.ecr.aws_ecr_repository.repositories",
            "module.ecs.aws_appautoscaling_policy.food_service_cpu",
            "module.ecs.aws_appautoscaling_policy.pet_service_cpu",
            "module.ecs.aws_appautoscaling_target.food_service",
            "module.ecs.aws_appautoscaling_target.pet_service",
            "module.ecs.aws_cloudwatch_log_group.food_service",
            "module.ecs.aws_cloudwatch_log_group.pet_service",
            "module.ecs.aws_ecs_cluster.main",
            "module.ecs.aws_ecs_cluster_capacity_providers.main",
            "module.ecs.aws_ecs_service.food_service",
            "module.ecs.aws_ecs_service.pet_service",
            "module.ecs.aws_ecs_task_definition.food_service",
            "module.ecs.aws_ecs_task_definition.pet_service",
            "module.ecs.aws_iam_role.ecs_task_execution_role",
            "module.ecs.aws_iam_role.ecs_task_role",
            "module.ecs.aws_iam_role_policy_attachment.ecs_task_execution_role_policy",
            "module.ecs.aws_lb.main",
            "module.ecs.aws_lb_listener.main",
            "module.ecs.aws_lb_listener_rule.food_service",
            "module.ecs.aws_lb_listener_rule.pet_service",
            "module.ecs.aws_lb_target_group.food_service",
            "module.ecs.aws_lb_target_group.pet_service",
            "module.ecs.aws_security_group.alb",
            "module.ecs.aws_security_group.ecs_service",
            "module.ecs.data.aws_region.current",
            "module.rds.aws_db_instance.main",
            "module.rds.aws_security_group.rds",
            "module.rds.random_password.master_password",
            "module.vpc.aws_db_subnet_group.main",
            "module.vpc.aws_subnet.database",
            "module.vpc.aws_subnet.private",
            "module.vpc.aws_subnet.public",
            "module.vpc.aws_vpc.main",
            "random_password.db_password"
          ],
          "create_before_destroy": true
        }
      ]
    },
    {
      "module": "module.api_gateway",
      "mode": "managed",
      "type": "aws_api_gateway_integration",
      "name": "pets_options_integration",
      "provider": "provider[\"registry.terraform.io/hashicorp/aws\"]",
      "instances": [
        {
          "index_key": 0,
          "schema_version": 0,
          "attributes": {
            "cache_key_parameters": null,
            "cache_namespace": "9yf8oa",
            "connection_id": "",
            "connection_type": "INTERNET",
            "content_handling": "",
            "credentials": "",
            "http_method": "OPTIONS",
            "id": "agi-j3kdz7d2m2-9yf8oa-OPTIONS",
            "integration_http_method": "",
            "passthrough_behavior": "WHEN_NO_MATCH",
            "request_parameters": null,
            "request_templates": {
              "application/json": "{\"statusCode\": 200}"
            },
            "resource_id": "9yf8oa",
            "rest_api_id": "j3kdz7d2m2",
            "timeout_milliseconds": 29000,
            "tls_config": [],
            "type": "MOCK",
            "uri": ""
          },
          "sensitive_attributes": [],
          "identity_schema_version": 0,
          "private": "bnVsbA==",
          "dependencies": [
            "module.api_gateway.aws_api_gateway_method.pets_options",
            "module.api_gateway.aws_api_gateway_resource.pets",
            "module.api_gateway.aws_api_gateway_resource.petstore",
            "module.api_gateway.aws_api_gateway_rest_api.main",
            "module.cognito.aws_cognito_user_pool.main",
            "module.cognito.aws_cognito_user_pool_client.main",
            "module.ecr.aws_ecr_repository.repositories",
            "module.ecs.aws_appautoscaling_policy.food_service_cpu",
            "module.ecs.aws_appautoscaling_policy.pet_service_cpu",
            "module.ecs.aws_appautoscaling_target.food_service",
            "module.ecs.aws_appautoscaling_target.pet_service",
            "module.ecs.aws_cloudwatch_log_group.food_service",
            "module.ecs.aws_cloudwatch_log_group.pet_service",
            "module.ecs.aws_ecs_cluster.main",
            "module.ecs.aws_ecs_cluster_capacity_providers.main",
            "module.ecs.aws_ecs_service.food_service",
            "module.ecs.aws_ecs_service.pet_service",
            "module.ecs.aws_ecs_task_definition.food_service",
            "module.ecs.aws_ecs_task_definition.pet_service",
            "module.ecs.aws_iam_role.ecs_task_execution_role",
            "module.ecs.aws_iam_role.ecs_task_role",
            "module.ecs.aws_iam_role_policy_attachment.ecs_task_execution_role_policy",
            "module.ecs.aws_lb.main",
            "module.ecs.aws_lb_listener.main",
            "module.ecs.aws_lb_listener_rule.food_service",
            "module.ecs.aws_lb_listener_rule.pet_service",
            "module.ecs.aws_lb_target_group.food_service",
            "module.ecs.aws_lb_target_group.pet_service",
            "module.ecs.aws_security_group.alb",
            "module.ecs.aws_security_group.ecs_service",
            "module.ecs.data.aws_region.current",
            "module.rds.aws_db_instance.main",
            "module.rds.aws_security_group.rds",
            "module.rds.random_password.master_password",
            "module.vpc.aws_db_subnet_group.main",
            "module.vpc.aws_subnet.database",
            "module.vpc.aws_subnet.private",
            "module.vpc.aws_subnet.public",
            "module.vpc.aws_vpc.main",
            "random_password.db_password"
          ]
        }
      ]
    },
    {
      "module": "module.api_gateway",
      "mode": "managed",
      "type": "aws_api_gateway_integration",
      "name": "pets_proxy_integration",
      "provider": "provider[\"registry.terraform.io/hashicorp/aws\"]",
      "instances": [
        {
          "schema_version": 0,
          "attributes": {
            "cache_key_parameters": null,
            "cache_namespace": "p5zcri",
            "connection_id": "",
            "connection_type": "INTERNET",
            "content_handling": "",
            "credentials": "",
            "http_method": "ANY",
            "id": "agi-j3kdz7d2m2-p5zcri-ANY",
            "integration_http_method": "ANY",
            "passthrough_behavior": "WHEN_NO_MATCH",
            "request_parameters": {
              "integration.request.path.proxy": "method.request.path.proxy"
            },
            "request_templates": null,
            "resource_id": "p5zcri",
            "rest_api_id": "j3kdz7d2m2",
            "timeout_milliseconds": 29000,
            "tls_config": [],
            "type": "HTTP_PROXY",
            "uri": "http://pet-store-dev-alb-2001751252.eu-west-1.elb.amazonaws.com/petstore/pets/{proxy}"
          },
          "sensitive_attributes": [],
          "identity_schema_version": 0,
          "private": "bnVsbA==",
          "dependencies": [
            "module.api_gateway.aws_api_gateway_method.pets_proxy_any",
            "module.api_gateway.aws_api_gateway_resource.pets",
            "module.api_gateway.aws_api_gateway_resource.pets_proxy",
            "module.api_gateway.aws_api_gateway_resource.petstore",
            "module.api_gateway.aws_api_gateway_rest_api.main",
            "module.cognito.aws_cognito_user_pool.main",
            "module.cognito.aws_cognito_user_pool_client.main",
            "module.ecr.aws_ecr_repository.repositories",
            "module.ecs.aws_appautoscaling_policy.food_service_cpu",
            "module.ecs.aws_appautoscaling_policy.pet_service_cpu",
            "module.ecs.aws_appautoscaling_target.food_service",
            "module.ecs.aws_appautoscaling_target.pet_service",
            "module.ecs.aws_cloudwatch_log_group.food_service",
            "module.ecs.aws_cloudwatch_log_group.pet_service",
            "module.ecs.aws_ecs_cluster.main",
            "module.ecs.aws_ecs_cluster_capacity_providers.main",
            "module.ecs.aws_ecs_service.food_service",
            "module.ecs.aws_ecs_service.pet_service",
            "module.ecs.aws_ecs_task_definition.food_service",
            "module.ecs.aws_ecs_task_definition.pet_service",
            "module.ecs.aws_iam_role.ecs_task_execution_role",
            "module.ecs.aws_iam_role.ecs_task_role",
            "module.ecs.aws_iam_role_policy_attachment.ecs_task_execution_role_policy",
            "module.ecs.aws_lb.main",
            "module.ecs.aws_lb_listener.main",
            "module.ecs.aws_lb_listener_rule.food_service",
            "module.ecs.aws_lb_listener_rule.pet_service",
            "module.ecs.aws_lb_target_group.food_service",
            "module.ecs.aws_lb_target_group.pet_service",
            "module.ecs.aws_security_group.alb",
            "module.ecs.aws_security_group.ecs_service",
            "module.ecs.data.aws_region.current",
            "module.rds.aws_db_instance.main",
            "module.rds.aws_security_group.rds",
            "module.rds.random_password.master_password",
            "module.vpc.aws_db_subnet_group.main",
            "module.vpc.aws_subnet.database",
            "module.vpc.aws_subnet.private",
            "module.vpc.aws_subnet.public",
            "module.vpc.aws_vpc.main",
            "random_password.db_password"
          ],
          "create_before_destroy": true
        }
      ]
    },
    {
      "module": "module.api_gateway",
      "mode": "managed",
      "type": "aws_api_gateway_integration_response",
      "name": "foods_options_integration_response",
      "provider": "provider[\"registry.terraform.io/hashicorp/aws\"]",
      "instances": [
        {
          "index_key": 0,
          "schema_version": 0,
          "attributes": {
            "content_handling": "",
            "http_method": "OPTIONS",
            "id": "agir-j3kdz7d2m2-6ovy4o-OPTIONS-200",
            "resource_id": "6ovy4o",
            "response_parameters": {
              "method.response.header.Access-Control-Allow-Headers": "'Content-Type,X-Amz-Date,Authorization,X-Api-Key,X-Amz-Security-Token'",
              "method.response.header.Access-Control-Allow-Methods": "'GET,POST,PUT,DELETE,OPTIONS'",
              "method.response.header.Access-Control-Allow-Origin": "'*'"
            },
            "response_templates": null,
            "rest_api_id": "j3kdz7d2m2",
            "selection_pattern": "",
            "status_code": "200"
          },
          "sensitive_attributes": [],
          "identity_schema_version": 0,
          "private": "bnVsbA==",
          "dependencies": [
            "module.api_gateway.aws_api_gateway_method.foods_options",
            "module.api_gateway.aws_api_gateway_method_response.foods_options_response",
            "module.api_gateway.aws_api_gateway_resource.foods",
            "module.api_gateway.aws_api_gateway_resource.petstore",
            "module.api_gateway.aws_api_gateway_rest_api.main",
            "module.cognito.aws_cognito_user_pool.main",
            "module.cognito.aws_cognito_user_pool_client.main",
            "module.ecr.aws_ecr_repository.repositories",
            "module.ecs.aws_appautoscaling_policy.food_service_cpu",
            "module.ecs.aws_appautoscaling_policy.pet_service_cpu",
            "module.ecs.aws_appautoscaling_target.food_service",
            "module.ecs.aws_appautoscaling_target.pet_service",
            "module.ecs.aws_cloudwatch_log_group.food_service",
            "module.ecs.aws_cloudwatch_log_group.pet_service",
            "module.ecs.aws_ecs_cluster.main",
            "module.ecs.aws_ecs_cluster_capacity_providers.main",
            "module.ecs.aws_ecs_service.food_service",
            "module.ecs.aws_ecs_service.pet_service",
            "module.ecs.aws_ecs_task_definition.food_service",
            "module.ecs.aws_ecs_task_definition.pet_service",
            "module.ecs.aws_iam_role.ecs_task_execution_role",
            "module.ecs.aws_iam_role.ecs_task_role",
            "module.ecs.aws_iam_role_policy_attachment.ecs_task_execution_role_policy",
            "module.ecs.aws_lb.main",
            "module.ecs.aws_lb_listener.main",
            "module.ecs.aws_lb_listener_rule.food_service",
            "module.ecs.aws_lb_listener_rule.pet_service",
            "module.ecs.aws_lb_target_group.food_service",
            "module.ecs.aws_lb_target_group.pet_service",
            "module.ecs.aws_security_group.alb",
            "module.ecs.aws_security_group.ecs_service",
            "module.ecs.data.aws_region.current",
            "module.rds.aws_db_instance.main",
            "module.rds.aws_security_group.rds",
            "module.rds.random_password.master_password",
            "module.vpc.aws_db_subnet_group.main",
            "module.vpc.aws_subnet.database",
            "module.vpc.aws_subnet.private",
            "module.vpc.aws_subnet.public",
            "module.vpc.aws_vpc.main",
            "random_password.db_password"
          ]
        }
      ]
    },
    {
      "module": "module.api_gateway",
      "mode": "managed",
      "type": "aws_api_gateway_integration_response",
      "name": "pets_options_integration_response",
      "provider": "provider[\"registry.terraform.io/hashicorp/aws\"]",
      "instances": [
        {
          "index_key": 0,
          "schema_version": 0,
          "attributes": {
            "content_handling": "",
            "http_method": "OPTIONS",
            "id": "agir-j3kdz7d2m2-9yf8oa-OPTIONS-200",
            "resource_id": "9yf8oa",
            "response_parameters": {
              "method.response.header.Access-Control-Allow-Headers": "'Content-Type,X-Amz-Date,Authorization,X-Api-Key,X-Amz-Security-Token'",
              "method.response.header.Access-Control-Allow-Methods": "'GET,POST,PUT,DELETE,OPTIONS'",
              "method.response.header.Access-Control-Allow-Origin": "'*'"
            },
            "response_templates": null,
            "rest_api_id": "j3kdz7d2m2",
            "selection_pattern": "",
            "status_code": "200"
          },
          "sensitive_attributes": [],
          "identity_schema_version": 0,
          "private": "bnVsbA==",
          "dependencies": [
            "module.api_gateway.aws_api_gateway_method.pets_options",
            "module.api_gateway.aws_api_gateway_method_response.pets_options_response",
            "module.api_gateway.aws_api_gateway_resource.pets",
            "module.api_gateway.aws_api_gateway_resource.petstore",
            "module.api_gateway.aws_api_gateway_rest_api.main",
            "module.cognito.aws_cognito_user_pool.main",
            "module.cognito.aws_cognito_user_pool_client.main",
            "module.ecr.aws_ecr_repository.repositories",
            "module.ecs.aws_appautoscaling_policy.food_service_cpu",
            "module.ecs.aws_appautoscaling_policy.pet_service_cpu",
            "module.ecs.aws_appautoscaling_target.food_service",
            "module.ecs.aws_appautoscaling_target.pet_service",
            "module.ecs.aws_cloudwatch_log_group.food_service",
            "module.ecs.aws_cloudwatch_log_group.pet_service",
            "module.ecs.aws_ecs_cluster.main",
            "module.ecs.aws_ecs_cluster_capacity_providers.main",
            "module.ecs.aws_ecs_service.food_service",
            "module.ecs.aws_ecs_service.pet_service",
            "module.ecs.aws_ecs_task_definition.food_service",
            "module.ecs.aws_ecs_task_definition.pet_service",
            "module.ecs.aws_iam_role.ecs_task_execution_role",
            "module.ecs.aws_iam_role.ecs_task_role",
            "module.ecs.aws_iam_role_policy_attachment.ecs_task_execution_role_policy",
            "module.ecs.aws_lb.main",
            "module.ecs.aws_lb_listener.main",
            "module.ecs.aws_lb_listener_rule.food_service",
            "module.ecs.aws_lb_listener_rule.pet_service",
            "module.ecs.aws_lb_target_group.food_service",
            "module.ecs.aws_lb_target_group.pet_service",
            "module.ecs.aws_security_group.alb",
            "module.ecs.aws_security_group.ecs_service",
            "module.ecs.data.aws_region.current",
            "module.rds.aws_db_instance.main",
            "module.rds.aws_security_group.rds",
            "module.rds.random_password.master_password",
            "module.vpc.aws_db_subnet_group.main",
            "module.vpc.aws_subnet.database",
            "module.vpc.aws_subnet.private",
            "module.vpc.aws_subnet.public",
            "module.vpc.aws_vpc.main",
            "random_password.db_password"
          ]
        }
      ]
    },
    {
      "module": "module.api_gateway",
      "mode": "managed",
      "type": "aws_api_gateway_method",
      "name": "foods_any",
      "provider": "provider[\"registry.terraform.io/hashicorp/aws\"]",
      "instances": [
        {
          "schema_version": 0,
          "attributes": {
            "api_key_required": false,
            "authorization": "NONE",
            "authorization_scopes": null,
            "authorizer_id": null,
            "http_method": "ANY",
            "id": "agm-j3kdz7d2m2-6ovy4o-ANY",
            "operation_name": null,
            "request_models": null,
            "request_parameters": null,
            "request_validator_id": null,
            "resource_id": "6ovy4o",
            "rest_api_id": "j3kdz7d2m2"
          },
          "sensitive_attributes": [],
          "identity_schema_version": 0,
          "private": "bnVsbA==",
          "dependencies": [
            "module.api_gateway.aws_api_gateway_resource.foods",
            "module.api_gateway.aws_api_gateway_resource.petstore",
            "module.api_gateway.aws_api_gateway_rest_api.main",
            "module.cognito.aws_cognito_user_pool.main",
            "module.cognito.aws_cognito_user_pool_client.main",
            "module.ecr.aws_ecr_repository.repositories",
            "module.ecs.aws_appautoscaling_policy.food_service_cpu",
            "module.ecs.aws_appautoscaling_policy.pet_service_cpu",
            "module.ecs.aws_appautoscaling_target.food_service",
            "module.ecs.aws_appautoscaling_target.pet_service",
            "module.ecs.aws_cloudwatch_log_group.food_service",
            "module.ecs.aws_cloudwatch_log_group.pet_service",
            "module.ecs.aws_ecs_cluster.main",
            "module.ecs.aws_ecs_cluster_capacity_providers.main",
            "module.ecs.aws_ecs_service.food_service",
            "module.ecs.aws_ecs_service.pet_service",
            "module.ecs.aws_ecs_task_definition.food_service",
            "module.ecs.aws_ecs_task_definition.pet_service",
            "module.ecs.aws_iam_role.ecs_task_execution_role",
            "module.ecs.aws_iam_role.ecs_task_role",
            "module.ecs.aws_iam_role_policy_attachment.ecs_task_execution_role_policy",
            "module.ecs.aws_lb.main",
            "module.ecs.aws_lb_listener.main",
            "module.ecs.aws_lb_listener_rule.food_service",
            "module.ecs.aws_lb_listener_rule.pet_service",
            "module.ecs.aws_lb_target_group.food_service",
            "module.ecs.aws_lb_target_group.pet_service",
            "module.ecs.aws_security_group.alb",
            "module.ecs.aws_security_group.ecs_service",
            "module.ecs.data.aws_region.current",
            "module.rds.aws_db_instance.main",
            "module.rds.aws_security_group.rds",
            "module.rds.random_password.master_password",
            "module.vpc.aws_db_subnet_group.main",
            "module.vpc.aws_subnet.database",
            "module.vpc.aws_subnet.private",
            "module.vpc.aws_subnet.public",
            "module.vpc.aws_vpc.main",
            "random_password.db_password"
          ],
          "create_before_destroy": true
        }
      ]
    },
    {
      "module": "module.api_gateway",
      "mode": "managed",
      "type": "aws_api_gateway_method",
      "name": "foods_options",
      "provider": "provider[\"registry.terraform.io/hashicorp/aws\"]",
      "instances": [
        {
          "index_key": 0,
          "schema_version": 0,
          "attributes": {
            "api_key_required": false,
            "authorization": "NONE",
            "authorization_scopes": null,
            "authorizer_id": null,
            "http_method": "OPTIONS",
            "id": "agm-j3kdz7d2m2-6ovy4o-OPTIONS",
            "operation_name": null,
            "request_models": null,
            "request_parameters": null,
            "request_validator_id": null,
            "resource_id": "6ovy4o",
            "rest_api_id": "j3kdz7d2m2"
          },
          "sensitive_attributes": [],
          "identity_schema_version": 0,
          "private": "bnVsbA==",
          "dependencies": [
            "module.api_gateway.aws_api_gateway_resource.foods",
            "module.api_gateway.aws_api_gateway_resource.petstore",
            "module.api_gateway.aws_api_gateway_rest_api.main",
            "module.cognito.aws_cognito_user_pool.main",
            "module.cognito.aws_cognito_user_pool_client.main",
            "module.ecr.aws_ecr_repository.repositories",
            "module.ecs.aws_appautoscaling_policy.food_service_cpu",
            "module.ecs.aws_appautoscaling_policy.pet_service_cpu",
            "module.ecs.aws_appautoscaling_target.food_service",
            "module.ecs.aws_appautoscaling_target.pet_service",
            "module.ecs.aws_cloudwatch_log_group.food_service",
            "module.ecs.aws_cloudwatch_log_group.pet_service",
            "module.ecs.aws_ecs_cluster.main",
            "module.ecs.aws_ecs_cluster_capacity_providers.main",
            "module.ecs.aws_ecs_service.food_service",
            "module.ecs.aws_ecs_service.pet_service",
            "module.ecs.aws_ecs_task_definition.food_service",
            "module.ecs.aws_ecs_task_definition.pet_service",
            "module.ecs.aws_iam_role.ecs_task_execution_role",
            "module.ecs.aws_iam_role.ecs_task_role",
            "module.ecs.aws_iam_role_policy_attachment.ecs_task_execution_role_policy",
            "module.ecs.aws_lb.main",
            "module.ecs.aws_lb_listener.main",
            "module.ecs.aws_lb_listener_rule.food_service",
            "module.ecs.aws_lb_listener_rule.pet_service",
            "module.ecs.aws_lb_target_group.food_service",
            "module.ecs.aws_lb_target_group.pet_service",
            "module.ecs.aws_security_group.alb",
            "module.ecs.aws_security_group.ecs_service",
            "module.ecs.data.aws_region.current",
            "module.rds.aws_db_instance.main",
            "module.rds.aws_security_group.rds",
            "module.rds.random_password.master_password",
            "module.vpc.aws_db_subnet_group.main",
            "module.vpc.aws_subnet.database",
            "module.vpc.aws_subnet.private",
            "module.vpc.aws_subnet.public",
            "module.vpc.aws_vpc.main",
            "random_password.db_password"
          ]
        }
      ]
    },
    {
      "module": "module.api_gateway",
      "mode": "managed",
      "type": "aws_api_gateway_method",
      "name": "foods_proxy_any",
      "provider": "provider[\"registry.terraform.io/hashicorp/aws\"]",
      "instances": [
        {
          "schema_version": 0,
          "attributes": {
            "api_key_required": false,
            "authorization": "NONE",
            "authorization_scopes": null,
            "authorizer_id": null,
            "http_method": "ANY",
            "id": "agm-j3kdz7d2m2-myxrc0-ANY",
            "operation_name": null,
            "request_models": null,
            "request_parameters": {
              "method.request.path.proxy": true
            },
            "request_validator_id": null,
            "resource_id": "myxrc0",
            "rest_api_id": "j3kdz7d2m2"
          },
          "sensitive_attributes": [],
          "identity_schema_version": 0,
          "private": "bnVsbA==",
          "dependencies": [
            "module.api_gateway.aws_api_gateway_resource.foods",
            "module.api_gateway.aws_api_gateway_resource.foods_proxy",
            "module.api_gateway.aws_api_gateway_resource.petstore",
            "module.api_gateway.aws_api_gateway_rest_api.main",
            "module.cognito.aws_cognito_user_pool.main",
            "module.cognito.aws_cognito_user_pool_client.main",
            "module.ecr.aws_ecr_repository.repositories",
            "module.ecs.aws_appautoscaling_policy.food_service_cpu",
            "module.ecs.aws_appautoscaling_policy.pet_service_cpu",
            "module.ecs.aws_appautoscaling_target.food_service",
            "module.ecs.aws_appautoscaling_target.pet_service",
            "module.ecs.aws_cloudwatch_log_group.food_service",
            "module.ecs.aws_cloudwatch_log_group.pet_service",
            "module.ecs.aws_ecs_cluster.main",
            "module.ecs.aws_ecs_cluster_capacity_providers.main",
            "module.ecs.aws_ecs_service.food_service",
            "module.ecs.aws_ecs_service.pet_service",
            "module.ecs.aws_ecs_task_definition.food_service",
            "module.ecs.aws_ecs_task_definition.pet_service",
            "module.ecs.aws_iam_role.ecs_task_execution_role",
            "module.ecs.aws_iam_role.ecs_task_role",
            "module.ecs.aws_iam_role_policy_attachment.ecs_task_execution_role_policy",
            "module.ecs.aws_lb.main",
            "module.ecs.aws_lb_listener.main",
            "module.ecs.aws_lb_listener_rule.food_service",
            "module.ecs.aws_lb_listener_rule.pet_service",
            "module.ecs.aws_lb_target_group.food_service",
            "module.ecs.aws_lb_target_group.pet_service",
            "module.ecs.aws_security_group.alb",
            "module.ecs.aws_security_group.ecs_service",
            "module.ecs.data.aws_region.current",
            "module.rds.aws_db_instance.main",
            "module.rds.aws_security_group.rds",
            "module.rds.random_password.master_password",
            "module.vpc.aws_db_subnet_group.main",
            "module.vpc.aws_subnet.database",
            "module.vpc.aws_subnet.private",
            "module.vpc.aws_subnet.public",
            "module.vpc.aws_vpc.main",
            "random_password.db_password"
          ],
          "create_before_destroy": true
        }
      ]
    },
    {
      "module": "module.api_gateway",
      "mode": "managed",
      "type": "aws_api_gateway_method",
      "name": "pets_any",
      "provider": "provider[\"registry.terraform.io/hashicorp/aws\"]",
      "instances": [
        {
          "schema_version": 0,
          "attributes": {
            "api_key_required": false,
            "authorization": "NONE",
            "authorization_scopes": null,
            "authorizer_id": null,
            "http_method": "ANY",
            "id": "agm-j3kdz7d2m2-9yf8oa-ANY",
            "operation_name": null,
            "request_models": null,
            "request_parameters": null,
            "request_validator_id": null,
            "resource_id": "9yf8oa",
            "rest_api_id": "j3kdz7d2m2"
          },
          "sensitive_attributes": [],
          "identity_schema_version": 0,
          "private": "bnVsbA==",
          "dependencies": [
            "module.api_gateway.aws_api_gateway_resource.pets",
            "module.api_gateway.aws_api_gateway_resource.petstore",
            "module.api_gateway.aws_api_gateway_rest_api.main",
            "module.cognito.aws_cognito_user_pool.main",
            "module.cognito.aws_cognito_user_pool_client.main",
            "module.ecr.aws_ecr_repository.repositories",
            "module.ecs.aws_appautoscaling_policy.food_service_cpu",
            "module.ecs.aws_appautoscaling_policy.pet_service_cpu",
            "module.ecs.aws_appautoscaling_target.food_service",
            "module.ecs.aws_appautoscaling_target.pet_service",
            "module.ecs.aws_cloudwatch_log_group.food_service",
            "module.ecs.aws_cloudwatch_log_group.pet_service",
            "module.ecs.aws_ecs_cluster.main",
            "module.ecs.aws_ecs_cluster_capacity_providers.main",
            "module.ecs.aws_ecs_service.food_service",
            "module.ecs.aws_ecs_service.pet_service",
            "module.ecs.aws_ecs_task_definition.food_service",
            "module.ecs.aws_ecs_task_definition.pet_service",
            "module.ecs.aws_iam_role.ecs_task_execution_role",
            "module.ecs.aws_iam_role.ecs_task_role",
            "module.ecs.aws_iam_role_policy_attachment.ecs_task_execution_role_policy",
            "module.ecs.aws_lb.main",
            "module.ecs.aws_lb_listener.main",
            "module.ecs.aws_lb_listener_rule.food_service",
            "module.ecs.aws_lb_listener_rule.pet_service",
            "module.ecs.aws_lb_target_group.food_service",
            "module.ecs.aws_lb_target_group.pet_service",
            "module.ecs.aws_security_group.alb",
            "module.ecs.aws_security_group.ecs_service",
            "module.ecs.data.aws_region.current",
            "module.rds.aws_db_instance.main",
            "module.rds.aws_security_group.rds",
            "module.rds.random_password.master_password",
            "module.vpc.aws_db_subnet_group.main",
            "module.vpc.aws_subnet.database",
            "module.vpc.aws_subnet.private",
            "module.vpc.aws_subnet.public",
            "module.vpc.aws_vpc.main",
            "random_password.db_password"
          ],
          "create_before_destroy": true
        }
      ]
    },
    {
      "module": "module.api_gateway",
      "mode": "managed",
      "type": "aws_api_gateway_method",
      "name": "pets_options",
      "provider": "provider[\"registry.terraform.io/hashicorp/aws\"]",
      "instances": [
        {
          "index_key": 0,
          "schema_version": 0,
          "attributes": {
            "api_key_required": false,
            "authorization": "NONE",
            "authorization_scopes": null,
            "authorizer_id": null,
            "http_method": "OPTIONS",
            "id": "agm-j3kdz7d2m2-9yf8oa-OPTIONS",
            "operation_name": null,
            "request_models": null,
            "request_parameters": null,
            "request_validator_id": null,
            "resource_id": "9yf8oa",
            "rest_api_id": "j3kdz7d2m2"
          },
          "sensitive_attributes": [],
          "identity_schema_version": 0,
          "private": "bnVsbA==",
          "dependencies": [
            "module.api_gateway.aws_api_gateway_resource.pets",
            "module.api_gateway.aws_api_gateway_resource.petstore",
            "module.api_gateway.aws_api_gateway_rest_api.main",
            "module.cognito.aws_cognito_user_pool.main",
            "module.cognito.aws_cognito_user_pool_client.main",
            "module.ecr.aws_ecr_repository.repositories",
            "module.ecs.aws_appautoscaling_policy.food_service_cpu",
            "module.ecs.aws_appautoscaling_policy.pet_service_cpu",
            "module.ecs.aws_appautoscaling_target.food_service",
            "module.ecs.aws_appautoscaling_target.pet_service",
            "module.ecs.aws_cloudwatch_log_group.food_service",
            "module.ecs.aws_cloudwatch_log_group.pet_service",
            "module.ecs.aws_ecs_cluster.main",
            "module.ecs.aws_ecs_cluster_capacity_providers.main",
            "module.ecs.aws_ecs_service.food_service",
            "module.ecs.aws_ecs_service.pet_service",
            "module.ecs.aws_ecs_task_definition.food_service",
            "module.ecs.aws_ecs_task_definition.pet_service",
            "module.ecs.aws_iam_role.ecs_task_execution_role",
            "module.ecs.aws_iam_role.ecs_task_role",
            "module.ecs.aws_iam_role_policy_attachment.ecs_task_execution_role_policy",
            "module.ecs.aws_lb.main",
            "module.ecs.aws_lb_listener.main",
            "module.ecs.aws_lb_listener_rule.food_service",
            "module.ecs.aws_lb_listener_rule.pet_service",
            "module.ecs.aws_lb_target_group.food_service",
            "module.ecs.aws_lb_target_group.pet_service",
            "module.ecs.aws_security_group.alb",
            "module.ecs.aws_security_group.ecs_service",
            "module.ecs.data.aws_region.current",
            "module.rds.aws_db_instance.main",
            "module.rds.aws_security_group.rds",
            "module.rds.random_password.master_password",
            "module.vpc.aws_db_subnet_group.main",
            "module.vpc.aws_subnet.database",
            "module.vpc.aws_subnet.private",
            "module.vpc.aws_subnet.public",
            "module.vpc.aws_vpc.main",
            "random_password.db_password"
          ]
        }
      ]
    },
    {
      "module": "module.api_gateway",
      "mode": "managed",
      "type": "aws_api_gateway_method",
      "name": "pets_proxy_any",
      "provider": "provider[\"registry.terraform.io/hashicorp/aws\"]",
      "instances": [
        {
          "schema_version": 0,
          "attributes": {
            "api_key_required": false,
            "authorization": "NONE",
            "authorization_scopes": null,
            "authorizer_id": null,
            "http_method": "ANY",
            "id": "agm-j3kdz7d2m2-p5zcri-ANY",
            "operation_name": null,
            "request_models": null,
            "request_parameters": {
              "method.request.path.proxy": true
            },
            "request_validator_id": null,
            "resource_id": "p5zcri",
            "rest_api_id": "j3kdz7d2m2"
          },
          "sensitive_attributes": [],
          "identity_schema_version": 0,
          "private": "bnVsbA==",
          "dependencies": [
            "module.api_gateway.aws_api_gateway_resource.pets",
            "module.api_gateway.aws_api_gateway_resource.pets_proxy",
            "module.api_gateway.aws_api_gateway_resource.petstore",
            "module.api_gateway.aws_api_gateway_rest_api.main",
            "module.cognito.aws_cognito_user_pool.main",
            "module.cognito.aws_cognito_user_pool_client.main",
            "module.ecr.aws_ecr_repository.repositories",
            "module.ecs.aws_appautoscaling_policy.food_service_cpu",
            "module.ecs.aws_appautoscaling_policy.pet_service_cpu",
            "module.ecs.aws_appautoscaling_target.food_service",
            "module.ecs.aws_appautoscaling_target.pet_service",
            "module.ecs.aws_cloudwatch_log_group.food_service",
            "module.ecs.aws_cloudwatch_log_group.pet_service",
            "module.ecs.aws_ecs_cluster.main",
            "module.ecs.aws_ecs_cluster_capacity_providers.main",
            "module.ecs.aws_ecs_service.food_service",
            "module.ecs.aws_ecs_service.pet_service",
            "module.ecs.aws_ecs_task_definition.food_service",
            "module.ecs.aws_ecs_task_definition.pet_service",
            "module.ecs.aws_iam_role.ecs_task_execution_role",
            "module.ecs.aws_iam_role.ecs_task_role",
            "module.ecs.aws_iam_role_policy_attachment.ecs_task_execution_role_policy",
            "module.ecs.aws_lb.main",
            "module.ecs.aws_lb_listener.main",
            "module.ecs.aws_lb_listener_rule.food_service",
            "module.ecs.aws_lb_listener_rule.pet_service",
            "module.ecs.aws_lb_target_group.food_service",
            "module.ecs.aws_lb_target_group.pet_service",
            "module.ecs.aws_security_group.alb",
            "module.ecs.aws_security_group.ecs_service",
            "module.ecs.data.aws_region.current",
            "module.rds.aws_db_instance.main",
            "module.rds.aws_security_group.rds",
            "module.rds.random_password.master_password",
            "module.vpc.aws_db_subnet_group.main",
            "module.vpc.aws_subnet.database",
            "module.vpc.aws_subnet.private",
            "module.vpc.aws_subnet.public",
            "module.vpc.aws_vpc.main",
            "random_password.db_password"
          ],
          "create_before_destroy": true
        }
      ]
    },
    {
      "module": "module.api_gateway",
      "mode": "managed",
      "type": "aws_api_gateway_method_response",
      "name": "foods_any_response",
      "provider": "provider[\"registry.terraform.io/hashicorp/aws\"]",
      "instances": [
        {
          "index_key": 0,
          "schema_version": 0,
          "attributes": {
            "http_method": "ANY",
            "id": "agmr-j3kdz7d2m2-6ovy4o-ANY-200",
            "resource_id": "6ovy4o",
            "response_models": null,
            "response_parameters": {
              "method.response.header.Access-Control-Allow-Origin": true
            },
            "rest_api_id": "j3kdz7d2m2",
            "status_code": "200"
          },
          "sensitive_attributes": [],
          "identity_schema_version": 0,
          "private": "bnVsbA==",
          "dependencies": [
            "module.api_gateway.aws_api_gateway_method.foods_any",
            "module.api_gateway.aws_api_gateway_resource.foods",
            "module.api_gateway.aws_api_gateway_resource.petstore",
            "module.api_gateway.aws_api_gateway_rest_api.main",
            "module.cognito.aws_cognito_user_pool.main",
            "module.cognito.aws_cognito_user_pool_client.main",
            "module.ecr.aws_ecr_repository.repositories",
            "module.ecs.aws_appautoscaling_policy.food_service_cpu",
            "module.ecs.aws_appautoscaling_policy.pet_service_cpu",
            "module.ecs.aws_appautoscaling_target.food_service",
            "module.ecs.aws_appautoscaling_target.pet_service",
            "module.ecs.aws_cloudwatch_log_group.food_service",
            "module.ecs.aws_cloudwatch_log_group.pet_service",
            "module.ecs.aws_ecs_cluster.main",
            "module.ecs.aws_ecs_cluster_capacity_providers.main",
            "module.ecs.aws_ecs_service.food_service",
            "module.ecs.aws_ecs_service.pet_service",
            "module.ecs.aws_ecs_task_definition.food_service",
            "module.ecs.aws_ecs_task_definition.pet_service",
            "module.ecs.aws_iam_role.ecs_task_execution_role",
            "module.ecs.aws_iam_role.ecs_task_role",
            "module.ecs.aws_iam_role_policy_attachment.ecs_task_execution_role_policy",
            "module.ecs.aws_lb.main",
            "module.ecs.aws_lb_listener.main",
            "module.ecs.aws_lb_listener_rule.food_service",
            "module.ecs.aws_lb_listener_rule.pet_service",
            "module.ecs.aws_lb_target_group.food_service",
            "module.ecs.aws_lb_target_group.pet_service",
            "module.ecs.aws_security_group.alb",
            "module.ecs.aws_security_group.ecs_service",
            "module.ecs.data.aws_region.current",
            "module.rds.aws_db_instance.main",
            "module.rds.aws_security_group.rds",
            "module.rds.random_password.master_password",
            "module.vpc.aws_db_subnet_group.main",
            "module.vpc.aws_subnet.database",
            "module.vpc.aws_subnet.private",
            "module.vpc.aws_subnet.public",
            "module.vpc.aws_vpc.main",
            "random_password.db_password"
          ]
        }
      ]
    },
    {
      "module": "module.api_gateway",
      "mode": "managed",
      "type": "aws_api_gateway_method_response",
      "name": "foods_options_response",
      "provider": "provider[\"registry.terraform.io/hashicorp/aws\"]",
      "instances": [
        {
          "index_key": 0,
          "schema_version": 0,
          "attributes": {
            "http_method": "OPTIONS",
            "id": "agmr-j3kdz7d2m2-6ovy4o-OPTIONS-200",
            "resource_id": "6ovy4o",
            "response_models": null,
            "response_parameters": {
              "method.response.header.Access-Control-Allow-Headers": true,
              "method.response.header.Access-Control-Allow-Methods": true,
              "method.response.header.Access-Control-Allow-Origin": true
            },
            "rest_api_id": "j3kdz7d2m2",
            "status_code": "200"
          },
          "sensitive_attributes": [],
          "identity_schema_version": 0,
          "private": "bnVsbA==",
          "dependencies": [
            "module.api_gateway.aws_api_gateway_method.foods_options",
            "module.api_gateway.aws_api_gateway_resource.foods",
            "module.api_gateway.aws_api_gateway_resource.petstore",
            "module.api_gateway.aws_api_gateway_rest_api.main",
            "module.cognito.aws_cognito_user_pool.main",
            "module.cognito.aws_cognito_user_pool_client.main",
            "module.ecr.aws_ecr_repository.repositories",
            "module.ecs.aws_appautoscaling_policy.food_service_cpu",
            "module.ecs.aws_appautoscaling_policy.pet_service_cpu",
            "module.ecs.aws_appautoscaling_target.food_service",
            "module.ecs.aws_appautoscaling_target.pet_service",
            "module.ecs.aws_cloudwatch_log_group.food_service",
            "module.ecs.aws_cloudwatch_log_group.pet_service",
            "module.ecs.aws_ecs_cluster.main",
            "module.ecs.aws_ecs_cluster_capacity_providers.main",
            "module.ecs.aws_ecs_service.food_service",
            "module.ecs.aws_ecs_service.pet_service",
            "module.ecs.aws_ecs_task_definition.food_service",
            "module.ecs.aws_ecs_task_definition.pet_service",
            "module.ecs.aws_iam_role.ecs_task_execution_role",
            "module.ecs.aws_iam_role.ecs_task_role",
            "module.ecs.aws_iam_role_policy_attachment.ecs_task_execution_role_policy",
            "module.ecs.aws_lb.main",
            "module.ecs.aws_lb_listener.main",
            "module.ecs.aws_lb_listener_rule.food_service",
            "module.ecs.aws_lb_listener_rule.pet_service",
            "module.ecs.aws_lb_target_group.food_service",
            "module.ecs.aws_lb_target_group.pet_service",
            "module.ecs.aws_security_group.alb",
            "module.ecs.aws_security_group.ecs_service",
            "module.ecs.data.aws_region.current",
            "module.rds.aws_db_instance.main",
            "module.rds.aws_security_group.rds",
            "module.rds.random_password.master_password",
            "module.vpc.aws_db_subnet_group.main",
            "module.vpc.aws_subnet.database",
            "module.vpc.aws_subnet.private",
            "module.vpc.aws_subnet.public",
            "module.vpc.aws_vpc.main",
            "random_password.db_password"
          ]
        }
      ]
    },
    {
      "module": "module.api_gateway",
      "mode": "managed",
      "type": "aws_api_gateway_method_response",
      "name": "pets_any_response",
      "provider": "provider[\"registry.terraform.io/hashicorp/aws\"]",
      "instances": [
        {
          "index_key": 0,
          "schema_version": 0,
          "attributes": {
            "http_method": "ANY",
            "id": "agmr-j3kdz7d2m2-9yf8oa-ANY-200",
            "resource_id": "9yf8oa",
            "response_models": null,
            "response_parameters": {
              "method.response.header.Access-Control-Allow-Origin": true
            },
            "rest_api_id": "j3kdz7d2m2",
            "status_code": "200"
          },
          "sensitive_attributes": [],
          "identity_schema_version": 0,
          "private": "bnVsbA==",
          "dependencies": [
            "module.api_gateway.aws_api_gateway_method.pets_any",
            "module.api_gateway.aws_api_gateway_resource.pets",
            "module.api_gateway.aws_api_gateway_resource.petstore",
            "module.api_gateway.aws_api_gateway_rest_api.main",
            "module.cognito.aws_cognito_user_pool.main",
            "module.cognito.aws_cognito_user_pool_client.main",
            "module.ecr.aws_ecr_repository.repositories",
            "module.ecs.aws_appautoscaling_policy.food_service_cpu",
            "module.ecs.aws_appautoscaling_policy.pet_service_cpu",
            "module.ecs.aws_appautoscaling_target.food_service",
            "module.ecs.aws_appautoscaling_target.pet_service",
            "module.ecs.aws_cloudwatch_log_group.food_service",
            "module.ecs.aws_cloudwatch_log_group.pet_service",
            "module.ecs.aws_ecs_cluster.main",
            "module.ecs.aws_ecs_cluster_capacity_providers.main",
            "module.ecs.aws_ecs_service.food_service",
            "module.ecs.aws_ecs_service.pet_service",
            "module.ecs.aws_ecs_task_definition.food_service",
            "module.ecs.aws_ecs_task_definition.pet_service",
            "module.ecs.aws_iam_role.ecs_task_execution_role",
            "module.ecs.aws_iam_role.ecs_task_role",
            "module.ecs.aws_iam_role_policy_attachment.ecs_task_execution_role_policy",
            "module.ecs.aws_lb.main",
            "module.ecs.aws_lb_listener.main",
            "module.ecs.aws_lb_listener_rule.food_service",
            "module.ecs.aws_lb_listener_rule.pet_service",
            "module.ecs.aws_lb_target_group.food_service",
            "module.ecs.aws_lb_target_group.pet_service",
            "module.ecs.aws_security_group.alb",
            "module.ecs.aws_security_group.ecs_service",
            "module.ecs.data.aws_region.current",
            "module.rds.aws_db_instance.main",
            "module.rds.aws_security_group.rds",
            "module.rds.random_password.master_password",
            "module.vpc.aws_db_subnet_group.main",
            "module.vpc.aws_subnet.database",
            "module.vpc.aws_subnet.private",
            "module.vpc.aws_subnet.public",
            "module.vpc.aws_vpc.main",
            "random_password.db_password"
          ]
        }
      ]
    },
    {
      "module": "module.api_gateway",
      "mode": "managed",
      "type": "aws_api_gateway_method_response",
      "name": "pets_options_response",
      "provider": "provider[\"registry.terraform.io/hashicorp/aws\"]",
      "instances": [
        {
          "index_key": 0,
          "schema_version": 0,
          "attributes": {
            "http_method": "OPTIONS",
            "id": "agmr-j3kdz7d2m2-9yf8oa-OPTIONS-200",
            "resource_id": "9yf8oa",
            "response_models": null,
            "response_parameters": {
              "method.response.header.Access-Control-Allow-Headers": true,
              "method.response.header.Access-Control-Allow-Methods": true,
              "method.response.header.Access-Control-Allow-Origin": true
            },
            "rest_api_id": "j3kdz7d2m2",
            "status_code": "200"
          },
          "sensitive_attributes": [],
          "identity_schema_version": 0,
          "private": "bnVsbA==",
          "dependencies": [
            "module.api_gateway.aws_api_gateway_method.pets_options",
            "module.api_gateway.aws_api_gateway_resource.pets",
            "module.api_gateway.aws_api_gateway_resource.petstore",
            "module.api_gateway.aws_api_gateway_rest_api.main",
            "module.cognito.aws_cognito_user_pool.main",
            "module.cognito.aws_cognito_user_pool_client.main",
            "module.ecr.aws_ecr_repository.repositories",
            "module.ecs.aws_appautoscaling_policy.food_service_cpu",
            "module.ecs.aws_appautoscaling_policy.pet_service_cpu",
            "module.ecs.aws_appautoscaling_target.food_service",
            "module.ecs.aws_appautoscaling_target.pet_service",
            "module.ecs.aws_cloudwatch_log_group.food_service",
            "module.ecs.aws_cloudwatch_log_group.pet_service",
            "module.ecs.aws_ecs_cluster.main",
            "module.ecs.aws_ecs_cluster_capacity_providers.main",
            "module.ecs.aws_ecs_service.food_service",
            "module.ecs.aws_ecs_service.pet_service",
            "module.ecs.aws_ecs_task_definition.food_service",
            "module.ecs.aws_ecs_task_definition.pet_service",
            "module.ecs.aws_iam_role.ecs_task_execution_role",
            "module.ecs.aws_iam_role.ecs_task_role",
            "module.ecs.aws_iam_role_policy_attachment.ecs_task_execution_role_policy",
            "module.ecs.aws_lb.main",
            "module.ecs.aws_lb_listener.main",
            "module.ecs.aws_lb_listener_rule.food_service",
            "module.ecs.aws_lb_listener_rule.pet_service",
            "module.ecs.aws_lb_target_group.food_service",
            "module.ecs.aws_lb_target_group.pet_service",
            "module.ecs.aws_security_group.alb",
            "module.ecs.aws_security_group.ecs_service",
            "module.ecs.data.aws_region.current",
            "module.rds.aws_db_instance.main",
            "module.rds.aws_security_group.rds",
            "module.rds.random_password.master_password",
            "module.vpc.aws_db_subnet_group.main",
            "module.vpc.aws_subnet.database",
            "module.vpc.aws_subnet.private",
            "module.vpc.aws_subnet.public",
            "module.vpc.aws_vpc.main",
            "random_password.db_password"
          ]
        }
      ]
    },
    {
      "module": "module.api_gateway",
      "mode": "managed",
      "type": "aws_api_gateway_method_settings",
      "name": "main",
      "provider": "provider[\"registry.terraform.io/hashicorp/aws\"]",
      "instances": [
        {
          "schema_version": 0,
          "attributes": {
            "id": "j3kdz7d2m2-dev-*/*",
            "method_path": "*/*",
            "rest_api_id": "j3kdz7d2m2",
            "settings": [
              {
                "cache_data_encrypted": false,
                "cache_ttl_in_seconds": 300,
                "caching_enabled": false,
                "data_trace_enabled": true,
                "logging_level": "INFO",
                "metrics_enabled": true,
                "require_authorization_for_cache_control": true,
                "throttling_burst_limit": 2000,
                "throttling_rate_limit": 1000,
                "unauthorized_cache_control_header_strategy": "SUCCEED_WITH_RESPONSE_HEADER"
              }
            ],
            "stage_name": "dev"
          },
          "sensitive_attributes": [],
          "identity_schema_version": 0,
          "private": "bnVsbA==",
          "dependencies": [
            "module.api_gateway.aws_api_gateway_deployment.main",
            "module.api_gateway.aws_api_gateway_integration.foods_integration",
            "module.api_gateway.aws_api_gateway_integration.foods_proxy_integration",
            "module.api_gateway.aws_api_gateway_integration.pets_integration",
            "module.api_gateway.aws_api_gateway_integration.pets_proxy_integration",
            "module.api_gateway.aws_api_gateway_method.foods_any",
            "module.api_gateway.aws_api_gateway_method.foods_proxy_any",
            "module.api_gateway.aws_api_gateway_method.pets_any",
            "module.api_gateway.aws_api_gateway_method.pets_proxy_any",
            "module.api_gateway.aws_api_gateway_resource.foods",
            "module.api_gateway.aws_api_gateway_resource.foods_proxy",
            "module.api_gateway.aws_api_gateway_resource.pets",
            "module.api_gateway.aws_api_gateway_resource.pets_proxy",
            "module.api_gateway.aws_api_gateway_resource.petstore",
            "module.api_gateway.aws_api_gateway_rest_api.main",
            "module.api_gateway.aws_api_gateway_stage.main",
            "module.api_gateway.aws_cloudwatch_log_group.api_gateway",
            "module.cognito.aws_cognito_user_pool.main",
            "module.cognito.aws_cognito_user_pool_client.main",
            "module.ecr.aws_ecr_repository.repositories",
            "module.ecs.aws_appautoscaling_policy.food_service_cpu",
            "module.ecs.aws_appautoscaling_policy.pet_service_cpu",
            "module.ecs.aws_appautoscaling_target.food_service",
            "module.ecs.aws_appautoscaling_target.pet_service",
            "module.ecs.aws_cloudwatch_log_group.food_service",
            "module.ecs.aws_cloudwatch_log_group.pet_service",
            "module.ecs.aws_ecs_cluster.main",
            "module.ecs.aws_ecs_cluster_capacity_providers.main",
            "module.ecs.aws_ecs_service.food_service",
            "module.ecs.aws_ecs_service.pet_service",
            "module.ecs.aws_ecs_task_definition.food_service",
            "module.ecs.aws_ecs_task_definition.pet_service",
            "module.ecs.aws_iam_role.ecs_task_execution_role",
            "module.ecs.aws_iam_role.ecs_task_role",
            "module.ecs.aws_iam_role_policy_attachment.ecs_task_execution_role_policy",
            "module.ecs.aws_lb.main",
            "module.ecs.aws_lb_listener.main",
            "module.ecs.aws_lb_listener_rule.food_service",
            "module.ecs.aws_lb_listener_rule.pet_service",
            "module.ecs.aws_lb_target_group.food_service",
            "module.ecs.aws_lb_target_group.pet_service",
            "module.ecs.aws_security_group.alb",
            "module.ecs.aws_security_group.ecs_service",
            "module.ecs.data.aws_region.current",
            "module.rds.aws_db_instance.main",
            "module.rds.aws_security_group.rds",
            "module.rds.random_password.master_password",
            "module.vpc.aws_db_subnet_group.main",
            "module.vpc.aws_subnet.database",
            "module.vpc.aws_subnet.private",
            "module.vpc.aws_subnet.public",
            "module.vpc.aws_vpc.main",
            "random_password.db_password"
          ]
        }
      ]
    },
    {
      "module": "module.api_gateway",
      "mode": "managed",
      "type": "aws_api_gateway_resource",
      "name": "foods",
      "provider": "provider[\"registry.terraform.io/hashicorp/aws\"]",
      "instances": [
        {
          "schema_version": 0,
          "attributes": {
            "id": "6ovy4o",
            "parent_id": "727drk",
            "path": "/petstore/foods",
            "path_part": "foods",
            "rest_api_id": "j3kdz7d2m2"
          },
          "sensitive_attributes": [],
          "identity_schema_version": 0,
          "private": "bnVsbA==",
          "dependencies": [
            "module.api_gateway.aws_api_gateway_resource.petstore",
            "module.api_gateway.aws_api_gateway_rest_api.main",
            "module.cognito.aws_cognito_user_pool.main",
            "module.cognito.aws_cognito_user_pool_client.main",
            "module.ecr.aws_ecr_repository.repositories",
            "module.ecs.aws_appautoscaling_policy.food_service_cpu",
            "module.ecs.aws_appautoscaling_policy.pet_service_cpu",
            "module.ecs.aws_appautoscaling_target.food_service",
            "module.ecs.aws_appautoscaling_target.pet_service",
            "module.ecs.aws_cloudwatch_log_group.food_service",
            "module.ecs.aws_cloudwatch_log_group.pet_service",
            "module.ecs.aws_ecs_cluster.main",
            "module.ecs.aws_ecs_cluster_capacity_providers.main",
            "module.ecs.aws_ecs_service.food_service",
            "module.ecs.aws_ecs_service.pet_service",
            "module.ecs.aws_ecs_task_definition.food_service",
            "module.ecs.aws_ecs_task_definition.pet_service",
            "module.ecs.aws_iam_role.ecs_task_execution_role",
            "module.ecs.aws_iam_role.ecs_task_role",
            "module.ecs.aws_iam_role_policy_attachment.ecs_task_execution_role_policy",
            "module.ecs.aws_lb.main",
            "module.ecs.aws_lb_listener.main",
            "module.ecs.aws_lb_listener_rule.food_service",
            "module.ecs.aws_lb_listener_rule.pet_service",
            "module.ecs.aws_lb_target_group.food_service",
            "module.ecs.aws_lb_target_group.pet_service",
            "module.ecs.aws_security_group.alb",
            "module.ecs.aws_security_group.ecs_service",
            "module.ecs.data.aws_region.current",
            "module.rds.aws_db_instance.main",
            "module.rds.aws_security_group.rds",
            "module.rds.random_password.master_password",
            "module.vpc.aws_db_subnet_group.main",
            "module.vpc.aws_subnet.database",
            "module.vpc.aws_subnet.private",
            "module.vpc.aws_subnet.public",
            "module.vpc.aws_vpc.main",
            "random_password.db_password"
          ],
          "create_before_destroy": true
        }
      ]
    },
    {
      "module": "module.api_gateway",
      "mode": "managed",
      "type": "aws_api_gateway_resource",
      "name": "foods_proxy",
      "provider": "provider[\"registry.terraform.io/hashicorp/aws\"]",
      "instances": [
        {
          "schema_version": 0,
          "attributes": {
            "id": "myxrc0",
            "parent_id": "6ovy4o",
            "path": "/petstore/foods/{proxy+}",
            "path_part": "{proxy+}",
            "rest_api_id": "j3kdz7d2m2"
          },
          "sensitive_attributes": [],
          "identity_schema_version": 0,
          "private": "bnVsbA==",
          "dependencies": [
            "module.api_gateway.aws_api_gateway_resource.foods",
            "module.api_gateway.aws_api_gateway_resource.petstore",
            "module.api_gateway.aws_api_gateway_rest_api.main",
            "module.cognito.aws_cognito_user_pool.main",
            "module.cognito.aws_cognito_user_pool_client.main",
            "module.ecr.aws_ecr_repository.repositories",
            "module.ecs.aws_appautoscaling_policy.food_service_cpu",
            "module.ecs.aws_appautoscaling_policy.pet_service_cpu",
            "module.ecs.aws_appautoscaling_target.food_service",
            "module.ecs.aws_appautoscaling_target.pet_service",
            "module.ecs.aws_cloudwatch_log_group.food_service",
            "module.ecs.aws_cloudwatch_log_group.pet_service",
            "module.ecs.aws_ecs_cluster.main",
            "module.ecs.aws_ecs_cluster_capacity_providers.main",
            "module.ecs.aws_ecs_service.food_service",
            "module.ecs.aws_ecs_service.pet_service",
            "module.ecs.aws_ecs_task_definition.food_service",
            "module.ecs.aws_ecs_task_definition.pet_service",
            "module.ecs.aws_iam_role.ecs_task_execution_role",
            "module.ecs.aws_iam_role.ecs_task_role",
            "module.ecs.aws_iam_role_policy_attachment.ecs_task_execution_role_policy",
            "module.ecs.aws_lb.main",
            "module.ecs.aws_lb_listener.main",
            "module.ecs.aws_lb_listener_rule.food_service",
            "module.ecs.aws_lb_listener_rule.pet_service",
            "module.ecs.aws_lb_target_group.food_service",
            "module.ecs.aws_lb_target_group.pet_service",
            "module.ecs.aws_security_group.alb",
            "module.ecs.aws_security_group.ecs_service",
            "module.ecs.data.aws_region.current",
            "module.rds.aws_db_instance.main",
            "module.rds.aws_security_group.rds",
            "module.rds.random_password.master_password",
            "module.vpc.aws_db_subnet_group.main",
            "module.vpc.aws_subnet.database",
            "module.vpc.aws_subnet.private",
            "module.vpc.aws_subnet.public",
            "module.vpc.aws_vpc.main",
            "random_password.db_password"
          ],
          "create_before_destroy": true
        }
      ]
    },
    {
      "module": "module.api_gateway",
      "mode": "managed",
      "type": "aws_api_gateway_resource",
      "name": "pets",
      "provider": "provider[\"registry.terraform.io/hashicorp/aws\"]",
      "instances": [
        {
          "schema_version": 0,
          "attributes": {
            "id": "9yf8oa",
            "parent_id": "727drk",
            "path": "/petstore/pets",
            "path_part": "pets",
            "rest_api_id": "j3kdz7d2m2"
          },
          "sensitive_attributes": [],
          "identity_schema_version": 0,
          "private": "bnVsbA==",
          "dependencies": [
            "module.api_gateway.aws_api_gateway_resource.petstore",
            "module.api_gateway.aws_api_gateway_rest_api.main",
            "module.cognito.aws_cognito_user_pool.main",
            "module.cognito.aws_cognito_user_pool_client.main",
            "module.ecr.aws_ecr_repository.repositories",
            "module.ecs.aws_appautoscaling_policy.food_service_cpu",
            "module.ecs.aws_appautoscaling_policy.pet_service_cpu",
            "module.ecs.aws_appautoscaling_target.food_service",
            "module.ecs.aws_appautoscaling_target.pet_service",
            "module.ecs.aws_cloudwatch_log_group.food_service",
            "module.ecs.aws_cloudwatch_log_group.pet_service",
            "module.ecs.aws_ecs_cluster.main",
            "module.ecs.aws_ecs_cluster_capacity_providers.main",
            "module.ecs.aws_ecs_service.food_service",
            "module.ecs.aws_ecs_service.pet_service",
            "module.ecs.aws_ecs_task_definition.food_service",
            "module.ecs.aws_ecs_task_definition.pet_service",
            "module.ecs.aws_iam_role.ecs_task_execution_role",
            "module.ecs.aws_iam_role.ecs_task_role",
            "module.ecs.aws_iam_role_policy_attachment.ecs_task_execution_role_policy",
            "module.ecs.aws_lb.main",
            "module.ecs.aws_lb_listener.main",
            "module.ecs.aws_lb_listener_rule.food_service",
            "module.ecs.aws_lb_listener_rule.pet_service",
            "module.ecs.aws_lb_target_group.food_service",
            "module.ecs.aws_lb_target_group.pet_service",
            "module.ecs.aws_security_group.alb",
            "module.ecs.aws_security_group.ecs_service",
            "module.ecs.data.aws_region.current",
            "module.rds.aws_db_instance.main",
            "module.rds.aws_security_group.rds",
            "module.rds.random_password.master_password",
            "module.vpc.aws_db_subnet_group.main",
            "module.vpc.aws_subnet.database",
            "module.vpc.aws_subnet.private",
            "module.vpc.aws_subnet.public",
            "module.vpc.aws_vpc.main",
            "random_password.db_password"
          ],
          "create_before_destroy": true
        }
      ]
    },
    {
      "module": "module.api_gateway",
      "mode": "managed",
      "type": "aws_api_gateway_resource",
      "name": "pets_proxy",
      "provider": "provider[\"registry.terraform.io/hashicorp/aws\"]",
      "instances": [
        {
          "schema_version": 0,
          "attributes": {
            "id": "p5zcri",
            "parent_id": "9yf8oa",
            "path": "/petstore/pets/{proxy+}",
            "path_part": "{proxy+}",
            "rest_api_id": "j3kdz7d2m2"
          },
          "sensitive_attributes": [],
          "identity_schema_version": 0,
          "private": "bnVsbA==",
          "dependencies": [
            "module.api_gateway.aws_api_gateway_resource.pets",
            "module.api_gateway.aws_api_gateway_resource.petstore",
            "module.api_gateway.aws_api_gateway_rest_api.main",
            "module.cognito.aws_cognito_user_pool.main",
            "module.cognito.aws_cognito_user_pool_client.main",
            "module.ecr.aws_ecr_repository.repositories",
            "module.ecs.aws_appautoscaling_policy.food_service_cpu",
            "module.ecs.aws_appautoscaling_policy.pet_service_cpu",
            "module.ecs.aws_appautoscaling_target.food_service",
            "module.ecs.aws_appautoscaling_target.pet_service",
            "module.ecs.aws_cloudwatch_log_group.food_service",
            "module.ecs.aws_cloudwatch_log_group.pet_service",
            "module.ecs.aws_ecs_cluster.main",
            "module.ecs.aws_ecs_cluster_capacity_providers.main",
            "module.ecs.aws_ecs_service.food_service",
            "module.ecs.aws_ecs_service.pet_service",
            "module.ecs.aws_ecs_task_definition.food_service",
            "module.ecs.aws_ecs_task_definition.pet_service",
            "module.ecs.aws_iam_role.ecs_task_execution_role",
            "module.ecs.aws_iam_role.ecs_task_role",
            "module.ecs.aws_iam_role_policy_attachment.ecs_task_execution_role_policy",
            "module.ecs.aws_lb.main",
            "module.ecs.aws_lb_listener.main",
            "module.ecs.aws_lb_listener_rule.food_service",
            "module.ecs.aws_lb_listener_rule.pet_service",
            "module.ecs.aws_lb_target_group.food_service",
            "module.ecs.aws_lb_target_group.pet_service",
            "module.ecs.aws_security_group.alb",
            "module.ecs.aws_security_group.ecs_service",
            "module.ecs.data.aws_region.current",
            "module.rds.aws_db_instance.main",
            "module.rds.aws_security_group.rds",
            "module.rds.random_password.master_password",
            "module.vpc.aws_db_subnet_group.main",
            "module.vpc.aws_subnet.database",
            "module.vpc.aws_subnet.private",
            "module.vpc.aws_subnet.public",
            "module.vpc.aws_vpc.main",
            "random_password.db_password"
          ],
          "create_before_destroy": true
        }
      ]
    },
    {
      "module": "module.api_gateway",
      "mode": "managed",
      "type": "aws_api_gateway_resource",
      "name": "petstore",
      "provider": "provider[\"registry.terraform.io/hashicorp/aws\"]",
      "instances": [
        {
          "schema_version": 0,
          "attributes": {
            "id": "727drk",
            "parent_id": "jqmxg2wtn3",
            "path": "/petstore",
            "path_part": "petstore",
            "rest_api_id": "j3kdz7d2m2"
          },
          "sensitive_attributes": [],
          "identity_schema_version": 0,
          "private": "bnVsbA==",
          "dependencies": [
            "module.api_gateway.aws_api_gateway_rest_api.main",
            "module.cognito.aws_cognito_user_pool.main",
            "module.cognito.aws_cognito_user_pool_client.main",
            "module.ecr.aws_ecr_repository.repositories",
            "module.ecs.aws_appautoscaling_policy.food_service_cpu",
            "module.ecs.aws_appautoscaling_policy.pet_service_cpu",
            "module.ecs.aws_appautoscaling_target.food_service",
            "module.ecs.aws_appautoscaling_target.pet_service",
            "module.ecs.aws_cloudwatch_log_group.food_service",
            "module.ecs.aws_cloudwatch_log_group.pet_service",
            "module.ecs.aws_ecs_cluster.main",
            "module.ecs.aws_ecs_cluster_capacity_providers.main",
            "module.ecs.aws_ecs_service.food_service",
            "module.ecs.aws_ecs_service.pet_service",
            "module.ecs.aws_ecs_task_definition.food_service",
            "module.ecs.aws_ecs_task_definition.pet_service",
            "module.ecs.aws_iam_role.ecs_task_execution_role",
            "module.ecs.aws_iam_role.ecs_task_role",
            "module.ecs.aws_iam_role_policy_attachment.ecs_task_execution_role_policy",
            "module.ecs.aws_lb.main",
            "module.ecs.aws_lb_listener.main",
            "module.ecs.aws_lb_listener_rule.food_service",
            "module.ecs.aws_lb_listener_rule.pet_service",
            "module.ecs.aws_lb_target_group.food_service",
            "module.ecs.aws_lb_target_group.pet_service",
            "module.ecs.aws_security_group.alb",
            "module.ecs.aws_security_group.ecs_service",
            "module.ecs.data.aws_region.current",
            "module.rds.aws_db_instance.main",
            "module.rds.aws_security_group.rds",
            "module.rds.random_password.master_password",
            "module.vpc.aws_db_subnet_group.main",
            "module.vpc.aws_subnet.database",
            "module.vpc.aws_subnet.private",
            "module.vpc.aws_subnet.public",
            "module.vpc.aws_vpc.main",
            "random_password.db_password"
          ],
          "create_before_destroy": true
        }
      ]
    },
    {
      "module": "module.api_gateway",
      "mode": "managed",
      "type": "aws_api_gateway_rest_api",
      "name": "main",
      "provider": "provider[\"registry.terraform.io/hashicorp/aws\"]",
      "instances": [
        {
          "schema_version": 0,
          "attributes": {
            "api_key_source": "HEADER",
            "arn": "arn:aws:apigateway:eu-west-1::/restapis/j3kdz7d2m2",
            "binary_media_types": [],
            "body": null,
            "created_date": "2025-07-18T08:04:42Z",
            "description": "Pet Store API for dev environment",
            "disable_execute_api_endpoint": false,
            "endpoint_configuration": [
              {
                "ip_address_type": "ipv4",
                "types": [
                  "REGIONAL"
                ],
                "vpc_endpoint_ids": []
              }
            ],
            "execution_arn": "arn:aws:execute-api:eu-west-1:869935088019:j3kdz7d2m2",
            "fail_on_warnings": null,
            "id": "j3kdz7d2m2",
            "minimum_compression_size": "",
            "name": "pet-store-dev-api",
            "parameters": null,
            "policy": "",
            "put_rest_api_mode": null,
            "root_resource_id": "jqmxg2wtn3",
            "tags": {
              "Name": "pet-store-dev-api"
            },
            "tags_all": {
              "Environment": "dev",
              "ManagedBy": "terraform",
              "Name": "pet-store-dev-api",
              "Project": "pet-store-microservices"
            }
          },
          "sensitive_attributes": [],
          "identity_schema_version": 0,
          "private": "bnVsbA==",
          "dependencies": [
            "module.cognito.aws_cognito_user_pool.main",
            "module.cognito.aws_cognito_user_pool_client.main",
            "module.ecr.aws_ecr_repository.repositories",
            "module.ecs.aws_appautoscaling_policy.food_service_cpu",
            "module.ecs.aws_appautoscaling_policy.pet_service_cpu",
            "module.ecs.aws_appautoscaling_target.food_service",
            "module.ecs.aws_appautoscaling_target.pet_service",
            "module.ecs.aws_cloudwatch_log_group.food_service",
            "module.ecs.aws_cloudwatch_log_group.pet_service",
            "module.ecs.aws_ecs_cluster.main",
            "module.ecs.aws_ecs_cluster_capacity_providers.main",
            "module.ecs.aws_ecs_service.food_service",
            "module.ecs.aws_ecs_service.pet_service",
            "module.ecs.aws_ecs_task_definition.food_service",
            "module.ecs.aws_ecs_task_definition.pet_service",
            "module.ecs.aws_iam_role.ecs_task_execution_role",
            "module.ecs.aws_iam_role.ecs_task_role",
            "module.ecs.aws_iam_role_policy_attachment.ecs_task_execution_role_policy",
            "module.ecs.aws_lb.main",
            "module.ecs.aws_lb_listener.main",
            "module.ecs.aws_lb_listener_rule.food_service",
            "module.ecs.aws_lb_listener_rule.pet_service",
            "module.ecs.aws_lb_target_group.food_service",
            "module.ecs.aws_lb_target_group.pet_service",
            "module.ecs.aws_security_group.alb",
            "module.ecs.aws_security_group.ecs_service",
            "module.ecs.data.aws_region.current",
            "module.rds.aws_db_instance.main",
            "module.rds.aws_security_group.rds",
            "module.rds.random_password.master_password",
            "module.vpc.aws_db_subnet_group.main",
            "module.vpc.aws_subnet.database",
            "module.vpc.aws_subnet.private",
            "module.vpc.aws_subnet.public",
            "module.vpc.aws_vpc.main",
            "random_password.db_password"
          ],
          "create_before_destroy": true
        }
      ]
    },
    {
      "module": "module.api_gateway",
      "mode": "managed",
      "type": "aws_api_gateway_stage",
      "name": "main",
      "provider": "provider[\"registry.terraform.io/hashicorp/aws\"]",
      "instances": [
        {
          "schema_version": 0,
          "attributes": {
            "access_log_settings": [
              {
                "destination_arn": "arn:aws:logs:eu-west-1:869935088019:log-group:/aws/apigateway/pet-store-dev-api",
                "format": "{\"caller\":\"$context.identity.caller\",\"errorMessage\":\"$context.error.message\",\"errorType\":\"$context.error.messageString\",\"httpMethod\":\"$context.httpMethod\",\"ip\":\"$context.identity.sourceIp\",\"protocol\":\"$context.protocol\",\"requestId\":\"$context.requestId\",\"requestTime\":\"$context.requestTime\",\"resourcePath\":\"$context.resourcePath\",\"responseLength\":\"$context.responseLength\",\"status\":\"$context.status\",\"user\":\"$context.identity.user\"}"
              }
            ],
            "arn": "arn:aws:apigateway:eu-west-1::/restapis/j3kdz7d2m2/stages/dev",
            "cache_cluster_enabled": false,
            "cache_cluster_size": "",
            "canary_settings": [],
            "client_certificate_id": "",
            "deployment_id": "qx9qd1",
            "description": "",
            "documentation_version": "",
            "execution_arn": "arn:aws:execute-api:eu-west-1:869935088019:j3kdz7d2m2/dev",
            "id": "ags-j3kdz7d2m2-dev",
            "invoke_url": "https://j3kdz7d2m2.execute-api.eu-west-1.amazonaws.com/dev",
            "rest_api_id": "j3kdz7d2m2",
            "stage_name": "dev",
            "tags": {
              "Name": "pet-store-dev-api-stage"
            },
            "tags_all": {
              "Environment": "dev",
              "ManagedBy": "terraform",
              "Name": "pet-store-dev-api-stage",
              "Project": "pet-store-microservices"
            },
            "variables": null,
            "web_acl_arn": "",
            "xray_tracing_enabled": false
          },
          "sensitive_attributes": [],
          "identity_schema_version": 0,
          "private": "bnVsbA==",
          "dependencies": [
            "module.api_gateway.aws_api_gateway_deployment.main",
            "module.api_gateway.aws_api_gateway_integration.foods_integration",
            "module.api_gateway.aws_api_gateway_integration.foods_proxy_integration",
            "module.api_gateway.aws_api_gateway_integration.pets_integration",
            "module.api_gateway.aws_api_gateway_integration.pets_proxy_integration",
            "module.api_gateway.aws_api_gateway_method.foods_any",
            "module.api_gateway.aws_api_gateway_method.foods_proxy_any",
            "module.api_gateway.aws_api_gateway_method.pets_any",
            "module.api_gateway.aws_api_gateway_method.pets_proxy_any",
            "module.api_gateway.aws_api_gateway_resource.foods",
            "module.api_gateway.aws_api_gateway_resource.foods_proxy",
            "module.api_gateway.aws_api_gateway_resource.pets",
            "module.api_gateway.aws_api_gateway_resource.pets_proxy",
            "module.api_gateway.aws_api_gateway_resource.petstore",
            "module.api_gateway.aws_api_gateway_rest_api.main",
            "module.api_gateway.aws_cloudwatch_log_group.api_gateway",
            "module.cognito.aws_cognito_user_pool.main",
            "module.cognito.aws_cognito_user_pool_client.main",
            "module.ecr.aws_ecr_repository.repositories",
            "module.ecs.aws_appautoscaling_policy.food_service_cpu",
            "module.ecs.aws_appautoscaling_policy.pet_service_cpu",
            "module.ecs.aws_appautoscaling_target.food_service",
            "module.ecs.aws_appautoscaling_target.pet_service",
            "module.ecs.aws_cloudwatch_log_group.food_service",
            "module.ecs.aws_cloudwatch_log_group.pet_service",
            "module.ecs.aws_ecs_cluster.main",
            "module.ecs.aws_ecs_cluster_capacity_providers.main",
            "module.ecs.aws_ecs_service.food_service",
            "module.ecs.aws_ecs_service.pet_service",
            "module.ecs.aws_ecs_task_definition.food_service",
            "module.ecs.aws_ecs_task_definition.pet_service",
            "module.ecs.aws_iam_role.ecs_task_execution_role",
            "module.ecs.aws_iam_role.ecs_task_role",
            "module.ecs.aws_iam_role_policy_attachment.ecs_task_execution_role_policy",
            "module.ecs.aws_lb.main",
            "module.ecs.aws_lb_listener.main",
            "module.ecs.aws_lb_listener_rule.food_service",
            "module.ecs.aws_lb_listener_rule.pet_service",
            "module.ecs.aws_lb_target_group.food_service",
            "module.ecs.aws_lb_target_group.pet_service",
            "module.ecs.aws_security_group.alb",
            "module.ecs.aws_security_group.ecs_service",
            "module.ecs.data.aws_region.current",
            "module.rds.aws_db_instance.main",
            "module.rds.aws_security_group.rds",
            "module.rds.random_password.master_password",
            "module.vpc.aws_db_subnet_group.main",
            "module.vpc.aws_subnet.database",
            "module.vpc.aws_subnet.private",
            "module.vpc.aws_subnet.public",
            "module.vpc.aws_vpc.main",
            "random_password.db_password"
          ]
        }
      ]
    },
    {
      "module": "module.api_gateway",
      "mode": "managed",
      "type": "aws_cloudwatch_log_group",
      "name": "api_gateway",
      "provider": "provider[\"registry.terraform.io/hashicorp/aws\"]",
      "instances": [
        {
          "index_key": 0,
          "schema_version": 0,
          "attributes": {
            "arn": "arn:aws:logs:eu-west-1:869935088019:log-group:/aws/apigateway/pet-store-dev-api",
            "id": "/aws/apigateway/pet-store-dev-api",
            "kms_key_id": "",
            "log_group_class": "STANDARD",
            "name": "/aws/apigateway/pet-store-dev-api",
            "name_prefix": "",
            "retention_in_days": 7,
            "skip_destroy": false,
            "tags": {
              "Name": "pet-store-dev-api-gateway-logs"
            },
            "tags_all": {
              "Environment": "dev",
              "ManagedBy": "terraform",
              "Name": "pet-store-dev-api-gateway-logs",
              "Project": "pet-store-microservices"
            }
          },
          "sensitive_attributes": [],
          "identity_schema_version": 0,
          "private": "bnVsbA==",
          "dependencies": [
            "module.cognito.aws_cognito_user_pool.main",
            "module.cognito.aws_cognito_user_pool_client.main",
            "module.ecr.aws_ecr_repository.repositories",
            "module.ecs.aws_appautoscaling_policy.food_service_cpu",
            "module.ecs.aws_appautoscaling_policy.pet_service_cpu",
            "module.ecs.aws_appautoscaling_target.food_service",
            "module.ecs.aws_appautoscaling_target.pet_service",
            "module.ecs.aws_cloudwatch_log_group.food_service",
            "module.ecs.aws_cloudwatch_log_group.pet_service",
            "module.ecs.aws_ecs_cluster.main",
            "module.ecs.aws_ecs_cluster_capacity_providers.main",
            "module.ecs.aws_ecs_service.food_service",
            "module.ecs.aws_ecs_service.pet_service",
            "module.ecs.aws_ecs_task_definition.food_service",
            "module.ecs.aws_ecs_task_definition.pet_service",
            "module.ecs.aws_iam_role.ecs_task_execution_role",
            "module.ecs.aws_iam_role.ecs_task_role",
            "module.ecs.aws_iam_role_policy_attachment.ecs_task_execution_role_policy",
            "module.ecs.aws_lb.main",
            "module.ecs.aws_lb_listener.main",
            "module.ecs.aws_lb_listener_rule.food_service",
            "module.ecs.aws_lb_listener_rule.pet_service",
            "module.ecs.aws_lb_target_group.food_service",
            "module.ecs.aws_lb_target_group.pet_service",
            "module.ecs.aws_security_group.alb",
            "module.ecs.aws_security_group.ecs_service",
            "module.ecs.data.aws_region.current",
            "module.rds.aws_db_instance.main",
            "module.rds.aws_security_group.rds",
            "module.rds.random_password.master_password",
            "module.vpc.aws_db_subnet_group.main",
            "module.vpc.aws_subnet.database",
            "module.vpc.aws_subnet.private",
            "module.vpc.aws_subnet.public",
            "module.vpc.aws_vpc.main",
            "random_password.db_password"
          ]
        }
      ]
    },
    {
      "module": "module.api_gateway",
      "mode": "managed",
      "type": "aws_iam_role",
      "name": "api_gateway_authorizer",
      "provider": "provider[\"registry.terraform.io/hashicorp/aws\"]",
      "instances": [
        {
          "schema_version": 0,
          "attributes": {
            "arn": "arn:aws:iam::869935088019:role/pet-store-dev-api-gateway-authorizer-role",
            "assume_role_policy": "{\"Statement\":[{\"Action\":\"sts:AssumeRole\",\"Effect\":\"Allow\",\"Principal\":{\"Service\":\"apigateway.amazonaws.com\"}}],\"Version\":\"2012-10-17\"}",
            "create_date": "2025-07-18T08:04:42Z",
            "description": "",
            "force_detach_policies": false,
            "id": "pet-store-dev-api-gateway-authorizer-role",
            "inline_policy": [],
            "managed_policy_arns": [],
            "max_session_duration": 3600,
            "name": "pet-store-dev-api-gateway-authorizer-role",
            "name_prefix": "",
            "path": "/",
            "permissions_boundary": "",
            "tags": {
              "Name": "pet-store-dev-api-gateway-authorizer-role"
            },
            "tags_all": {
              "Environment": "dev",
              "ManagedBy": "terraform",
              "Name": "pet-store-dev-api-gateway-authorizer-role",
              "Project": "pet-store-microservices"
            },
            "unique_id": "AROA4VDBMAGJQG2PHAHOO"
          },
          "sensitive_attributes": [],
          "identity_schema_version": 0,
          "private": "bnVsbA==",
          "dependencies": [
            "module.cognito.aws_cognito_user_pool.main",
            "module.cognito.aws_cognito_user_pool_client.main",
            "module.ecr.aws_ecr_repository.repositories",
            "module.ecs.aws_appautoscaling_policy.food_service_cpu",
            "module.ecs.aws_appautoscaling_policy.pet_service_cpu",
            "module.ecs.aws_appautoscaling_target.food_service",
            "module.ecs.aws_appautoscaling_target.pet_service",
            "module.ecs.aws_cloudwatch_log_group.food_service",
            "module.ecs.aws_cloudwatch_log_group.pet_service",
            "module.ecs.aws_ecs_cluster.main",
            "module.ecs.aws_ecs_cluster_capacity_providers.main",
            "module.ecs.aws_ecs_service.food_service",
            "module.ecs.aws_ecs_service.pet_service",
            "module.ecs.aws_ecs_task_definition.food_service",
            "module.ecs.aws_ecs_task_definition.pet_service",
            "module.ecs.aws_iam_role.ecs_task_execution_role",
            "module.ecs.aws_iam_role.ecs_task_role",
            "module.ecs.aws_iam_role_policy_attachment.ecs_task_execution_role_policy",
            "module.ecs.aws_lb.main",
            "module.ecs.aws_lb_listener.main",
            "module.ecs.aws_lb_listener_rule.food_service",
            "module.ecs.aws_lb_listener_rule.pet_service",
            "module.ecs.aws_lb_target_group.food_service",
            "module.ecs.aws_lb_target_group.pet_service",
            "module.ecs.aws_security_group.alb",
            "module.ecs.aws_security_group.ecs_service",
            "module.ecs.data.aws_region.current",
            "module.rds.aws_db_instance.main",
            "module.rds.aws_security_group.rds",
            "module.rds.random_password.master_password",
            "module.vpc.aws_db_subnet_group.main",
            "module.vpc.aws_subnet.database",
            "module.vpc.aws_subnet.private",
            "module.vpc.aws_subnet.public",
            "module.vpc.aws_vpc.main",
            "random_password.db_password"
          ]
        }
      ]
    },
    {
      "module": "module.api_gateway",
      "mode": "managed",
      "type": "aws_iam_role",
      "name": "api_gateway_logs",
      "provider": "provider[\"registry.terraform.io/hashicorp/aws\"]",
      "instances": [
        {
          "index_key": 0,
          "schema_version": 0,
          "attributes": {
            "arn": "arn:aws:iam::869935088019:role/pet-store-dev-api-gateway-logs-role",
            "assume_role_policy": "{\"Statement\":[{\"Action\":\"sts:AssumeRole\",\"Effect\":\"Allow\",\"Principal\":{\"Service\":\"apigateway.amazonaws.com\"}}],\"Version\":\"2012-10-17\"}",
            "create_date": "2025-07-18T08:04:42Z",
            "description": "",
            "force_detach_policies": false,
            "id": "pet-store-dev-api-gateway-logs-role",
            "inline_policy": [],
            "managed_policy_arns": [],
            "max_session_duration": 3600,
            "name": "pet-store-dev-api-gateway-logs-role",
            "name_prefix": "",
            "path": "/",
            "permissions_boundary": "",
            "tags": {
              "Name": "pet-store-dev-api-gateway-logs-role"
            },
            "tags_all": {
              "Environment": "dev",
              "ManagedBy": "terraform",
              "Name": "pet-store-dev-api-gateway-logs-role",
              "Project": "pet-store-microservices"
            },
            "unique_id": "AROA4VDBMAGJ47TKAT2ND"
          },
          "sensitive_attributes": [],
          "identity_schema_version": 0,
          "private": "bnVsbA==",
          "dependencies": [
            "module.cognito.aws_cognito_user_pool.main",
            "module.cognito.aws_cognito_user_pool_client.main",
            "module.ecr.aws_ecr_repository.repositories",
            "module.ecs.aws_appautoscaling_policy.food_service_cpu",
            "module.ecs.aws_appautoscaling_policy.pet_service_cpu",
            "module.ecs.aws_appautoscaling_target.food_service",
            "module.ecs.aws_appautoscaling_target.pet_service",
            "module.ecs.aws_cloudwatch_log_group.food_service",
            "module.ecs.aws_cloudwatch_log_group.pet_service",
            "module.ecs.aws_ecs_cluster.main",
            "module.ecs.aws_ecs_cluster_capacity_providers.main",
            "module.ecs.aws_ecs_service.food_service",
            "module.ecs.aws_ecs_service.pet_service",
            "module.ecs.aws_ecs_task_definition.food_service",
            "module.ecs.aws_ecs_task_definition.pet_service",
            "module.ecs.aws_iam_role.ecs_task_execution_role",
            "module.ecs.aws_iam_role.ecs_task_role",
            "module.ecs.aws_iam_role_policy_attachment.ecs_task_execution_role_policy",
            "module.ecs.aws_lb.main",
            "module.ecs.aws_lb_listener.main",
            "module.ecs.aws_lb_listener_rule.food_service",
            "module.ecs.aws_lb_listener_rule.pet_service",
            "module.ecs.aws_lb_target_group.food_service",
            "module.ecs.aws_lb_target_group.pet_service",
            "module.ecs.aws_security_group.alb",
            "module.ecs.aws_security_group.ecs_service",
            "module.ecs.data.aws_region.current",
            "module.rds.aws_db_instance.main",
            "module.rds.aws_security_group.rds",
            "module.rds.random_password.master_password",
            "module.vpc.aws_db_subnet_group.main",
            "module.vpc.aws_subnet.database",
            "module.vpc.aws_subnet.private",
            "module.vpc.aws_subnet.public",
            "module.vpc.aws_vpc.main",
            "random_password.db_password"
          ]
        }
      ]
    },
    {
      "module": "module.api_gateway",
      "mode": "managed",
      "type": "aws_iam_role_policy_attachment",
      "name": "api_gateway_logs",
      "provider": "provider[\"registry.terraform.io/hashicorp/aws\"]",
      "instances": [
        {
          "index_key": 0,
          "schema_version": 0,
          "attributes": {
            "id": "pet-store-dev-api-gateway-logs-role-2025071808044321470000000c",
            "policy_arn": "arn:aws:iam::aws:policy/service-role/AmazonAPIGatewayPushToCloudWatchLogs",
            "role": "pet-store-dev-api-gateway-logs-role"
          },
          "sensitive_attributes": [],
          "identity_schema_version": 0,
          "private": "bnVsbA==",
          "dependencies": [
            "module.api_gateway.aws_iam_role.api_gateway_logs",
            "module.cognito.aws_cognito_user_pool.main",
            "module.cognito.aws_cognito_user_pool_client.main",
            "module.ecr.aws_ecr_repository.repositories",
            "module.ecs.aws_appautoscaling_policy.food_service_cpu",
            "module.ecs.aws_appautoscaling_policy.pet_service_cpu",
            "module.ecs.aws_appautoscaling_target.food_service",
            "module.ecs.aws_appautoscaling_target.pet_service",
            "module.ecs.aws_cloudwatch_log_group.food_service",
            "module.ecs.aws_cloudwatch_log_group.pet_service",
            "module.ecs.aws_ecs_cluster.main",
            "module.ecs.aws_ecs_cluster_capacity_providers.main",
            "module.ecs.aws_ecs_service.food_service",
            "module.ecs.aws_ecs_service.pet_service",
            "module.ecs.aws_ecs_task_definition.food_service",
            "module.ecs.aws_ecs_task_definition.pet_service",
            "module.ecs.aws_iam_role.ecs_task_execution_role",
            "module.ecs.aws_iam_role.ecs_task_role",
            "module.ecs.aws_iam_role_policy_attachment.ecs_task_execution_role_policy",
            "module.ecs.aws_lb.main",
            "module.ecs.aws_lb_listener.main",
            "module.ecs.aws_lb_listener_rule.food_service",
            "module.ecs.aws_lb_listener_rule.pet_service",
            "module.ecs.aws_lb_target_group.food_service",
            "module.ecs.aws_lb_target_group.pet_service",
            "module.ecs.aws_security_group.alb",
            "module.ecs.aws_security_group.ecs_service",
            "module.ecs.data.aws_region.current",
            "module.rds.aws_db_instance.main",
            "module.rds.aws_security_group.rds",
            "module.rds.random_password.master_password",
            "module.vpc.aws_db_subnet_group.main",
            "module.vpc.aws_subnet.database",
            "module.vpc.aws_subnet.private",
            "module.vpc.aws_subnet.public",
            "module.vpc.aws_vpc.main",
            "random_password.db_password"
          ]
        }
      ]
    },
    {
      "module": "module.cognito",
      "mode": "data",
      "type": "aws_region",
      "name": "current",
      "provider": "provider[\"registry.terraform.io/hashicorp/aws\"]",
      "instances": [
        {
          "schema_version": 0,
          "attributes": {
            "description": "Europe (Ireland)",
            "endpoint": "ec2.eu-west-1.amazonaws.com",
            "id": "eu-west-1",
            "name": "eu-west-1"
          },
          "sensitive_attributes": [],
          "identity_schema_version": 0
        }
      ]
    },
    {
      "module": "module.cognito",
      "mode": "managed",
      "type": "aws_cognito_user_pool",
      "name": "main",
      "provider": "provider[\"registry.terraform.io/hashicorp/aws\"]",
      "instances": [
        {
          "schema_version": 0,
          "attributes": {
            "account_recovery_setting": [
              {
                "recovery_mechanism": [
                  {
                    "name": "verified_email",
                    "priority": 1
                  }
                ]
              }
            ],
            "admin_create_user_config": [
              {
                "allow_admin_create_user_only": false,
                "invite_message_template": []
              }
            ],
            "alias_attributes": null,
            "arn": "arn:aws:cognito-idp:eu-west-1:869935088019:userpool/eu-west-1_TDhFk8TQ8",
            "auto_verified_attributes": [
              "email"
            ],
            "creation_date": "2025-07-18T07:57:41Z",
            "custom_domain": "",
            "deletion_protection": "INACTIVE",
            "device_configuration": [],
            "domain": "",
            "email_configuration": [
              {
                "configuration_set": "",
                "email_sending_account": "COGNITO_DEFAULT",
                "from_email_address": "",
                "reply_to_email_address": "",
                "source_arn": ""
              }
            ],
            "email_mfa_configuration": [],
            "email_verification_message": "",
            "email_verification_subject": "",
            "endpoint": "cognito-idp.eu-west-1.amazonaws.com/eu-west-1_TDhFk8TQ8",
            "estimated_number_of_users": 0,
            "id": "eu-west-1_TDhFk8TQ8",
            "lambda_config": [],
            "last_modified_date": "2025-07-18T07:57:41Z",
            "mfa_configuration": "OFF",
            "name": "pet-store-dev-user-pool",
            "password_policy": [
              {
                "minimum_length": 8,
                "password_history_size": 0,
                "require_lowercase": true,
                "require_numbers": true,
                "require_symbols": false,
                "require_uppercase": true,
                "temporary_password_validity_days": 7
              }
            ],
            "schema": [
              {
                "attribute_data_type": "String",
                "developer_only_attribute": null,
                "mutable": true,
                "name": "email",
                "number_attribute_constraints": [],
                "required": true,
                "string_attribute_constraints": []
              },
              {
                "attribute_data_type": "String",
                "developer_only_attribute": null,
                "mutable": true,
                "name": "name",
                "number_attribute_constraints": [],
                "required": true,
                "string_attribute_constraints": []
              }
            ],
            "sign_in_policy": [
              {
                "allowed_first_auth_factors": [
                  "PASSWORD"
                ]
              }
            ],
            "sms_authentication_message": "",
            "sms_configuration": [],
            "sms_verification_message": "",
            "software_token_mfa_configuration": [],
            "tags": {
              "Name": "pet-store-dev-user-pool"
            },
            "tags_all": {
              "Environment": "dev",
              "ManagedBy": "terraform",
              "Name": "pet-store-dev-user-pool",
              "Project": "pet-store-microservices"
            },
            "user_attribute_update_settings": [],
            "user_pool_add_ons": [
              {
                "advanced_security_additional_flows": [
                  {
                    "custom_auth_mode": "AUDIT"
                  }
                ],
                "advanced_security_mode": "OFF"
              }
            ],
            "user_pool_tier": "ESSENTIALS",
            "username_attributes": [
              "email"
            ],
            "username_configuration": [],
            "verification_message_template": [
              {
                "default_email_option": "CONFIRM_WITH_CODE",
                "email_message": "",
                "email_message_by_link": "",
                "email_subject": "",
                "email_subject_by_link": "",
                "sms_message": ""
              }
            ],
            "web_authn_configuration": []
          },
          "sensitive_attributes": [],
          "identity_schema_version": 0,
          "private": "bnVsbA==",
          "create_before_destroy": true
        }
      ]
    },
    {
      "module": "module.cognito",
      "mode": "managed",
      "type": "aws_cognito_user_pool_client",
      "name": "main",
      "provider": "provider[\"registry.terraform.io/hashicorp/aws\"]",
      "instances": [
        {
          "schema_version": 0,
          "attributes": {
            "access_token_validity": 60,
            "allowed_oauth_flows": [
              "code",
              "implicit"
            ],
            "allowed_oauth_flows_user_pool_client": true,
            "allowed_oauth_scopes": [
              "email",
              "openid",
              "profile"
            ],
            "analytics_configuration": [],
            "auth_session_validity": 3,
            "callback_urls": [
              "https://localhost:3000/callback"
            ],
            "client_secret": "",
            "default_redirect_uri": "",
            "enable_propagate_additional_user_context_data": false,
            "enable_token_revocation": true,
            "explicit_auth_flows": [
              "ADMIN_NO_SRP_AUTH",
              "USER_PASSWORD_AUTH"
            ],
            "generate_secret": false,
            "id": "2n2t2mfa8tn6o6m8e474o6tq3j",
            "id_token_validity": 60,
            "logout_urls": [
              "https://localhost:3000/logout"
            ],
            "name": "pet-store-dev-client",
            "prevent_user_existence_errors": "ENABLED",
            "read_attributes": [],
            "refresh_token_rotation": [],
            "refresh_token_validity": 30,
            "supported_identity_providers": [
              "COGNITO"
            ],
            "token_validity_units": [
              {
                "access_token": "minutes",
                "id_token": "minutes",
                "refresh_token": "days"
              }
            ],
            "user_pool_id": "eu-west-1_TDhFk8TQ8",
            "write_attributes": []
          },
          "sensitive_attributes": [
            [
              {
                "type": "get_attr",
                "value": "client_secret"
              }
            ]
          ],
          "identity_schema_version": 0,
          "dependencies": [
            "module.cognito.aws_cognito_user_pool.main"
          ],
          "create_before_destroy": true
        }
      ]
    },
    {
      "module": "module.ecr",
      "mode": "data",
      "type": "aws_caller_identity",
      "name": "current",
      "provider": "provider[\"registry.terraform.io/hashicorp/aws\"]",
      "instances": [
        {
          "schema_version": 0,
          "attributes": {
            "account_id": "869935088019",
            "arn": "arn:aws:sts::869935088019:assumed-role/AWSReservedSSO_Developer_869935088019_d5980f12b0ec1173/Timea.Fodor@msg.group",
            "id": "869935088019",
            "user_id": "AROA4VDBMAGJQOU3YHNK6:Timea.Fodor@msg.group"
          },
          "sensitive_attributes": [],
          "identity_schema_version": 0
        }
      ]
    },
    {
      "module": "module.ecr",
      "mode": "data",
      "type": "aws_region",
      "name": "current",
      "provider": "provider[\"registry.terraform.io/hashicorp/aws\"]",
      "instances": [
        {
          "schema_version": 0,
          "attributes": {
            "description": "Europe (Ireland)",
            "endpoint": "ec2.eu-west-1.amazonaws.com",
            "id": "eu-west-1",
            "name": "eu-west-1"
          },
          "sensitive_attributes": [],
          "identity_schema_version": 0
        }
      ]
    },
    {
      "module": "module.ecr",
      "mode": "managed",
      "type": "aws_ecr_lifecycle_policy",
      "name": "policy",
      "provider": "provider[\"registry.terraform.io/hashicorp/aws\"]",
      "instances": [
        {
          "index_key": "food-service",
          "schema_version": 0,
          "attributes": {
            "id": "pet-store-dev-food-service",
            "policy": "{\"rules\":[{\"action\":{\"type\":\"expire\"},\"description\":\"Keep last 10 tagged images\",\"rulePriority\":1,\"selection\":{\"countNumber\":10,\"countType\":\"imageCountMoreThan\",\"tagPrefixList\":[\"v\",\"latest\"],\"tagStatus\":\"tagged\"}},{\"action\":{\"type\":\"expire\"},\"description\":\"Delete untagged images older than 1 day(s)\",\"rulePriority\":2,\"selection\":{\"countNumber\":1,\"countType\":\"sinceImagePushed\",\"countUnit\":\"days\",\"tagStatus\":\"untagged\"}}]}",
            "registry_id": "869935088019",
            "repository": "pet-store-dev-food-service"
          },
          "sensitive_attributes": [],
          "identity_schema_version": 0,
          "private": "bnVsbA==",
          "dependencies": [
            "module.ecr.aws_ecr_repository.repositories"
          ]
        },
        {
          "index_key": "pet-service",
          "schema_version": 0,
          "attributes": {
            "id": "pet-store-dev-pet-service",
            "policy": "{\"rules\":[{\"action\":{\"type\":\"expire\"},\"description\":\"Keep last 10 tagged images\",\"rulePriority\":1,\"selection\":{\"countNumber\":10,\"countType\":\"imageCountMoreThan\",\"tagPrefixList\":[\"v\",\"latest\"],\"tagStatus\":\"tagged\"}},{\"action\":{\"type\":\"expire\"},\"description\":\"Delete untagged images older than 1 day(s)\",\"rulePriority\":2,\"selection\":{\"countNumber\":1,\"countType\":\"sinceImagePushed\",\"countUnit\":\"days\",\"tagStatus\":\"untagged\"}}]}",
            "registry_id": "869935088019",
            "repository": "pet-store-dev-pet-service"
          },
          "sensitive_attributes": [],
          "identity_schema_version": 0,
          "private": "bnVsbA==",
          "dependencies": [
            "module.ecr.aws_ecr_repository.repositories"
          ]
        }
      ]
    },
    {
      "module": "module.ecr",
      "mode": "managed",
      "type": "aws_ecr_repository",
      "name": "repositories",
      "provider": "provider[\"registry.terraform.io/hashicorp/aws\"]",
      "instances": [
        {
          "index_key": "food-service",
          "schema_version": 0,
          "attributes": {
            "arn": "arn:aws:ecr:eu-west-1:869935088019:repository/pet-store-dev-food-service",
            "encryption_configuration": [
              {
                "encryption_type": "AES256",
                "kms_key": ""
              }
            ],
            "force_delete": null,
            "id": "pet-store-dev-food-service",
            "image_scanning_configuration": [
              {
                "scan_on_push": true
              }
            ],
            "image_tag_mutability": "MUTABLE",
            "name": "pet-store-dev-food-service",
            "registry_id": "869935088019",
            "repository_url": "869935088019.dkr.ecr.eu-west-1.amazonaws.com/pet-store-dev-food-service",
            "tags": {
              "Environment": "dev",
              "Name": "pet-store-dev-food-service",
              "Project": "pet-store",
              "Service": "food-service"
            },
            "tags_all": {
              "Environment": "dev",
              "ManagedBy": "terraform",
              "Name": "pet-store-dev-food-service",
              "Project": "pet-store",
              "Service": "food-service"
            },
            "timeouts": null
          },
          "sensitive_attributes": [],
          "identity_schema_version": 0,
          "private": "eyJlMmJmYjczMC1lY2FhLTExZTYtOGY4OC0zNDM2M2JjN2M0YzAiOnsiZGVsZXRlIjoxMjAwMDAwMDAwMDAwfX0=",
          "create_before_destroy": true
        },
        {
          "index_key": "pet-service",
          "schema_version": 0,
          "attributes": {
            "arn": "arn:aws:ecr:eu-west-1:869935088019:repository/pet-store-dev-pet-service",
            "encryption_configuration": [
              {
                "encryption_type": "AES256",
                "kms_key": ""
              }
            ],
            "force_delete": null,
            "id": "pet-store-dev-pet-service",
            "image_scanning_configuration": [
              {
                "scan_on_push": true
              }
            ],
            "image_tag_mutability": "MUTABLE",
            "name": "pet-store-dev-pet-service",
            "registry_id": "869935088019",
            "repository_url": "869935088019.dkr.ecr.eu-west-1.amazonaws.com/pet-store-dev-pet-service",
            "tags": {
              "Environment": "dev",
              "Name": "pet-store-dev-pet-service",
              "Project": "pet-store",
              "Service": "pet-service"
            },
            "tags_all": {
              "Environment": "dev",
              "ManagedBy": "terraform",
              "Name": "pet-store-dev-pet-service",
              "Project": "pet-store",
              "Service": "pet-service"
            },
            "timeouts": null
          },
          "sensitive_attributes": [],
          "identity_schema_version": 0,
          "private": "eyJlMmJmYjczMC1lY2FhLTExZTYtOGY4OC0zNDM2M2JjN2M0YzAiOnsiZGVsZXRlIjoxMjAwMDAwMDAwMDAwfX0=",
          "create_before_destroy": true
        }
      ]
    },
    {
      "module": "module.ecr",
      "mode": "managed",
      "type": "aws_ecr_repository_policy",
      "name": "policy",
      "provider": "provider[\"registry.terraform.io/hashicorp/aws\"]",
      "instances": [
        {
          "index_key": "food-service",
          "schema_version": 0,
          "attributes": {
            "id": "pet-store-dev-food-service",
            "policy": "{\"Statement\":[{\"Action\":[\"ecr:BatchCheckLayerAvailability\",\"ecr:BatchGetImage\",\"ecr:CompleteLayerUpload\",\"ecr:GetDownloadUrlForLayer\",\"ecr:InitiateLayerUpload\",\"ecr:PutImage\",\"ecr:UploadLayerPart\"],\"Effect\":\"Allow\",\"Principal\":{\"AWS\":\"arn:aws:iam::869935088019:root\"},\"Sid\":\"AllowPushPull\"}],\"Version\":\"2012-10-17\"}",
            "registry_id": "869935088019",
            "repository": "pet-store-dev-food-service"
          },
          "sensitive_attributes": [],
          "identity_schema_version": 0,
          "private": "bnVsbA==",
          "dependencies": [
            "module.ecr.aws_ecr_repository.repositories",
            "module.ecr.data.aws_caller_identity.current"
          ]
        },
        {
          "index_key": "pet-service",
          "schema_version": 0,
          "attributes": {
            "id": "pet-store-dev-pet-service",
            "policy": "{\"Statement\":[{\"Action\":[\"ecr:BatchCheckLayerAvailability\",\"ecr:BatchGetImage\",\"ecr:CompleteLayerUpload\",\"ecr:GetDownloadUrlForLayer\",\"ecr:InitiateLayerUpload\",\"ecr:PutImage\",\"ecr:UploadLayerPart\"],\"Effect\":\"Allow\",\"Principal\":{\"AWS\":\"arn:aws:iam::869935088019:root\"},\"Sid\":\"AllowPushPull\"}],\"Version\":\"2012-10-17\"}",
            "registry_id": "869935088019",
            "repository": "pet-store-dev-pet-service"
          },
          "sensitive_attributes": [],
          "identity_schema_version": 0,
          "private": "bnVsbA==",
          "dependencies": [
            "module.ecr.aws_ecr_repository.repositories",
            "module.ecr.data.aws_caller_identity.current"
          ]
        }
      ]
    },
    {
      "module": "module.ecs",
      "mode": "data",
      "type": "aws_region",
      "name": "current",
      "provider": "provider[\"registry.terraform.io/hashicorp/aws\"]",
      "instances": [
        {
          "schema_version": 0,
          "attributes": {
            "description": "Europe (Ireland)",
            "endpoint": "ec2.eu-west-1.amazonaws.com",
            "id": "eu-west-1",
            "name": "eu-west-1"
          },
          "sensitive_attributes": [],
          "identity_schema_version": 0
        }
      ]
    },
    {
      "module": "module.ecs",
      "mode": "managed",
      "type": "aws_cloudwatch_log_group",
      "name": "food_service",
      "provider": "provider[\"registry.terraform.io/hashicorp/aws\"]",
      "instances": [
        {
          "index_key": 0,
          "schema_version": 0,
          "attributes": {
            "arn": "arn:aws:logs:eu-west-1:869935088019:log-group:/ecs/pet-store-dev-food-service",
            "id": "/ecs/pet-store-dev-food-service",
            "kms_key_id": "",
            "log_group_class": "STANDARD",
            "name": "/ecs/pet-store-dev-food-service",
            "name_prefix": "",
            "retention_in_days": 7,
            "skip_destroy": false,
            "tags": {
              "Name": "pet-store-dev-food-service-logs"
            },
            "tags_all": {
              "Environment": "dev",
              "ManagedBy": "terraform",
              "Name": "pet-store-dev-food-service-logs",
              "Project": "pet-store-microservices"
            }
          },
          "sensitive_attributes": [],
          "identity_schema_version": 0,
          "private": "bnVsbA==",
          "create_before_destroy": true
        }
      ]
    },
    {
      "module": "module.ecs",
      "mode": "managed",
      "type": "aws_cloudwatch_log_group",
      "name": "pet_service",
      "provider": "provider[\"registry.terraform.io/hashicorp/aws\"]",
      "instances": [
        {
          "index_key": 0,
          "schema_version": 0,
          "attributes": {
            "arn": "arn:aws:logs:eu-west-1:869935088019:log-group:/ecs/pet-store-dev-pet-service",
            "id": "/ecs/pet-store-dev-pet-service",
            "kms_key_id": "",
            "log_group_class": "STANDARD",
            "name": "/ecs/pet-store-dev-pet-service",
            "name_prefix": "",
            "retention_in_days": 7,
            "skip_destroy": false,
            "tags": {
              "Name": "pet-store-dev-pet-service-logs"
            },
            "tags_all": {
              "Environment": "dev",
              "ManagedBy": "terraform",
              "Name": "pet-store-dev-pet-service-logs",
              "Project": "pet-store-microservices"
            }
          },
          "sensitive_attributes": [],
          "identity_schema_version": 0,
          "private": "bnVsbA==",
          "create_before_destroy": true
        }
      ]
    },
    {
      "module": "module.ecs",
      "mode": "managed",
      "type": "aws_ecs_cluster",
      "name": "main",
      "provider": "provider[\"registry.terraform.io/hashicorp/aws\"]",
      "instances": [
        {
          "schema_version": 0,
          "attributes": {
            "arn": "arn:aws:ecs:eu-west-1:869935088019:cluster/pet-store-dev-cluster",
            "configuration": [],
            "id": "arn:aws:ecs:eu-west-1:869935088019:cluster/pet-store-dev-cluster",
            "name": "pet-store-dev-cluster",
            "service_connect_defaults": [],
            "setting": [
              {
                "name": "containerInsights",
                "value": "enabled"
              }
            ],
            "tags": {
              "Name": "pet-store-dev-cluster"
            },
            "tags_all": {
              "Environment": "dev",
              "ManagedBy": "terraform",
              "Name": "pet-store-dev-cluster",
              "Project": "pet-store-microservices"
            }
          },
          "sensitive_attributes": [],
          "identity_schema_version": 0,
          "private": "bnVsbA==",
          "create_before_destroy": true
        }
      ]
    },
    {
      "module": "module.ecs",
      "mode": "managed",
      "type": "aws_ecs_cluster_capacity_providers",
      "name": "main",
      "provider": "provider[\"registry.terraform.io/hashicorp/aws\"]",
      "instances": [
        {
          "schema_version": 0,
          "attributes": {
            "capacity_providers": [
              "FARGATE",
              "FARGATE_SPOT"
            ],
            "cluster_name": "pet-store-dev-cluster",
            "default_capacity_provider_strategy": [
              {
                "base": 1,
                "capacity_provider": "FARGATE",
                "weight": 100
              }
            ],
            "id": "pet-store-dev-cluster"
          },
          "sensitive_attributes": [],
          "identity_schema_version": 0,
          "private": "bnVsbA==",
          "dependencies": [
            "module.ecs.aws_ecs_cluster.main"
          ],
          "create_before_destroy": true
        }
      ]
    },
    {
      "module": "module.ecs",
      "mode": "managed",
      "type": "aws_ecs_service",
      "name": "food_service",
      "provider": "provider[\"registry.terraform.io/hashicorp/aws\"]",
      "instances": [
        {
          "schema_version": 1,
          "attributes": {
            "alarms": [],
            "availability_zone_rebalancing": "DISABLED",
            "capacity_provider_strategy": [],
            "cluster": "arn:aws:ecs:eu-west-1:869935088019:cluster/pet-store-dev-cluster",
            "deployment_circuit_breaker": [
              {
                "enable": false,
                "rollback": false
              }
            ],
            "deployment_controller": [
              {
                "type": "ECS"
              }
            ],
            "deployment_maximum_percent": 200,
            "deployment_minimum_healthy_percent": 100,
            "desired_count": 1,
            "enable_ecs_managed_tags": false,
            "enable_execute_command": false,
            "force_delete": null,
            "force_new_deployment": null,
            "health_check_grace_period_seconds": 0,
            "iam_role": "/aws-service-role/ecs.amazonaws.com/AWSServiceRoleForECS",
            "id": "arn:aws:ecs:eu-west-1:869935088019:service/pet-store-dev-cluster/pet-store-dev-food-service",
            "launch_type": "FARGATE",
            "load_balancer": [
              {
                "container_name": "food-service",
                "container_port": 8001,
                "elb_name": "",
                "target_group_arn": "arn:aws:elasticloadbalancing:eu-west-1:869935088019:targetgroup/pet-store-dev-food-tg/a768e7dfb9a1984e"
              }
            ],
            "name": "pet-store-dev-food-service",
            "network_configuration": [
              {
                "assign_public_ip": false,
                "security_groups": [
                  "sg-0548fe969f3dd2657"
                ],
                "subnets": [
                  "subnet-03b183a6612919320",
                  "subnet-0de34507be39a45a2"
                ]
              }
            ],
            "ordered_placement_strategy": [],
            "placement_constraints": [],
            "platform_version": "LATEST",
            "propagate_tags": "NONE",
            "scheduling_strategy": "REPLICA",
            "service_connect_configuration": [],
            "service_registries": [],
            "tags": {
              "Name": "pet-store-dev-food-service"
            },
            "tags_all": {
              "Environment": "dev",
              "ManagedBy": "terraform",
              "Name": "pet-store-dev-food-service",
              "Project": "pet-store-microservices"
            },
            "task_definition": "arn:aws:ecs:eu-west-1:869935088019:task-definition/pet-store-dev-food-service:4",
            "timeouts": null,
            "triggers": {},
            "volume_configuration": [],
            "vpc_lattice_configurations": [],
            "wait_for_steady_state": false
          },
          "sensitive_attributes": [],
          "identity_schema_version": 0,
          "private": "eyJlMmJmYjczMC1lY2FhLTExZTYtOGY4OC0zNDM2M2JjN2M0YzAiOnsiY3JlYXRlIjoxMjAwMDAwMDAwMDAwLCJkZWxldGUiOjEyMDAwMDAwMDAwMDAsInVwZGF0ZSI6MTIwMDAwMDAwMDAwMH0sInNjaGVtYV92ZXJzaW9uIjoiMSJ9",
          "dependencies": [
            "module.cognito.aws_cognito_user_pool.main",
            "module.cognito.aws_cognito_user_pool_client.main",
            "module.ecr.aws_ecr_repository.repositories",
            "module.ecs.aws_cloudwatch_log_group.food_service",
            "module.ecs.aws_ecs_cluster.main",
            "module.ecs.aws_ecs_task_definition.food_service",
            "module.ecs.aws_iam_role.ecs_task_execution_role",
            "module.ecs.aws_iam_role.ecs_task_role",
            "module.ecs.aws_lb.main",
            "module.ecs.aws_lb_listener.main",
            "module.ecs.aws_lb_listener_rule.food_service",
            "module.ecs.aws_lb_target_group.food_service",
            "module.ecs.aws_security_group.alb",
            "module.ecs.aws_security_group.ecs_service",
            "module.ecs.data.aws_region.current",
            "module.rds.aws_db_instance.main",
            "module.rds.aws_security_group.rds",
            "module.rds.random_password.master_password",
            "module.vpc.aws_db_subnet_group.main",
            "module.vpc.aws_subnet.database",
            "module.vpc.aws_subnet.private",
            "module.vpc.aws_subnet.public",
            "module.vpc.aws_vpc.main",
            "random_password.db_password"
          ],
          "create_before_destroy": true
        }
      ]
    },
    {
      "module": "module.ecs",
      "mode": "managed",
      "type": "aws_ecs_service",
      "name": "pet_service",
      "provider": "provider[\"registry.terraform.io/hashicorp/aws\"]",
      "instances": [
        {
          "schema_version": 1,
          "attributes": {
            "alarms": [],
            "availability_zone_rebalancing": "DISABLED",
            "capacity_provider_strategy": [],
            "cluster": "arn:aws:ecs:eu-west-1:869935088019:cluster/pet-store-dev-cluster",
            "deployment_circuit_breaker": [
              {
                "enable": false,
                "rollback": false
              }
            ],
            "deployment_controller": [
              {
                "type": "ECS"
              }
            ],
            "deployment_maximum_percent": 200,
            "deployment_minimum_healthy_percent": 100,
            "desired_count": 1,
            "enable_ecs_managed_tags": false,
            "enable_execute_command": false,
            "force_delete": null,
            "force_new_deployment": null,
            "health_check_grace_period_seconds": 0,
            "iam_role": "/aws-service-role/ecs.amazonaws.com/AWSServiceRoleForECS",
            "id": "arn:aws:ecs:eu-west-1:869935088019:service/pet-store-dev-cluster/pet-store-dev-pet-service",
            "launch_type": "FARGATE",
            "load_balancer": [
              {
                "container_name": "pet-service",
                "container_port": 8000,
                "elb_name": "",
                "target_group_arn": "arn:aws:elasticloadbalancing:eu-west-1:869935088019:targetgroup/pet-store-dev-pet-tg/965844f4909e5ef2"
              }
            ],
            "name": "pet-store-dev-pet-service",
            "network_configuration": [
              {
                "assign_public_ip": false,
                "security_groups": [
                  "sg-0548fe969f3dd2657"
                ],
                "subnets": [
                  "subnet-03b183a6612919320",
                  "subnet-0de34507be39a45a2"
                ]
              }
            ],
            "ordered_placement_strategy": [],
            "placement_constraints": [],
            "platform_version": "LATEST",
            "propagate_tags": "NONE",
            "scheduling_strategy": "REPLICA",
            "service_connect_configuration": [],
            "service_registries": [],
            "tags": {
              "Name": "pet-store-dev-pet-service"
            },
            "tags_all": {
              "Environment": "dev",
              "ManagedBy": "terraform",
              "Name": "pet-store-dev-pet-service",
              "Project": "pet-store-microservices"
            },
            "task_definition": "arn:aws:ecs:eu-west-1:869935088019:task-definition/pet-store-dev-pet-service:3",
            "timeouts": null,
            "triggers": {},
            "volume_configuration": [],
            "vpc_lattice_configurations": [],
            "wait_for_steady_state": false
          },
          "sensitive_attributes": [],
          "identity_schema_version": 0,
          "private": "eyJlMmJmYjczMC1lY2FhLTExZTYtOGY4OC0zNDM2M2JjN2M0YzAiOnsiY3JlYXRlIjoxMjAwMDAwMDAwMDAwLCJkZWxldGUiOjEyMDAwMDAwMDAwMDAsInVwZGF0ZSI6MTIwMDAwMDAwMDAwMH0sInNjaGVtYV92ZXJzaW9uIjoiMSJ9",
          "dependencies": [
            "module.cognito.aws_cognito_user_pool.main",
            "module.cognito.aws_cognito_user_pool_client.main",
            "module.ecr.aws_ecr_repository.repositories",
            "module.ecs.aws_cloudwatch_log_group.pet_service",
            "module.ecs.aws_ecs_cluster.main",
            "module.ecs.aws_ecs_task_definition.pet_service",
            "module.ecs.aws_iam_role.ecs_task_execution_role",
            "module.ecs.aws_iam_role.ecs_task_role",
            "module.ecs.aws_lb.main",
            "module.ecs.aws_lb_listener.main",
            "module.ecs.aws_lb_listener_rule.pet_service",
            "module.ecs.aws_lb_target_group.pet_service",
            "module.ecs.aws_security_group.alb",
            "module.ecs.aws_security_group.ecs_service",
            "module.ecs.data.aws_region.current",
            "module.rds.aws_db_instance.main",
            "module.rds.aws_security_group.rds",
            "module.rds.random_password.master_password",
            "module.vpc.aws_db_subnet_group.main",
            "module.vpc.aws_subnet.database",
            "module.vpc.aws_subnet.private",
            "module.vpc.aws_subnet.public",
            "module.vpc.aws_vpc.main",
            "random_password.db_password"
          ],
          "create_before_destroy": true
        }
      ]
    },
    {
      "module": "module.ecs",
      "mode": "managed",
      "type": "aws_ecs_task_definition",
      "name": "food_service",
      "provider": "provider[\"registry.terraform.io/hashicorp/aws\"]",
      "instances": [
        {
          "schema_version": 1,
          "attributes": {
            "arn": "arn:aws:ecs:eu-west-1:869935088019:task-definition/pet-store-dev-food-service:4",
            "arn_without_revision": "arn:aws:ecs:eu-west-1:869935088019:task-definition/pet-store-dev-food-service",
            "container_definitions": "[{\"environment\":[{\"name\":\"DATABASE_URL\",\"value\":\"postgresql://petstore_admin:$b218Hh*p6-dNg0\u0026@pet-store-dev-db.cpiswguqknsa.eu-west-1.rds.amazonaws.com:5432/petstore\"}],\"essential\":true,\"healthCheck\":{\"command\":[\"CMD-SHELL\",\"curl -f http://localhost:8001/health || exit 1\"],\"interval\":30,\"retries\":3,\"startPeriod\":60,\"timeout\":5},\"image\":\"869935088019.dkr.ecr.eu-west-1.amazonaws.com/pet-store-dev-food-service:latest\",\"logConfiguration\":{\"logDriver\":\"awslogs\",\"options\":{\"awslogs-stream-prefix\":\"ecs\",\"awslogs-group\":\"/ecs/pet-store-dev-food-service\",\"awslogs-region\":\"eu-west-1\"}},\"mountPoints\":[],\"name\":\"food-service\",\"portMappings\":[{\"containerPort\":8001,\"hostPort\":8001,\"protocol\":\"tcp\"}],\"systemControls\":[],\"volumesFrom\":[]}]",
            "cpu": "256",
            "enable_fault_injection": false,
            "ephemeral_storage": [],
            "execution_role_arn": "arn:aws:iam::869935088019:role/pet-store-dev-ecs-task-execution-role",
            "family": "pet-store-dev-food-service",
            "id": "pet-store-dev-food-service",
            "inference_accelerator": [],
            "ipc_mode": "",
            "memory": "512",
            "network_mode": "awsvpc",
            "pid_mode": "",
            "placement_constraints": [],
            "proxy_configuration": [],
            "requires_compatibilities": [
              "FARGATE"
            ],
            "revision": 4,
            "runtime_platform": [],
            "skip_destroy": false,
            "tags": {
              "Name": "pet-store-dev-food-service-task"
            },
            "tags_all": {
              "Environment": "dev",
              "ManagedBy": "terraform",
              "Name": "pet-store-dev-food-service-task",
              "Project": "pet-store-microservices"
            },
            "task_role_arn": "arn:aws:iam::869935088019:role/pet-store-dev-ecs-task-role",
            "track_latest": false,
            "volume": []
          },
          "sensitive_attributes": [
            [
              {
                "type": "get_attr",
                "value": "container_definitions"
              }
            ]
          ],
          "identity_schema_version": 0,
          "private": "eyJzY2hlbWFfdmVyc2lvbiI6IjEifQ==",
          "dependencies": [
            "module.cognito.aws_cognito_user_pool.main",
            "module.cognito.aws_cognito_user_pool_client.main",
            "module.ecr.aws_ecr_repository.repositories",
            "module.ecs.aws_cloudwatch_log_group.food_service",
            "module.ecs.aws_iam_role.ecs_task_execution_role",
            "module.ecs.aws_iam_role.ecs_task_role",
            "module.ecs.data.aws_region.current",
            "module.rds.aws_db_instance.main",
            "module.rds.aws_security_group.rds",
            "module.rds.random_password.master_password",
            "module.vpc.aws_db_subnet_group.main",
            "module.vpc.aws_subnet.database",
            "module.vpc.aws_vpc.main",
            "random_password.db_password"
          ],
          "create_before_destroy": true
        }
      ]
    },
    {
      "module": "module.ecs",
      "mode": "managed",
      "type": "aws_ecs_task_definition",
      "name": "pet_service",
      "provider": "provider[\"registry.terraform.io/hashicorp/aws\"]",
      "instances": [
        {
          "schema_version": 1,
          "attributes": {
            "arn": "arn:aws:ecs:eu-west-1:869935088019:task-definition/pet-store-dev-pet-service:3",
            "arn_without_revision": "arn:aws:ecs:eu-west-1:869935088019:task-definition/pet-store-dev-pet-service",
            "container_definitions": "[{\"environment\":[{\"name\":\"DATABASE_URL\",\"value\":\"postgresql://petstore_admin:$b218Hh*p6-dNg0\u0026@pet-store-dev-db.cpiswguqknsa.eu-west-1.rds.amazonaws.com:5432/petstore\"}],\"essential\":true,\"healthCheck\":{\"command\":[\"CMD-SHELL\",\"curl -f http://localhost:8000/health || exit 1\"],\"interval\":30,\"retries\":3,\"startPeriod\":60,\"timeout\":5},\"image\":\"869935088019.dkr.ecr.eu-west-1.amazonaws.com/pet-store-dev-pet-service:latest\",\"logConfiguration\":{\"logDriver\":\"awslogs\",\"options\":{\"awslogs-group\":\"/ecs/pet-store-dev-pet-service\",\"awslogs-region\":\"eu-west-1\",\"awslogs-stream-prefix\":\"ecs\"}},\"mountPoints\":[],\"name\":\"pet-service\",\"portMappings\":[{\"containerPort\":8000,\"hostPort\":8000,\"protocol\":\"tcp\"}],\"systemControls\":[],\"volumesFrom\":[]}]",
            "cpu": "256",
            "enable_fault_injection": false,
            "ephemeral_storage": [],
            "execution_role_arn": "arn:aws:iam::869935088019:role/pet-store-dev-ecs-task-execution-role",
            "family": "pet-store-dev-pet-service",
            "id": "pet-store-dev-pet-service",
            "inference_accelerator": [],
            "ipc_mode": "",
            "memory": "512",
            "network_mode": "awsvpc",
            "pid_mode": "",
            "placement_constraints": [],
            "proxy_configuration": [],
            "requires_compatibilities": [
              "FARGATE"
            ],
            "revision": 3,
            "runtime_platform": [],
            "skip_destroy": false,
            "tags": {
              "Name": "pet-store-dev-pet-service-task"
            },
            "tags_all": {
              "Environment": "dev",
              "ManagedBy": "terraform",
              "Name": "pet-store-dev-pet-service-task",
              "Project": "pet-store-microservices"
            },
            "task_role_arn": "arn:aws:iam::869935088019:role/pet-store-dev-ecs-task-role",
            "track_latest": false,
            "volume": []
          },
          "sensitive_attributes": [
            [
              {
                "type": "get_attr",
                "value": "container_definitions"
              }
            ]
          ],
          "identity_schema_version": 0,
          "private": "eyJzY2hlbWFfdmVyc2lvbiI6IjEifQ==",
          "dependencies": [
            "module.cognito.aws_cognito_user_pool.main",
            "module.cognito.aws_cognito_user_pool_client.main",
            "module.ecr.aws_ecr_repository.repositories",
            "module.ecs.aws_cloudwatch_log_group.pet_service",
            "module.ecs.aws_iam_role.ecs_task_execution_role",
            "module.ecs.aws_iam_role.ecs_task_role",
            "module.ecs.data.aws_region.current",
            "module.rds.aws_db_instance.main",
            "module.rds.aws_security_group.rds",
            "module.rds.random_password.master_password",
            "module.vpc.aws_db_subnet_group.main",
            "module.vpc.aws_subnet.database",
            "module.vpc.aws_vpc.main",
            "random_password.db_password"
          ],
          "create_before_destroy": true
        }
      ]
    },
    {
      "module": "module.ecs",
      "mode": "managed",
      "type": "aws_iam_role",
      "name": "ecs_task_execution_role",
      "provider": "provider[\"registry.terraform.io/hashicorp/aws\"]",
      "instances": [
        {
          "schema_version": 0,
          "attributes": {
            "arn": "arn:aws:iam::869935088019:role/pet-store-dev-ecs-task-execution-role",
            "assume_role_policy": "{\"Statement\":[{\"Action\":\"sts:AssumeRole\",\"Effect\":\"Allow\",\"Principal\":{\"Service\":\"ecs-tasks.amazonaws.com\"}}],\"Version\":\"2012-10-17\"}",
            "create_date": "2025-07-18T07:57:41Z",
            "description": "",
            "force_detach_policies": false,
            "id": "pet-store-dev-ecs-task-execution-role",
            "inline_policy": [],
            "managed_policy_arns": [],
            "max_session_duration": 3600,
            "name": "pet-store-dev-ecs-task-execution-role",
            "name_prefix": "",
            "path": "/",
            "permissions_boundary": "",
            "tags": {
              "Name": "pet-store-dev-ecs-task-execution-role"
            },
            "tags_all": {
              "Environment": "dev",
              "ManagedBy": "terraform",
              "Name": "pet-store-dev-ecs-task-execution-role",
              "Project": "pet-store-microservices"
            },
            "unique_id": "AROA4VDBMAGJT77GBBM6E"
          },
          "sensitive_attributes": [],
          "identity_schema_version": 0,
          "private": "bnVsbA==",
          "create_before_destroy": true
        }
      ]
    },
    {
      "module": "module.ecs",
      "mode": "managed",
      "type": "aws_iam_role",
      "name": "ecs_task_role",
      "provider": "provider[\"registry.terraform.io/hashicorp/aws\"]",
      "instances": [
        {
          "schema_version": 0,
          "attributes": {
            "arn": "arn:aws:iam::869935088019:role/pet-store-dev-ecs-task-role",
            "assume_role_policy": "{\"Statement\":[{\"Action\":\"sts:AssumeRole\",\"Effect\":\"Allow\",\"Principal\":{\"Service\":\"ecs-tasks.amazonaws.com\"}}],\"Version\":\"2012-10-17\"}",
            "create_date": "2025-07-18T07:57:41Z",
            "description": "",
            "force_detach_policies": false,
            "id": "pet-store-dev-ecs-task-role",
            "inline_policy": [],
            "managed_policy_arns": [],
            "max_session_duration": 3600,
            "name": "pet-store-dev-ecs-task-role",
            "name_prefix": "",
            "path": "/",
            "permissions_boundary": "",
            "tags": {
              "Name": "pet-store-dev-ecs-task-role"
            },
            "tags_all": {
              "Environment": "dev",
              "ManagedBy": "terraform",
              "Name": "pet-store-dev-ecs-task-role",
              "Project": "pet-store-microservices"
            },
            "unique_id": "AROA4VDBMAGJ4ZGW27ASG"
          },
          "sensitive_attributes": [],
          "identity_schema_version": 0,
          "private": "bnVsbA==",
          "create_before_destroy": true
        }
      ]
    },
    {
      "module": "module.ecs",
      "mode": "managed",
      "type": "aws_iam_role_policy_attachment",
      "name": "ecs_task_execution_role_policy",
      "provider": "provider[\"registry.terraform.io/hashicorp/aws\"]",
      "instances": [
        {
          "schema_version": 0,
          "attributes": {
            "id": "pet-store-dev-ecs-task-execution-role-20250718075741878700000001",
            "policy_arn": "arn:aws:iam::aws:policy/service-role/AmazonECSTaskExecutionRolePolicy",
            "role": "pet-store-dev-ecs-task-execution-role"
          },
          "sensitive_attributes": [],
          "identity_schema_version": 0,
          "private": "bnVsbA==",
          "dependencies": [
            "module.ecs.aws_iam_role.ecs_task_execution_role"
          ],
          "create_before_destroy": true
        }
      ]
    },
    {
      "module": "module.ecs",
      "mode": "managed",
      "type": "aws_lb",
      "name": "main",
      "provider": "provider[\"registry.terraform.io/hashicorp/aws\"]",
      "instances": [
        {
          "schema_version": 0,
          "attributes": {
            "access_logs": [
              {
                "bucket": "",
                "enabled": false,
                "prefix": ""
              }
            ],
            "arn": "arn:aws:elasticloadbalancing:eu-west-1:869935088019:loadbalancer/app/pet-store-dev-alb/4364d3ba0ee68664",
            "arn_suffix": "app/pet-store-dev-alb/4364d3ba0ee68664",
            "client_keep_alive": 3600,
            "connection_logs": [
              {
                "bucket": "",
                "enabled": false,
                "prefix": ""
              }
            ],
            "customer_owned_ipv4_pool": "",
            "desync_mitigation_mode": "defensive",
            "dns_name": "pet-store-dev-alb-2001751252.eu-west-1.elb.amazonaws.com",
            "dns_record_client_routing_policy": null,
            "drop_invalid_header_fields": false,
            "enable_cross_zone_load_balancing": true,
            "enable_deletion_protection": false,
            "enable_http2": true,
            "enable_tls_version_and_cipher_suite_headers": false,
            "enable_waf_fail_open": false,
            "enable_xff_client_port": false,
            "enable_zonal_shift": false,
            "enforce_security_group_inbound_rules_on_private_link_traffic": "",
            "id": "arn:aws:elasticloadbalancing:eu-west-1:869935088019:loadbalancer/app/pet-store-dev-alb/4364d3ba0ee68664",
            "idle_timeout": 60,
            "internal": false,
            "ip_address_type": "ipv4",
            "ipam_pools": [],
            "load_balancer_type": "application",
            "minimum_load_balancer_capacity": [],
            "name": "pet-store-dev-alb",
            "name_prefix": "",
            "preserve_host_header": false,
            "security_groups": [
              "sg-0d5151ef33d68762b"
            ],
            "subnet_mapping": [
              {
                "allocation_id": "",
                "ipv6_address": "",
                "outpost_id": "",
                "private_ipv4_address": "",
                "subnet_id": "subnet-03d10389e9cb898d2"
              },
              {
                "allocation_id": "",
                "ipv6_address": "",
                "outpost_id": "",
                "private_ipv4_address": "",
                "subnet_id": "subnet-06ffa05d8f2feebab"
              }
            ],
            "subnets": [
              "subnet-03d10389e9cb898d2",
              "subnet-06ffa05d8f2feebab"
            ],
            "tags": {
              "Name": "pet-store-dev-alb"
            },
            "tags_all": {
              "Environment": "dev",
              "ManagedBy": "terraform",
              "Name": "pet-store-dev-alb",
              "Project": "pet-store-microservices"
            },
            "timeouts": null,
            "vpc_id": "vpc-0182f952f34107fa3",
            "xff_header_processing_mode": "append",
            "zone_id": "Z32O12XQLNTSW2"
          },
          "sensitive_attributes": [],
          "identity_schema_version": 0,
          "private": "eyJlMmJmYjczMC1lY2FhLTExZTYtOGY4OC0zNDM2M2JjN2M0YzAiOnsiY3JlYXRlIjo2MDAwMDAwMDAwMDAsImRlbGV0ZSI6NjAwMDAwMDAwMDAwLCJ1cGRhdGUiOjYwMDAwMDAwMDAwMH19",
          "dependencies": [
            "module.ecs.aws_security_group.alb",
            "module.vpc.aws_subnet.public",
            "module.vpc.aws_vpc.main"
          ],
          "create_before_destroy": true
        }
      ]
    },
    {
      "module": "module.ecs",
      "mode": "managed",
      "type": "aws_lb_listener",
      "name": "main",
      "provider": "provider[\"registry.terraform.io/hashicorp/aws\"]",
      "instances": [
        {
          "schema_version": 0,
          "attributes": {
            "alpn_policy": null,
            "arn": "arn:aws:elasticloadbalancing:eu-west-1:869935088019:listener/app/pet-store-dev-alb/4364d3ba0ee68664/020760cd57e58465",
            "certificate_arn": null,
            "default_action": [
              {
                "authenticate_cognito": [],
                "authenticate_oidc": [],
                "fixed_response": [
                  {
                    "content_type": "text/plain",
                    "message_body": "Pet Store API - Use /petstore/pets or /petstore/foods endpoints",
                    "status_code": "200"
                  }
                ],
                "forward": [],
                "order": 1,
                "redirect": [],
                "target_group_arn": "",
                "type": "fixed-response"
              }
            ],
            "id": "arn:aws:elasticloadbalancing:eu-west-1:869935088019:listener/app/pet-store-dev-alb/4364d3ba0ee68664/020760cd57e58465",
            "load_balancer_arn": "arn:aws:elasticloadbalancing:eu-west-1:869935088019:loadbalancer/app/pet-store-dev-alb/4364d3ba0ee68664",
            "mutual_authentication": [],
            "port": 80,
            "protocol": "HTTP",
            "routing_http_request_x_amzn_mtls_clientcert_header_name": null,
            "routing_http_request_x_amzn_mtls_clientcert_issuer_header_name": null,
            "routing_http_request_x_amzn_mtls_clientcert_leaf_header_name": null,
            "routing_http_request_x_amzn_mtls_clientcert_serial_number_header_name": null,
            "routing_http_request_x_amzn_mtls_clientcert_subject_header_name": null,
            "routing_http_request_x_amzn_mtls_clientcert_validity_header_name": null,
            "routing_http_request_x_amzn_tls_cipher_suite_header_name": null,
            "routing_http_request_x_amzn_tls_version_header_name": null,
            "routing_http_response_access_control_allow_credentials_header_value": "",
            "routing_http_response_access_control_allow_headers_header_value": "",
            "routing_http_response_access_control_allow_methods_header_value": "",
            "routing_http_response_access_control_allow_origin_header_value": "",
            "routing_http_response_access_control_expose_headers_header_value": "",
            "routing_http_response_access_control_max_age_header_value": "",
            "routing_http_response_content_security_policy_header_value": "",
            "routing_http_response_server_enabled": true,
            "routing_http_response_strict_transport_security_header_value": "",
            "routing_http_response_x_content_type_options_header_value": "",
            "routing_http_response_x_frame_options_header_value": "",
            "ssl_policy": "",
            "tags": {
              "Name": "pet-store-dev-alb-listener"
            },
            "tags_all": {
              "Environment": "dev",
              "ManagedBy": "terraform",
              "Name": "pet-store-dev-alb-listener",
              "Project": "pet-store-microservices"
            },
            "tcp_idle_timeout_seconds": null,
            "timeouts": null
          },
          "sensitive_attributes": [],
          "identity_schema_version": 0,
          "private": "eyJlMmJmYjczMC1lY2FhLTExZTYtOGY4OC0zNDM2M2JjN2M0YzAiOnsiY3JlYXRlIjozMDAwMDAwMDAwMDAsInVwZGF0ZSI6MzAwMDAwMDAwMDAwfX0=",
          "dependencies": [
            "module.ecs.aws_lb.main",
            "module.ecs.aws_security_group.alb",
            "module.vpc.aws_subnet.public",
            "module.vpc.aws_vpc.main"
          ],
          "create_before_destroy": true
        }
      ]
    },
    {
      "module": "module.ecs",
      "mode": "managed",
      "type": "aws_lb_listener_rule",
      "name": "food_service",
      "provider": "provider[\"registry.terraform.io/hashicorp/aws\"]",
      "instances": [
        {
          "schema_version": 0,
          "attributes": {
            "action": [
              {
                "authenticate_cognito": [],
                "authenticate_oidc": [],
                "fixed_response": [],
                "forward": [],
                "order": 1,
                "redirect": [],
                "target_group_arn": "arn:aws:elasticloadbalancing:eu-west-1:869935088019:targetgroup/pet-store-dev-food-tg/a768e7dfb9a1984e",
                "type": "forward"
              }
            ],
            "arn": "arn:aws:elasticloadbalancing:eu-west-1:869935088019:listener-rule/app/pet-store-dev-alb/4364d3ba0ee68664/020760cd57e58465/0b28f1a6b785644c",
            "condition": [
              {
                "host_header": [],
                "http_header": [],
                "http_request_method": [],
                "path_pattern": [
                  {
                    "values": [
                      "/petstore/foods*"
                    ]
                  }
                ],
                "query_string": [],
                "source_ip": []
              }
            ],
            "id": "arn:aws:elasticloadbalancing:eu-west-1:869935088019:listener-rule/app/pet-store-dev-alb/4364d3ba0ee68664/020760cd57e58465/0b28f1a6b785644c",
            "listener_arn": "arn:aws:elasticloadbalancing:eu-west-1:869935088019:listener/app/pet-store-dev-alb/4364d3ba0ee68664/020760cd57e58465",
            "priority": 110,
            "tags": {
              "Name": "pet-store-dev-food-rule"
            },
            "tags_all": {
              "Environment": "dev",
              "ManagedBy": "terraform",
              "Name": "pet-store-dev-food-rule",
              "Project": "pet-store-microservices"
            }
          },
          "sensitive_attributes": [],
          "identity_schema_version": 0,
          "private": "bnVsbA==",
          "dependencies": [
            "module.ecr.aws_ecr_repository.repositories",
            "module.ecs.aws_lb.main",
            "module.ecs.aws_lb_listener.main",
            "module.ecs.aws_lb_target_group.food_service",
            "module.ecs.aws_security_group.alb",
            "module.vpc.aws_subnet.public",
            "module.vpc.aws_vpc.main"
          ],
          "create_before_destroy": true
        }
      ]
    },
    {
      "module": "module.ecs",
      "mode": "managed",
      "type": "aws_lb_listener_rule",
      "name": "pet_service",
      "provider": "provider[\"registry.terraform.io/hashicorp/aws\"]",
      "instances": [
        {
          "schema_version": 0,
          "attributes": {
            "action": [
              {
                "authenticate_cognito": [],
                "authenticate_oidc": [],
                "fixed_response": [],
                "forward": [],
                "order": 1,
                "redirect": [],
                "target_group_arn": "arn:aws:elasticloadbalancing:eu-west-1:869935088019:targetgroup/pet-store-dev-pet-tg/965844f4909e5ef2",
                "type": "forward"
              }
            ],
            "arn": "arn:aws:elasticloadbalancing:eu-west-1:869935088019:listener-rule/app/pet-store-dev-alb/4364d3ba0ee68664/020760cd57e58465/07b9896390640c9a",
            "condition": [
              {
                "host_header": [],
                "http_header": [],
                "http_request_method": [],
                "path_pattern": [
                  {
                    "values": [
                      "/petstore/pets*"
                    ]
                  }
                ],
                "query_string": [],
                "source_ip": []
              }
            ],
            "id": "arn:aws:elasticloadbalancing:eu-west-1:869935088019:listener-rule/app/pet-store-dev-alb/4364d3ba0ee68664/020760cd57e58465/07b9896390640c9a",
            "listener_arn": "arn:aws:elasticloadbalancing:eu-west-1:869935088019:listener/app/pet-store-dev-alb/4364d3ba0ee68664/020760cd57e58465",
            "priority": 100,
            "tags": {
              "Name": "pet-store-dev-pet-rule"
            },
            "tags_all": {
              "Environment": "dev",
              "ManagedBy": "terraform",
              "Name": "pet-store-dev-pet-rule",
              "Project": "pet-store-microservices"
            }
          },
          "sensitive_attributes": [],
          "identity_schema_version": 0,
          "private": "bnVsbA==",
          "dependencies": [
            "module.ecr.aws_ecr_repository.repositories",
            "module.ecs.aws_lb.main",
            "module.ecs.aws_lb_listener.main",
            "module.ecs.aws_lb_target_group.pet_service",
            "module.ecs.aws_security_group.alb",
            "module.vpc.aws_subnet.public",
            "module.vpc.aws_vpc.main"
          ],
          "create_before_destroy": true
        }
      ]
    },
    {
      "module": "module.ecs",
      "mode": "managed",
      "type": "aws_lb_target_group",
      "name": "food_service",
      "provider": "provider[\"registry.terraform.io/hashicorp/aws\"]",
      "instances": [
        {
          "schema_version": 0,
          "attributes": {
            "arn": "arn:aws:elasticloadbalancing:eu-west-1:869935088019:targetgroup/pet-store-dev-food-tg/a768e7dfb9a1984e",
            "arn_suffix": "targetgroup/pet-store-dev-food-tg/a768e7dfb9a1984e",
            "connection_termination": null,
            "deregistration_delay": "300",
            "health_check": [
              {
                "enabled": true,
                "healthy_threshold": 2,
                "interval": 30,
                "matcher": "200",
                "path": "/health",
                "port": "traffic-port",
                "protocol": "HTTP",
                "timeout": 5,
                "unhealthy_threshold": 2
              }
            ],
            "id": "arn:aws:elasticloadbalancing:eu-west-1:869935088019:targetgroup/pet-store-dev-food-tg/a768e7dfb9a1984e",
            "ip_address_type": "ipv4",
            "lambda_multi_value_headers_enabled": false,
            "load_balancer_arns": [],
            "load_balancing_algorithm_type": "round_robin",
            "load_balancing_anomaly_mitigation": "off",
            "load_balancing_cross_zone_enabled": "use_load_balancer_configuration",
            "name": "pet-store-dev-food-tg",
            "name_prefix": "",
            "port": 8001,
            "preserve_client_ip": null,
            "protocol": "HTTP",
            "protocol_version": "HTTP1",
            "proxy_protocol_v2": false,
            "slow_start": 0,
            "stickiness": [
              {
                "cookie_duration": 86400,
                "cookie_name": "",
                "enabled": false,
                "type": "lb_cookie"
              }
            ],
            "tags": {
              "Name": "pet-store-dev-food-tg"
            },
            "tags_all": {
              "Environment": "dev",
              "ManagedBy": "terraform",
              "Name": "pet-store-dev-food-tg",
              "Project": "pet-store-microservices"
            },
            "target_failover": [
              {
                "on_deregistration": null,
                "on_unhealthy": null
              }
            ],
            "target_group_health": [
              {
                "dns_failover": [
                  {
                    "minimum_healthy_targets_count": "1",
                    "minimum_healthy_targets_percentage": "off"
                  }
                ],
                "unhealthy_state_routing": [
                  {
                    "minimum_healthy_targets_count": 1,
                    "minimum_healthy_targets_percentage": "off"
                  }
                ]
              }
            ],
            "target_health_state": [
              {
                "enable_unhealthy_connection_termination": null,
                "unhealthy_draining_interval": null
              }
            ],
            "target_type": "ip",
            "vpc_id": "vpc-0182f952f34107fa3"
          },
          "sensitive_attributes": [],
          "identity_schema_version": 0,
          "private": "bnVsbA==",
          "dependencies": [
            "module.ecr.aws_ecr_repository.repositories",
            "module.vpc.aws_vpc.main"
          ],
          "create_before_destroy": true
        }
      ]
    },
    {
      "module": "module.ecs",
      "mode": "managed",
      "type": "aws_lb_target_group",
      "name": "pet_service",
      "provider": "provider[\"registry.terraform.io/hashicorp/aws\"]",
      "instances": [
        {
          "schema_version": 0,
          "attributes": {
            "arn": "arn:aws:elasticloadbalancing:eu-west-1:869935088019:targetgroup/pet-store-dev-pet-tg/965844f4909e5ef2",
            "arn_suffix": "targetgroup/pet-store-dev-pet-tg/965844f4909e5ef2",
            "connection_termination": null,
            "deregistration_delay": "300",
            "health_check": [
              {
                "enabled": true,
                "healthy_threshold": 2,
                "interval": 30,
                "matcher": "200",
                "path": "/health",
                "port": "traffic-port",
                "protocol": "HTTP",
                "timeout": 5,
                "unhealthy_threshold": 2
              }
            ],
            "id": "arn:aws:elasticloadbalancing:eu-west-1:869935088019:targetgroup/pet-store-dev-pet-tg/965844f4909e5ef2",
            "ip_address_type": "ipv4",
            "lambda_multi_value_headers_enabled": false,
            "load_balancer_arns": [],
            "load_balancing_algorithm_type": "round_robin",
            "load_balancing_anomaly_mitigation": "off",
            "load_balancing_cross_zone_enabled": "use_load_balancer_configuration",
            "name": "pet-store-dev-pet-tg",
            "name_prefix": "",
            "port": 8000,
            "preserve_client_ip": null,
            "protocol": "HTTP",
            "protocol_version": "HTTP1",
            "proxy_protocol_v2": false,
            "slow_start": 0,
            "stickiness": [
              {
                "cookie_duration": 86400,
                "cookie_name": "",
                "enabled": false,
                "type": "lb_cookie"
              }
            ],
            "tags": {
              "Name": "pet-store-dev-pet-tg"
            },
            "tags_all": {
              "Environment": "dev",
              "ManagedBy": "terraform",
              "Name": "pet-store-dev-pet-tg",
              "Project": "pet-store-microservices"
            },
            "target_failover": [
              {
                "on_deregistration": null,
                "on_unhealthy": null
              }
            ],
            "target_group_health": [
              {
                "dns_failover": [
                  {
                    "minimum_healthy_targets_count": "1",
                    "minimum_healthy_targets_percentage": "off"
                  }
                ],
                "unhealthy_state_routing": [
                  {
                    "minimum_healthy_targets_count": 1,
                    "minimum_healthy_targets_percentage": "off"
                  }
                ]
              }
            ],
            "target_health_state": [
              {
                "enable_unhealthy_connection_termination": null,
                "unhealthy_draining_interval": null
              }
            ],
            "target_type": "ip",
            "vpc_id": "vpc-0182f952f34107fa3"
          },
          "sensitive_attributes": [],
          "identity_schema_version": 0,
          "private": "bnVsbA==",
          "dependencies": [
            "module.ecr.aws_ecr_repository.repositories",
            "module.vpc.aws_vpc.main"
          ],
          "create_before_destroy": true
        }
      ]
    },
    {
      "module": "module.ecs",
      "mode": "managed",
      "type": "aws_security_group",
      "name": "alb",
      "provider": "provider[\"registry.terraform.io/hashicorp/aws\"]",
      "instances": [
        {
          "schema_version": 1,
          "attributes": {
            "arn": "arn:aws:ec2:eu-west-1:869935088019:security-group/sg-0d5151ef33d68762b",
            "description": "Security group for Application Load Balancer",
            "egress": [
              {
                "cidr_blocks": [
                  "0.0.0.0/0"
                ],
                "description": "All outbound traffic",
                "from_port": 0,
                "ipv6_cidr_blocks": [],
                "prefix_list_ids": [],
                "protocol": "-1",
                "security_groups": [],
                "self": false,
                "to_port": 0
              }
            ],
            "id": "sg-0d5151ef33d68762b",
            "ingress": [
              {
                "cidr_blocks": [
                  "0.0.0.0/0"
                ],
                "description": "HTTP access from internet",
                "from_port": 80,
                "ipv6_cidr_blocks": [],
                "prefix_list_ids": [],
                "protocol": "tcp",
                "security_groups": [],
                "self": false,
                "to_port": 80
              },
              {
                "cidr_blocks": [
                  "0.0.0.0/0"
                ],
                "description": "HTTPS access from internet",
                "from_port": 443,
                "ipv6_cidr_blocks": [],
                "prefix_list_ids": [],
                "protocol": "tcp",
                "security_groups": [],
                "self": false,
                "to_port": 443
              }
            ],
            "name": "pet-store-dev-alb-20250718075754801800000004",
            "name_prefix": "pet-store-dev-alb-",
            "owner_id": "869935088019",
            "revoke_rules_on_delete": false,
            "tags": {
              "Name": "pet-store-dev-alb-sg"
            },
            "tags_all": {
              "Environment": "dev",
              "ManagedBy": "terraform",
              "Name": "pet-store-dev-alb-sg",
              "Project": "pet-store-microservices"
            },
            "timeouts": null,
            "vpc_id": "vpc-0182f952f34107fa3"
          },
          "sensitive_attributes": [],
          "identity_schema_version": 0,
          "private": "eyJlMmJmYjczMC1lY2FhLTExZTYtOGY4OC0zNDM2M2JjN2M0YzAiOnsiY3JlYXRlIjo2MDAwMDAwMDAwMDAsImRlbGV0ZSI6OTAwMDAwMDAwMDAwfSwic2NoZW1hX3ZlcnNpb24iOiIxIn0=",
          "dependencies": [
            "module.vpc.aws_vpc.main"
          ],
          "create_before_destroy": true
        }
      ]
    },
    {
      "module": "module.ecs",
      "mode": "managed",
      "type": "aws_security_group",
      "name": "ecs_service",
      "provider": "provider[\"registry.terraform.io/hashicorp/aws\"]",
      "instances": [
        {
          "schema_version": 1,
          "attributes": {
            "arn": "arn:aws:ec2:eu-west-1:869935088019:security-group/sg-0548fe969f3dd2657",
            "description": "Security group for ECS services",
            "egress": [
              {
                "cidr_blocks": [
                  "0.0.0.0/0"
                ],
                "description": "All outbound traffic",
                "from_port": 0,
                "ipv6_cidr_blocks": [],
                "prefix_list_ids": [],
                "protocol": "-1",
                "security_groups": [],
                "self": false,
                "to_port": 0
              }
            ],
            "id": "sg-0548fe969f3dd2657",
            "ingress": [
              {
                "cidr_blocks": [],
                "description": "Food service access from ALB",
                "from_port": 8001,
                "ipv6_cidr_blocks": [],
                "prefix_list_ids": [],
                "protocol": "tcp",
                "security_groups": [
                  "sg-0d5151ef33d68762b"
                ],
                "self": false,
                "to_port": 8001
              },
              {
                "cidr_blocks": [],
                "description": "Pet service access from ALB",
                "from_port": 8000,
                "ipv6_cidr_blocks": [],
                "prefix_list_ids": [],
                "protocol": "tcp",
                "security_groups": [
                  "sg-0d5151ef33d68762b"
                ],
                "self": false,
                "to_port": 8000
              }
            ],
            "name": "pet-store-dev-ecs-service-20250718075757997800000006",
            "name_prefix": "pet-store-dev-ecs-service-",
            "owner_id": "869935088019",
            "revoke_rules_on_delete": false,
            "tags": {
              "Name": "pet-store-dev-ecs-service-sg"
            },
            "tags_all": {
              "Environment": "dev",
              "ManagedBy": "terraform",
              "Name": "pet-store-dev-ecs-service-sg",
              "Project": "pet-store-microservices"
            },
            "timeouts": null,
            "vpc_id": "vpc-0182f952f34107fa3"
          },
          "sensitive_attributes": [],
          "identity_schema_version": 0,
          "private": "eyJlMmJmYjczMC1lY2FhLTExZTYtOGY4OC0zNDM2M2JjN2M0YzAiOnsiY3JlYXRlIjo2MDAwMDAwMDAwMDAsImRlbGV0ZSI6OTAwMDAwMDAwMDAwfSwic2NoZW1hX3ZlcnNpb24iOiIxIn0=",
          "dependencies": [
            "module.ecr.aws_ecr_repository.repositories",
            "module.ecs.aws_security_group.alb",
            "module.vpc.aws_vpc.main"
          ],
          "create_before_destroy": true
        }
      ]
    },
    {
      "module": "module.rds",
      "mode": "managed",
      "type": "aws_db_instance",
      "name": "main",
      "provider": "provider[\"registry.terraform.io/hashicorp/aws\"]",
      "instances": [
        {
          "schema_version": 2,
          "attributes": {
            "address": "pet-store-dev-db.cpiswguqknsa.eu-west-1.rds.amazonaws.com",
            "allocated_storage": 20,
            "allow_major_version_upgrade": null,
            "apply_immediately": false,
            "arn": "arn:aws:rds:eu-west-1:869935088019:db:pet-store-dev-db",
            "auto_minor_version_upgrade": true,
            "availability_zone": "eu-west-1b",
            "backup_retention_period": 7,
            "backup_target": "region",
            "backup_window": "07:00-09:00",
            "blue_green_update": [],
            "ca_cert_identifier": "rds-ca-rsa2048-g1",
            "character_set_name": "",
            "copy_tags_to_snapshot": false,
            "custom_iam_instance_profile": "",
            "customer_owned_ip_enabled": false,
            "database_insights_mode": "standard",
            "db_name": "petstore",
            "db_subnet_group_name": "pet-store-dev-db-subnet-group",
            "dedicated_log_volume": false,
            "delete_automated_backups": true,
            "deletion_protection": false,
            "domain": "",
            "domain_auth_secret_arn": "",
            "domain_dns_ips": null,
            "domain_fqdn": "",
            "domain_iam_role_name": "",
            "domain_ou": "",
            "enabled_cloudwatch_logs_exports": null,
            "endpoint": "pet-store-dev-db.cpiswguqknsa.eu-west-1.rds.amazonaws.com:5432",
            "engine": "postgres",
            "engine_lifecycle_support": "open-source-rds-extended-support",
            "engine_version": "15.8",
            "engine_version_actual": "15.8",
            "final_snapshot_identifier": null,
            "hosted_zone_id": "Z29XKXDKYMONMX",
            "iam_database_authentication_enabled": false,
            "id": "db-4VW363YR5YI5SL35JCRG4YKR6I",
            "identifier": "pet-store-dev-db",
            "identifier_prefix": "",
            "instance_class": "db.t3.micro",
            "iops": 0,
            "kms_key_id": "arn:aws:kms:eu-west-1:869935088019:key/54bcd625-053b-483a-b679-443911dbfa12",
            "latest_restorable_time": "2025-07-18T08:02:49Z",
            "license_model": "postgresql-license",
            "listener_endpoint": [],
            "maintenance_window": "sun:03:00-sun:04:00",
            "manage_master_user_password": null,
            "master_user_secret": [],
            "master_user_secret_kms_key_id": null,
            "max_allocated_storage": 100,
            "monitoring_interval": 0,
            "monitoring_role_arn": "",
            "multi_az": false,
            "nchar_character_set_name": "",
            "network_type": "IPV4",
            "option_group_name": "default:postgres-15",
            "parameter_group_name": "default.postgres15",
            "password": "$b218Hh*p6-dNg0\u0026",
            "password_wo": null,
            "password_wo_version": null,
            "performance_insights_enabled": false,
            "performance_insights_kms_key_id": "",
            "performance_insights_retention_period": 0,
            "port": 5432,
            "publicly_accessible": false,
            "replica_mode": "",
            "replicas": [],
            "replicate_source_db": "",
            "resource_id": "db-4VW363YR5YI5SL35JCRG4YKR6I",
            "restore_to_point_in_time": [],
            "s3_import": [],
            "skip_final_snapshot": true,
            "snapshot_identifier": null,
            "status": "available",
            "storage_encrypted": true,
            "storage_throughput": 0,
            "storage_type": "gp2",
            "tags": {
              "Name": "pet-store-dev-db"
            },
            "tags_all": {
              "Environment": "dev",
              "ManagedBy": "terraform",
              "Name": "pet-store-dev-db",
              "Project": "pet-store-microservices"
            },
            "timeouts": null,
            "timezone": "",
            "upgrade_storage_config": null,
            "username": "petstore_admin",
            "vpc_security_group_ids": [
              "sg-01327f3fc9aa940cf"
            ]
          },
          "sensitive_attributes": [
            [
              {
                "type": "get_attr",
                "value": "password"
              }
            ],
            [
              {
                "type": "get_attr",
                "value": "password_wo"
              }
            ],
            [
              {
                "type": "get_attr",
                "value": "username"
              }
            ]
          ],
          "identity_schema_version": 0,
          "private": "eyJlMmJmYjczMC1lY2FhLTExZTYtOGY4OC0zNDM2M2JjN2M0YzAiOnsiY3JlYXRlIjozMDAwMDAwMDAwMDAwLCJkZWxldGUiOjM2MDAwMDAwMDAwMDAsInVwZGF0ZSI6NDgwMDAwMDAwMDAwMH0sInNjaGVtYV92ZXJzaW9uIjoiMiJ9",
          "dependencies": [
            "module.rds.aws_security_group.rds",
            "module.rds.random_password.master_password",
            "module.vpc.aws_db_subnet_group.main",
            "module.vpc.aws_subnet.database",
            "module.vpc.aws_vpc.main",
            "random_password.db_password"
          ],
          "create_before_destroy": true
        }
      ]
    },
    {
      "module": "module.rds",
      "mode": "managed",
      "type": "aws_security_group",
      "name": "rds",
      "provider": "provider[\"registry.terraform.io/hashicorp/aws\"]",
      "instances": [
        {
          "schema_version": 1,
          "attributes": {
            "arn": "arn:aws:ec2:eu-west-1:869935088019:security-group/sg-01327f3fc9aa940cf",
            "description": "Security group for RDS database",
            "egress": [
              {
                "cidr_blocks": [
                  "0.0.0.0/0"
                ],
                "description": "All outbound traffic",
                "from_port": 0,
                "ipv6_cidr_blocks": [],
                "prefix_list_ids": [],
                "protocol": "-1",
                "security_groups": [],
                "self": false,
                "to_port": 0
              }
            ],
            "id": "sg-01327f3fc9aa940cf",
            "ingress": [
              {
                "cidr_blocks": [
                  "10.0.0.0/16"
                ],
                "description": "PostgreSQL access from VPC",
                "from_port": 5432,
                "ipv6_cidr_blocks": [],
                "prefix_list_ids": [],
                "protocol": "tcp",
                "security_groups": [],
                "self": false,
                "to_port": 5432
              }
            ],
            "name": "pet-store-dev-rds-20250718075753738100000003",
            "name_prefix": "pet-store-dev-rds-",
            "owner_id": "869935088019",
            "revoke_rules_on_delete": false,
            "tags": {
              "Name": "pet-store-dev-rds-sg"
            },
            "tags_all": {
              "Environment": "dev",
              "ManagedBy": "terraform",
              "Name": "pet-store-dev-rds-sg",
              "Project": "pet-store-microservices"
            },
            "timeouts": null,
            "vpc_id": "vpc-0182f952f34107fa3"
          },
          "sensitive_attributes": [],
          "identity_schema_version": 0,
          "private": "eyJlMmJmYjczMC1lY2FhLTExZTYtOGY4OC0zNDM2M2JjN2M0YzAiOnsiY3JlYXRlIjo2MDAwMDAwMDAwMDAsImRlbGV0ZSI6OTAwMDAwMDAwMDAwfSwic2NoZW1hX3ZlcnNpb24iOiIxIn0=",
          "dependencies": [
            "module.vpc.aws_vpc.main"
          ],
          "create_before_destroy": true
        }
      ]
    },
    {
      "module": "module.rds",
      "mode": "managed",
      "type": "random_password",
      "name": "master_password",
      "provider": "provider[\"registry.terraform.io/hashicorp/random\"]",
      "instances": [
        {
          "schema_version": 3,
          "attributes": {
            "bcrypt_hash": "$2a$10$00o031iPcMS5wwjnjDAIo.EJGGR0ekV61IHgAgLG1DT4uNQGJ89v6",
            "id": "none",
            "keepers": null,
            "length": 16,
            "lower": true,
            "min_lower": 0,
            "min_numeric": 0,
            "min_special": 0,
            "min_upper": 0,
            "number": true,
            "numeric": true,
            "override_special": null,
            "result": "Bc]:x_#enOIKS\u003c%q",
            "special": true,
            "upper": true
          },
          "sensitive_attributes": [
            [
              {
                "type": "get_attr",
                "value": "bcrypt_hash"
              }
            ],
            [
              {
                "type": "get_attr",
                "value": "result"
              }
            ]
          ],
          "identity_schema_version": 0,
          "create_before_destroy": true
        }
      ]
    },
    {
      "module": "module.vpc",
      "mode": "managed",
      "type": "aws_db_subnet_group",
      "name": "main",
      "provider": "provider[\"registry.terraform.io/hashicorp/aws\"]",
      "instances": [
        {
          "schema_version": 0,
          "attributes": {
            "arn": "arn:aws:rds:eu-west-1:869935088019:subgrp:pet-store-dev-db-subnet-group",
            "description": "Managed by Terraform",
            "id": "pet-store-dev-db-subnet-group",
            "name": "pet-store-dev-db-subnet-group",
            "name_prefix": "",
            "subnet_ids": [
              "subnet-02d9c2f004780298b",
              "subnet-0d23ece9e733d07e7"
            ],
            "supported_network_types": [
              "IPV4"
            ],
            "tags": {
              "Name": "pet-store-dev-db-subnet-group"
            },
            "tags_all": {
              "Environment": "dev",
              "ManagedBy": "terraform",
              "Name": "pet-store-dev-db-subnet-group",
              "Project": "pet-store-microservices"
            },
            "vpc_id": "vpc-0182f952f34107fa3"
          },
          "sensitive_attributes": [],
          "identity_schema_version": 0,
          "private": "bnVsbA==",
          "dependencies": [
            "module.vpc.aws_subnet.database",
            "module.vpc.aws_vpc.main"
          ],
          "create_before_destroy": true
        }
      ]
    },
    {
      "module": "module.vpc",
      "mode": "managed",
      "type": "aws_eip",
      "name": "nat",
      "provider": "provider[\"registry.terraform.io/hashicorp/aws\"]",
      "instances": [
        {
          "index_key": 0,
          "schema_version": 0,
          "attributes": {
            "address": null,
            "allocation_id": "eipalloc-00fdbc2a65074f354",
            "arn": "arn:aws:ec2:eu-west-1:869935088019:elastic-ip/eipalloc-00fdbc2a65074f354",
            "associate_with_private_ip": null,
            "association_id": "",
            "carrier_ip": "",
            "customer_owned_ip": "",
            "customer_owned_ipv4_pool": "",
            "domain": "vpc",
            "id": "eipalloc-00fdbc2a65074f354",
            "instance": "",
            "ipam_pool_id": null,
            "network_border_group": "eu-west-1",
            "network_interface": "",
            "private_dns": null,
            "private_ip": "",
            "ptr_record": "",
            "public_dns": "ec2-54-220-241-33.eu-west-1.compute.amazonaws.com",
            "public_ip": "54.220.241.33",
            "public_ipv4_pool": "amazon",
            "tags": {
              "Name": "pet-store-dev-nat-eip-1"
            },
            "tags_all": {
              "Environment": "dev",
              "ManagedBy": "terraform",
              "Name": "pet-store-dev-nat-eip-1",
              "Project": "pet-store-microservices"
            },
            "timeouts": null,
            "vpc": true
          },
          "sensitive_attributes": [],
          "identity_schema_version": 0,
          "private": "eyJlMmJmYjczMC1lY2FhLTExZTYtOGY4OC0zNDM2M2JjN2M0YzAiOnsiZGVsZXRlIjoxODAwMDAwMDAwMDAsInJlYWQiOjkwMDAwMDAwMDAwMCwidXBkYXRlIjozMDAwMDAwMDAwMDB9fQ==",
          "dependencies": [
            "module.vpc.aws_internet_gateway.main",
            "module.vpc.aws_vpc.main"
          ]
        }
      ]
    },
    {
      "module": "module.vpc",
      "mode": "managed",
      "type": "aws_internet_gateway",
      "name": "main",
      "provider": "provider[\"registry.terraform.io/hashicorp/aws\"]",
      "instances": [
        {
          "schema_version": 0,
          "attributes": {
            "arn": "arn:aws:ec2:eu-west-1:869935088019:internet-gateway/igw-0cbe199d72b6090a1",
            "id": "igw-0cbe199d72b6090a1",
            "owner_id": "869935088019",
            "tags": {
              "Name": "pet-store-dev-igw"
            },
            "tags_all": {
              "Environment": "dev",
              "ManagedBy": "terraform",
              "Name": "pet-store-dev-igw",
              "Project": "pet-store-microservices"
            },
            "timeouts": null,
            "vpc_id": "vpc-0182f952f34107fa3"
          },
          "sensitive_attributes": [],
          "identity_schema_version": 0,
          "private": "eyJlMmJmYjczMC1lY2FhLTExZTYtOGY4OC0zNDM2M2JjN2M0YzAiOnsiY3JlYXRlIjoxMjAwMDAwMDAwMDAwLCJkZWxldGUiOjEyMDAwMDAwMDAwMDAsInVwZGF0ZSI6MTIwMDAwMDAwMDAwMH19",
          "dependencies": [
            "module.vpc.aws_vpc.main"
          ]
        }
      ]
    },
    {
      "module": "module.vpc",
      "mode": "managed",
      "type": "aws_nat_gateway",
      "name": "main",
      "provider": "provider[\"registry.terraform.io/hashicorp/aws\"]",
      "instances": [
        {
          "index_key": 0,
          "schema_version": 0,
          "attributes": {
            "allocation_id": "eipalloc-00fdbc2a65074f354",
            "association_id": "eipassoc-0c4d9e956e18c7f9a",
            "connectivity_type": "public",
            "id": "nat-0c0b3ad3141a40a40",
            "network_interface_id": "eni-0ef7be71ee002ac33",
            "private_ip": "10.0.0.231",
            "public_ip": "54.220.241.33",
            "secondary_allocation_ids": null,
            "secondary_private_ip_address_count": 0,
            "secondary_private_ip_addresses": [],
            "subnet_id": "subnet-06ffa05d8f2feebab",
            "tags": {
              "Name": "pet-store-dev-nat-gateway-1"
            },
            "tags_all": {
              "Environment": "dev",
              "ManagedBy": "terraform",
              "Name": "pet-store-dev-nat-gateway-1",
              "Project": "pet-store-microservices"
            },
            "timeouts": null
          },
          "sensitive_attributes": [],
          "identity_schema_version": 0,
          "private": "eyJlMmJmYjczMC1lY2FhLTExZTYtOGY4OC0zNDM2M2JjN2M0YzAiOnsiY3JlYXRlIjo2MDAwMDAwMDAwMDAsImRlbGV0ZSI6MTgwMDAwMDAwMDAwMCwidXBkYXRlIjo2MDAwMDAwMDAwMDB9fQ==",
          "dependencies": [
            "module.vpc.aws_eip.nat",
            "module.vpc.aws_internet_gateway.main",
            "module.vpc.aws_subnet.public",
            "module.vpc.aws_vpc.main"
          ]
        }
      ]
    },
    {
      "module": "module.vpc",
      "mode": "managed",
      "type": "aws_route_table",
      "name": "database",
      "provider": "provider[\"registry.terraform.io/hashicorp/aws\"]",
      "instances": [
        {
          "schema_version": 0,
          "attributes": {
            "arn": "arn:aws:ec2:eu-west-1:869935088019:route-table/rtb-0daef8a133d140587",
            "id": "rtb-0daef8a133d140587",
            "owner_id": "869935088019",
            "propagating_vgws": [],
            "route": [],
            "tags": {
              "Name": "pet-store-dev-db-rt"
            },
            "tags_all": {
              "Environment": "dev",
              "ManagedBy": "terraform",
              "Name": "pet-store-dev-db-rt",
              "Project": "pet-store-microservices"
            },
            "timeouts": null,
            "vpc_id": "vpc-0182f952f34107fa3"
          },
          "sensitive_attributes": [],
          "identity_schema_version": 0,
          "private": "eyJlMmJmYjczMC1lY2FhLTExZTYtOGY4OC0zNDM2M2JjN2M0YzAiOnsiY3JlYXRlIjozMDAwMDAwMDAwMDAsImRlbGV0ZSI6MzAwMDAwMDAwMDAwLCJ1cGRhdGUiOjEyMDAwMDAwMDAwMH19",
          "dependencies": [
            "module.vpc.aws_vpc.main"
          ]
        }
      ]
    },
    {
      "module": "module.vpc",
      "mode": "managed",
      "type": "aws_route_table",
      "name": "private",
      "provider": "provider[\"registry.terraform.io/hashicorp/aws\"]",
      "instances": [
        {
          "index_key": 0,
          "schema_version": 0,
          "attributes": {
            "arn": "arn:aws:ec2:eu-west-1:869935088019:route-table/rtb-04c240473ee46c940",
            "id": "rtb-04c240473ee46c940",
            "owner_id": "869935088019",
            "propagating_vgws": [],
            "route": [
              {
                "carrier_gateway_id": "",
                "cidr_block": "0.0.0.0/0",
                "core_network_arn": "",
                "destination_prefix_list_id": "",
                "egress_only_gateway_id": "",
                "gateway_id": "",
                "ipv6_cidr_block": "",
                "local_gateway_id": "",
                "nat_gateway_id": "nat-0c0b3ad3141a40a40",
                "network_interface_id": "",
                "transit_gateway_id": "",
                "vpc_endpoint_id": "",
                "vpc_peering_connection_id": ""
              }
            ],
            "tags": {
              "Name": "pet-store-dev-private-rt-1"
            },
            "tags_all": {
              "Environment": "dev",
              "ManagedBy": "terraform",
              "Name": "pet-store-dev-private-rt-1",
              "Project": "pet-store-microservices"
            },
            "timeouts": null,
            "vpc_id": "vpc-0182f952f34107fa3"
          },
          "sensitive_attributes": [],
          "identity_schema_version": 0,
          "private": "eyJlMmJmYjczMC1lY2FhLTExZTYtOGY4OC0zNDM2M2JjN2M0YzAiOnsiY3JlYXRlIjozMDAwMDAwMDAwMDAsImRlbGV0ZSI6MzAwMDAwMDAwMDAwLCJ1cGRhdGUiOjEyMDAwMDAwMDAwMH19",
          "dependencies": [
            "module.vpc.aws_eip.nat",
            "module.vpc.aws_internet_gateway.main",
            "module.vpc.aws_nat_gateway.main",
            "module.vpc.aws_subnet.public",
            "module.vpc.aws_vpc.main"
          ]
        },
        {
          "index_key": 1,
          "schema_version": 0,
          "attributes": {
            "arn": "arn:aws:ec2:eu-west-1:869935088019:route-table/rtb-03462386f5ffad9ed",
            "id": "rtb-03462386f5ffad9ed",
            "owner_id": "869935088019",
            "propagating_vgws": [],
            "route": [
              {
                "carrier_gateway_id": "",
                "cidr_block": "0.0.0.0/0",
                "core_network_arn": "",
                "destination_prefix_list_id": "",
                "egress_only_gateway_id": "",
                "gateway_id": "",
                "ipv6_cidr_block": "",
                "local_gateway_id": "",
                "nat_gateway_id": "nat-0c0b3ad3141a40a40",
                "network_interface_id": "",
                "transit_gateway_id": "",
                "vpc_endpoint_id": "",
                "vpc_peering_connection_id": ""
              }
            ],
            "tags": {
              "Name": "pet-store-dev-private-rt-2"
            },
            "tags_all": {
              "Environment": "dev",
              "ManagedBy": "terraform",
              "Name": "pet-store-dev-private-rt-2",
              "Project": "pet-store-microservices"
            },
            "timeouts": null,
            "vpc_id": "vpc-0182f952f34107fa3"
          },
          "sensitive_attributes": [],
          "identity_schema_version": 0,
          "private": "eyJlMmJmYjczMC1lY2FhLTExZTYtOGY4OC0zNDM2M2JjN2M0YzAiOnsiY3JlYXRlIjozMDAwMDAwMDAwMDAsImRlbGV0ZSI6MzAwMDAwMDAwMDAwLCJ1cGRhdGUiOjEyMDAwMDAwMDAwMH19",
          "dependencies": [
            "module.vpc.aws_eip.nat",
            "module.vpc.aws_internet_gateway.main",
            "module.vpc.aws_nat_gateway.main",
            "module.vpc.aws_subnet.public",
            "module.vpc.aws_vpc.main"
          ]
        }
      ]
    },
    {
      "module": "module.vpc",
      "mode": "managed",
      "type": "aws_route_table",
      "name": "public",
      "provider": "provider[\"registry.terraform.io/hashicorp/aws\"]",
      "instances": [
        {
          "schema_version": 0,
          "attributes": {
            "arn": "arn:aws:ec2:eu-west-1:869935088019:route-table/rtb-04370869b4efe0a1b",
            "id": "rtb-04370869b4efe0a1b",
            "owner_id": "869935088019",
            "propagating_vgws": [],
            "route": [
              {
                "carrier_gateway_id": "",
                "cidr_block": "0.0.0.0/0",
                "core_network_arn": "",
                "destination_prefix_list_id": "",
                "egress_only_gateway_id": "",
                "gateway_id": "igw-0cbe199d72b6090a1",
                "ipv6_cidr_block": "",
                "local_gateway_id": "",
                "nat_gateway_id": "",
                "network_interface_id": "",
                "transit_gateway_id": "",
                "vpc_endpoint_id": "",
                "vpc_peering_connection_id": ""
              }
            ],
            "tags": {
              "Name": "pet-store-dev-public-rt"
            },
            "tags_all": {
              "Environment": "dev",
              "ManagedBy": "terraform",
              "Name": "pet-store-dev-public-rt",
              "Project": "pet-store-microservices"
            },
            "timeouts": null,
            "vpc_id": "vpc-0182f952f34107fa3"
          },
          "sensitive_attributes": [],
          "identity_schema_version": 0,
          "private": "eyJlMmJmYjczMC1lY2FhLTExZTYtOGY4OC0zNDM2M2JjN2M0YzAiOnsiY3JlYXRlIjozMDAwMDAwMDAwMDAsImRlbGV0ZSI6MzAwMDAwMDAwMDAwLCJ1cGRhdGUiOjEyMDAwMDAwMDAwMH19",
          "dependencies": [
            "module.vpc.aws_internet_gateway.main",
            "module.vpc.aws_vpc.main"
          ]
        }
      ]
    },
    {
      "module": "module.vpc",
      "mode": "managed",
      "type": "aws_route_table_association",
      "name": "database",
      "provider": "provider[\"registry.terraform.io/hashicorp/aws\"]",
      "instances": [
        {
          "index_key": 0,
          "schema_version": 0,
          "attributes": {
            "gateway_id": "",
            "id": "rtbassoc-0affc17579c62e459",
            "route_table_id": "rtb-0daef8a133d140587",
            "subnet_id": "subnet-02d9c2f004780298b",
            "timeouts": null
          },
          "sensitive_attributes": [],
          "identity_schema_version": 0,
          "private": "eyJlMmJmYjczMC1lY2FhLTExZTYtOGY4OC0zNDM2M2JjN2M0YzAiOnsiY3JlYXRlIjozMDAwMDAwMDAwMDAsImRlbGV0ZSI6MzAwMDAwMDAwMDAwLCJ1cGRhdGUiOjEyMDAwMDAwMDAwMH19",
          "dependencies": [
            "module.vpc.aws_route_table.database",
            "module.vpc.aws_subnet.database",
            "module.vpc.aws_vpc.main"
          ]
        },
        {
          "index_key": 1,
          "schema_version": 0,
          "attributes": {
            "gateway_id": "",
            "id": "rtbassoc-0bac69ed79448cc1f",
            "route_table_id": "rtb-0daef8a133d140587",
            "subnet_id": "subnet-0d23ece9e733d07e7",
            "timeouts": null
          },
          "sensitive_attributes": [],
          "identity_schema_version": 0,
          "private": "eyJlMmJmYjczMC1lY2FhLTExZTYtOGY4OC0zNDM2M2JjN2M0YzAiOnsiY3JlYXRlIjozMDAwMDAwMDAwMDAsImRlbGV0ZSI6MzAwMDAwMDAwMDAwLCJ1cGRhdGUiOjEyMDAwMDAwMDAwMH19",
          "dependencies": [
            "module.vpc.aws_route_table.database",
            "module.vpc.aws_subnet.database",
            "module.vpc.aws_vpc.main"
          ]
        }
      ]
    },
    {
      "module": "module.vpc",
      "mode": "managed",
      "type": "aws_route_table_association",
      "name": "private",
      "provider": "provider[\"registry.terraform.io/hashicorp/aws\"]",
      "instances": [
        {
          "index_key": 0,
          "schema_version": 0,
          "attributes": {
            "gateway_id": "",
            "id": "rtbassoc-0b2023a2883216fb8",
            "route_table_id": "rtb-04c240473ee46c940",
            "subnet_id": "subnet-0de34507be39a45a2",
            "timeouts": null
          },
          "sensitive_attributes": [],
          "identity_schema_version": 0,
          "private": "eyJlMmJmYjczMC1lY2FhLTExZTYtOGY4OC0zNDM2M2JjN2M0YzAiOnsiY3JlYXRlIjozMDAwMDAwMDAwMDAsImRlbGV0ZSI6MzAwMDAwMDAwMDAwLCJ1cGRhdGUiOjEyMDAwMDAwMDAwMH19",
          "dependencies": [
            "module.vpc.aws_eip.nat",
            "module.vpc.aws_internet_gateway.main",
            "module.vpc.aws_nat_gateway.main",
            "module.vpc.aws_route_table.private",
            "module.vpc.aws_subnet.private",
            "module.vpc.aws_subnet.public",
            "module.vpc.aws_vpc.main"
          ]
        },
        {
          "index_key": 1,
          "schema_version": 0,
          "attributes": {
            "gateway_id": "",
            "id": "rtbassoc-07e34e509d122620e",
            "route_table_id": "rtb-03462386f5ffad9ed",
            "subnet_id": "subnet-03b183a6612919320",
            "timeouts": null
          },
          "sensitive_attributes": [],
          "identity_schema_version": 0,
          "private": "eyJlMmJmYjczMC1lY2FhLTExZTYtOGY4OC0zNDM2M2JjN2M0YzAiOnsiY3JlYXRlIjozMDAwMDAwMDAwMDAsImRlbGV0ZSI6MzAwMDAwMDAwMDAwLCJ1cGRhdGUiOjEyMDAwMDAwMDAwMH19",
          "dependencies": [
            "module.vpc.aws_eip.nat",
            "module.vpc.aws_internet_gateway.main",
            "module.vpc.aws_nat_gateway.main",
            "module.vpc.aws_route_table.private",
            "module.vpc.aws_subnet.private",
            "module.vpc.aws_subnet.public",
            "module.vpc.aws_vpc.main"
          ]
        }
      ]
    },
    {
      "module": "module.vpc",
      "mode": "managed",
      "type": "aws_route_table_association",
      "name": "public",
      "provider": "provider[\"registry.terraform.io/hashicorp/aws\"]",
      "instances": [
        {
          "index_key": 0,
          "schema_version": 0,
          "attributes": {
            "gateway_id": "",
            "id": "rtbassoc-015a5b57fbb66b977",
            "route_table_id": "rtb-04370869b4efe0a1b",
            "subnet_id": "subnet-06ffa05d8f2feebab",
            "timeouts": null
          },
          "sensitive_attributes": [],
          "identity_schema_version": 0,
          "private": "eyJlMmJmYjczMC1lY2FhLTExZTYtOGY4OC0zNDM2M2JjN2M0YzAiOnsiY3JlYXRlIjozMDAwMDAwMDAwMDAsImRlbGV0ZSI6MzAwMDAwMDAwMDAwLCJ1cGRhdGUiOjEyMDAwMDAwMDAwMH19",
          "dependencies": [
            "module.vpc.aws_internet_gateway.main",
            "module.vpc.aws_route_table.public",
            "module.vpc.aws_subnet.public",
            "module.vpc.aws_vpc.main"
          ]
        },
        {
          "index_key": 1,
          "schema_version": 0,
          "attributes": {
            "gateway_id": "",
            "id": "rtbassoc-05292882c3e3de0fd",
            "route_table_id": "rtb-04370869b4efe0a1b",
            "subnet_id": "subnet-03d10389e9cb898d2",
            "timeouts": null
          },
          "sensitive_attributes": [],
          "identity_schema_version": 0,
          "private": "eyJlMmJmYjczMC1lY2FhLTExZTYtOGY4OC0zNDM2M2JjN2M0YzAiOnsiY3JlYXRlIjozMDAwMDAwMDAwMDAsImRlbGV0ZSI6MzAwMDAwMDAwMDAwLCJ1cGRhdGUiOjEyMDAwMDAwMDAwMH19",
          "dependencies": [
            "module.vpc.aws_internet_gateway.main",
            "module.vpc.aws_route_table.public",
            "module.vpc.aws_subnet.public",
            "module.vpc.aws_vpc.main"
          ]
        }
      ]
    },
    {
      "module": "module.vpc",
      "mode": "managed",
      "type": "aws_subnet",
      "name": "database",
      "provider": "provider[\"registry.terraform.io/hashicorp/aws\"]",
      "instances": [
        {
          "index_key": 0,
          "schema_version": 1,
          "attributes": {
            "arn": "arn:aws:ec2:eu-west-1:869935088019:subnet/subnet-02d9c2f004780298b",
            "assign_ipv6_address_on_creation": false,
            "availability_zone": "eu-west-1a",
            "availability_zone_id": "euw1-az1",
            "cidr_block": "10.0.20.0/24",
            "customer_owned_ipv4_pool": "",
            "enable_dns64": false,
            "enable_lni_at_device_index": 0,
            "enable_resource_name_dns_a_record_on_launch": false,
            "enable_resource_name_dns_aaaa_record_on_launch": false,
            "id": "subnet-02d9c2f004780298b",
            "ipv6_cidr_block": "",
            "ipv6_cidr_block_association_id": "",
            "ipv6_native": false,
            "map_customer_owned_ip_on_launch": false,
            "map_public_ip_on_launch": false,
            "outpost_arn": "",
            "owner_id": "869935088019",
            "private_dns_hostname_type_on_launch": "ip-name",
            "tags": {
              "Name": "pet-store-dev-db-subnet-1",
              "Type": "Database"
            },
            "tags_all": {
              "Environment": "dev",
              "ManagedBy": "terraform",
              "Name": "pet-store-dev-db-subnet-1",
              "Project": "pet-store-microservices",
              "Type": "Database"
            },
            "timeouts": null,
            "vpc_id": "vpc-0182f952f34107fa3"
          },
          "sensitive_attributes": [],
          "identity_schema_version": 0,
          "private": "eyJlMmJmYjczMC1lY2FhLTExZTYtOGY4OC0zNDM2M2JjN2M0YzAiOnsiY3JlYXRlIjo2MDAwMDAwMDAwMDAsImRlbGV0ZSI6MTIwMDAwMDAwMDAwMH0sInNjaGVtYV92ZXJzaW9uIjoiMSJ9",
          "dependencies": [
            "module.vpc.aws_vpc.main"
          ],
          "create_before_destroy": true
        },
        {
          "index_key": 1,
          "schema_version": 1,
          "attributes": {
            "arn": "arn:aws:ec2:eu-west-1:869935088019:subnet/subnet-0d23ece9e733d07e7",
            "assign_ipv6_address_on_creation": false,
            "availability_zone": "eu-west-1b",
            "availability_zone_id": "euw1-az2",
            "cidr_block": "10.0.21.0/24",
            "customer_owned_ipv4_pool": "",
            "enable_dns64": false,
            "enable_lni_at_device_index": 0,
            "enable_resource_name_dns_a_record_on_launch": false,
            "enable_resource_name_dns_aaaa_record_on_launch": false,
            "id": "subnet-0d23ece9e733d07e7",
            "ipv6_cidr_block": "",
            "ipv6_cidr_block_association_id": "",
            "ipv6_native": false,
            "map_customer_owned_ip_on_launch": false,
            "map_public_ip_on_launch": false,
            "outpost_arn": "",
            "owner_id": "869935088019",
            "private_dns_hostname_type_on_launch": "ip-name",
            "tags": {
              "Name": "pet-store-dev-db-subnet-2",
              "Type": "Database"
            },
            "tags_all": {
              "Environment": "dev",
              "ManagedBy": "terraform",
              "Name": "pet-store-dev-db-subnet-2",
              "Project": "pet-store-microservices",
              "Type": "Database"
            },
            "timeouts": null,
            "vpc_id": "vpc-0182f952f34107fa3"
          },
          "sensitive_attributes": [],
          "identity_schema_version": 0,
          "private": "eyJlMmJmYjczMC1lY2FhLTExZTYtOGY4OC0zNDM2M2JjN2M0YzAiOnsiY3JlYXRlIjo2MDAwMDAwMDAwMDAsImRlbGV0ZSI6MTIwMDAwMDAwMDAwMH0sInNjaGVtYV92ZXJzaW9uIjoiMSJ9",
          "dependencies": [
            "module.vpc.aws_vpc.main"
          ],
          "create_before_destroy": true
        }
      ]
    },
    {
      "module": "module.vpc",
      "mode": "managed",
      "type": "aws_subnet",
      "name": "private",
      "provider": "provider[\"registry.terraform.io/hashicorp/aws\"]",
      "instances": [
        {
          "index_key": 0,
          "schema_version": 1,
          "attributes": {
            "arn": "arn:aws:ec2:eu-west-1:869935088019:subnet/subnet-0de34507be39a45a2",
            "assign_ipv6_address_on_creation": false,
            "availability_zone": "eu-west-1a",
            "availability_zone_id": "euw1-az1",
            "cidr_block": "10.0.10.0/24",
            "customer_owned_ipv4_pool": "",
            "enable_dns64": false,
            "enable_lni_at_device_index": 0,
            "enable_resource_name_dns_a_record_on_launch": false,
            "enable_resource_name_dns_aaaa_record_on_launch": false,
            "id": "subnet-0de34507be39a45a2",
            "ipv6_cidr_block": "",
            "ipv6_cidr_block_association_id": "",
            "ipv6_native": false,
            "map_customer_owned_ip_on_launch": false,
            "map_public_ip_on_launch": false,
            "outpost_arn": "",
            "owner_id": "869935088019",
            "private_dns_hostname_type_on_launch": "ip-name",
            "tags": {
              "Name": "pet-store-dev-private-subnet-1",
              "Type": "Private"
            },
            "tags_all": {
              "Environment": "dev",
              "ManagedBy": "terraform",
              "Name": "pet-store-dev-private-subnet-1",
              "Project": "pet-store-microservices",
              "Type": "Private"
            },
            "timeouts": null,
            "vpc_id": "vpc-0182f952f34107fa3"
          },
          "sensitive_attributes": [],
          "identity_schema_version": 0,
          "private": "eyJlMmJmYjczMC1lY2FhLTExZTYtOGY4OC0zNDM2M2JjN2M0YzAiOnsiY3JlYXRlIjo2MDAwMDAwMDAwMDAsImRlbGV0ZSI6MTIwMDAwMDAwMDAwMH0sInNjaGVtYV92ZXJzaW9uIjoiMSJ9",
          "dependencies": [
            "module.vpc.aws_vpc.main"
          ],
          "create_before_destroy": true
        },
        {
          "index_key": 1,
          "schema_version": 1,
          "attributes": {
            "arn": "arn:aws:ec2:eu-west-1:869935088019:subnet/subnet-03b183a6612919320",
            "assign_ipv6_address_on_creation": false,
            "availability_zone": "eu-west-1b",
            "availability_zone_id": "euw1-az2",
            "cidr_block": "10.0.11.0/24",
            "customer_owned_ipv4_pool": "",
            "enable_dns64": false,
            "enable_lni_at_device_index": 0,
            "enable_resource_name_dns_a_record_on_launch": false,
            "enable_resource_name_dns_aaaa_record_on_launch": false,
            "id": "subnet-03b183a6612919320",
            "ipv6_cidr_block": "",
            "ipv6_cidr_block_association_id": "",
            "ipv6_native": false,
            "map_customer_owned_ip_on_launch": false,
            "map_public_ip_on_launch": false,
            "outpost_arn": "",
            "owner_id": "869935088019",
            "private_dns_hostname_type_on_launch": "ip-name",
            "tags": {
              "Name": "pet-store-dev-private-subnet-2",
              "Type": "Private"
            },
            "tags_all": {
              "Environment": "dev",
              "ManagedBy": "terraform",
              "Name": "pet-store-dev-private-subnet-2",
              "Project": "pet-store-microservices",
              "Type": "Private"
            },
            "timeouts": null,
            "vpc_id": "vpc-0182f952f34107fa3"
          },
          "sensitive_attributes": [],
          "identity_schema_version": 0,
          "private": "eyJlMmJmYjczMC1lY2FhLTExZTYtOGY4OC0zNDM2M2JjN2M0YzAiOnsiY3JlYXRlIjo2MDAwMDAwMDAwMDAsImRlbGV0ZSI6MTIwMDAwMDAwMDAwMH0sInNjaGVtYV92ZXJzaW9uIjoiMSJ9",
          "dependencies": [
            "module.vpc.aws_vpc.main"
          ],
          "create_before_destroy": true
        }
      ]
    },
    {
      "module": "module.vpc",
      "mode": "managed",
      "type": "aws_subnet",
      "name": "public",
      "provider": "provider[\"registry.terraform.io/hashicorp/aws\"]",
      "instances": [
        {
          "index_key": 0,
          "schema_version": 1,
          "attributes": {
            "arn": "arn:aws:ec2:eu-west-1:869935088019:subnet/subnet-06ffa05d8f2feebab",
            "assign_ipv6_address_on_creation": false,
            "availability_zone": "eu-west-1a",
            "availability_zone_id": "euw1-az1",
            "cidr_block": "10.0.0.0/24",
            "customer_owned_ipv4_pool": "",
            "enable_dns64": false,
            "enable_lni_at_device_index": 0,
            "enable_resource_name_dns_a_record_on_launch": false,
            "enable_resource_name_dns_aaaa_record_on_launch": false,
            "id": "subnet-06ffa05d8f2feebab",
            "ipv6_cidr_block": "",
            "ipv6_cidr_block_association_id": "",
            "ipv6_native": false,
            "map_customer_owned_ip_on_launch": false,
            "map_public_ip_on_launch": true,
            "outpost_arn": "",
            "owner_id": "869935088019",
            "private_dns_hostname_type_on_launch": "ip-name",
            "tags": {
              "Name": "pet-store-dev-public-subnet-1",
              "Type": "Public"
            },
            "tags_all": {
              "Environment": "dev",
              "ManagedBy": "terraform",
              "Name": "pet-store-dev-public-subnet-1",
              "Project": "pet-store-microservices",
              "Type": "Public"
            },
            "timeouts": null,
            "vpc_id": "vpc-0182f952f34107fa3"
          },
          "sensitive_attributes": [],
          "identity_schema_version": 0,
          "private": "eyJlMmJmYjczMC1lY2FhLTExZTYtOGY4OC0zNDM2M2JjN2M0YzAiOnsiY3JlYXRlIjo2MDAwMDAwMDAwMDAsImRlbGV0ZSI6MTIwMDAwMDAwMDAwMH0sInNjaGVtYV92ZXJzaW9uIjoiMSJ9",
          "dependencies": [
            "module.vpc.aws_vpc.main"
          ],
          "create_before_destroy": true
        },
        {
          "index_key": 1,
          "schema_version": 1,
          "attributes": {
            "arn": "arn:aws:ec2:eu-west-1:869935088019:subnet/subnet-03d10389e9cb898d2",
            "assign_ipv6_address_on_creation": false,
            "availability_zone": "eu-west-1b",
            "availability_zone_id": "euw1-az2",
            "cidr_block": "10.0.1.0/24",
            "customer_owned_ipv4_pool": "",
            "enable_dns64": false,
            "enable_lni_at_device_index": 0,
            "enable_resource_name_dns_a_record_on_launch": false,
            "enable_resource_name_dns_aaaa_record_on_launch": false,
            "id": "subnet-03d10389e9cb898d2",
            "ipv6_cidr_block": "",
            "ipv6_cidr_block_association_id": "",
            "ipv6_native": false,
            "map_customer_owned_ip_on_launch": false,
            "map_public_ip_on_launch": true,
            "outpost_arn": "",
            "owner_id": "869935088019",
            "private_dns_hostname_type_on_launch": "ip-name",
            "tags": {
              "Name": "pet-store-dev-public-subnet-2",
              "Type": "Public"
            },
            "tags_all": {
              "Environment": "dev",
              "ManagedBy": "terraform",
              "Name": "pet-store-dev-public-subnet-2",
              "Project": "pet-store-microservices",
              "Type": "Public"
            },
            "timeouts": null,
            "vpc_id": "vpc-0182f952f34107fa3"
          },
          "sensitive_attributes": [],
          "identity_schema_version": 0,
          "private": "eyJlMmJmYjczMC1lY2FhLTExZTYtOGY4OC0zNDM2M2JjN2M0YzAiOnsiY3JlYXRlIjo2MDAwMDAwMDAwMDAsImRlbGV0ZSI6MTIwMDAwMDAwMDAwMH0sInNjaGVtYV92ZXJzaW9uIjoiMSJ9",
          "dependencies": [
            "module.vpc.aws_vpc.main"
          ],
          "create_before_destroy": true
        }
      ]
    },
    {
      "module": "module.vpc",
      "mode": "managed",
      "type": "aws_vpc",
      "name": "main",
      "provider": "provider[\"registry.terraform.io/hashicorp/aws\"]",
      "instances": [
        {
          "schema_version": 1,
          "attributes": {
            "arn": "arn:aws:ec2:eu-west-1:869935088019:vpc/vpc-0182f952f34107fa3",
            "assign_generated_ipv6_cidr_block": false,
            "cidr_block": "10.0.0.0/16",
            "default_network_acl_id": "acl-076e3523de5ad7539",
            "default_route_table_id": "rtb-07fb4803f3a647401",
            "default_security_group_id": "sg-07a9c13e200aa7192",
            "dhcp_options_id": "dopt-0eaf07223c6f1c8ca",
            "enable_dns_hostnames": true,
            "enable_dns_support": true,
            "enable_network_address_usage_metrics": false,
            "id": "vpc-0182f952f34107fa3",
            "instance_tenancy": "default",
            "ipv4_ipam_pool_id": null,
            "ipv4_netmask_length": null,
            "ipv6_association_id": "",
            "ipv6_cidr_block": "",
            "ipv6_cidr_block_network_border_group": "",
            "ipv6_ipam_pool_id": "",
            "ipv6_netmask_length": 0,
            "main_route_table_id": "rtb-07fb4803f3a647401",
            "owner_id": "869935088019",
            "tags": {
              "Name": "pet-store-dev-vpc"
            },
            "tags_all": {
              "Environment": "dev",
              "ManagedBy": "terraform",
              "Name": "pet-store-dev-vpc",
              "Project": "pet-store-microservices"
            }
          },
          "sensitive_attributes": [],
          "identity_schema_version": 0,
          "private": "eyJzY2hlbWFfdmVyc2lvbiI6IjEifQ==",
          "create_before_destroy": true
        }
      ]
    }
  ],
  "check_results": [
    {
      "object_kind": "var",
      "config_addr": "module.ecr.var.encryption_type",
      "status": "pass",
      "objects": [
        {
          "object_addr": "module.ecr.var.encryption_type",
          "status": "pass"
        }
      ]
    }
  ]
}
